
Microsoft Visual Studio Solution File, Format Version 12.00
# Visual Studio Version 16
VisualStudioVersion = 16.0.29001.49
MinimumVisualStudioVersion = 10.0.40219.1
Project("{2150E333-8FDC-42A3-9474-1A3956D46DE8}") = "WebJob", "WebJob", "{B855EBA7-B3E9-4453-AF53-E0A035413810}"
EndProject
Project("{2150E333-8FDC-42A3-9474-1A3956D46DE8}") = "Mobile", "Mobile", "{4958F175-82C8-487A-A19C-236B50FA7F0E}"
EndProject
Project("{FAE04EC0-301F-11D3-BF4B-00C04F79EFBC}") = "DictaFoule.Mobile.iOS", "DictaFoule.Mobile\DictaFoule.Mobile.iOS\DictaFoule.Mobile.iOS.csproj", "{7C5F116A-9F97-4C75-A75A-E6DC48C3D968}"
EndProject
Project("{2150E333-8FDC-42A3-9474-1A3956D46DE8}") = "Test", "Test", "{A6260003-4FBC-4C12-BDDF-9A2D8A726A07}"
EndProject
Project("{9344BDBB-3E7F-41FC-A0DD-8665D75EE146}") = "DictaFoule.Web", "DictaFoule.Web\DictaFoule.Web.csproj", "{4AA0200C-465D-4DC7-8C36-BC4A25E34A69}"
EndProject
Project("{9344BDBB-3E7F-41FC-A0DD-8665D75EE146}") = "SoundCut.WebJob", "WebJob\SoundCut.WebJob\SoundCut.WebJob.csproj", "{34E00B8E-9F50-48DF-B39B-DC8FCE38FBC6}"
EndProject
Project("{9344BDBB-3E7F-41FC-A0DD-8665D75EE146}") = "SpeechToText.WebJob", "WebJob\SpeechToText.WebJob\SpeechToText.WebJob.csproj", "{72F4EEB2-DE7A-4C2B-A49C-11251783284D}"
EndProject
Project("{9344BDBB-3E7F-41FC-A0DD-8665D75EE146}") = "TextToTask.WebJob", "TextToTask\TextToTask.WebJob.csproj", "{F1CEB39A-8C59-4F22-8A93-88E94359797B}"
EndProject
Project("{9344BDBB-3E7F-41FC-A0DD-8665D75EE146}") = "TaskToDoc.WebJob", "TaskToDoc.WebJob\TaskToDoc.WebJob.csproj", "{E1826938-623E-48C8-8070-CBFACD1A03CB}"
EndProject
Project("{9344BDBB-3E7F-41FC-A0DD-8665D75EE146}") = "DictaFoule.Common", "DictaFoule.Common\DictaFoule.Common.csproj", "{4B0C730E-C204-4E66-8BF5-91BC49987D06}"
EndProject
Project("{9344BDBB-3E7F-41FC-A0DD-8665D75EE146}") = "DictaFoule.API", "DictaFoule.API\DictaFoule.API.csproj", "{7F961CC3-05F1-42AC-9F5A-A7B98253E591}"
EndProject
Project("{9344BDBB-3E7F-41FC-A0DD-8665D75EE146}") = "DictaFoule.Mobile.UWP", "DictaFoule.Mobile\DictaFoule.Mobile.UWP\DictaFoule.Mobile.UWP.csproj", "{11DFE9BA-73DC-4BF1-9AEC-33258E80AF06}"
EndProject
Project("{9344BDBB-3E7F-41FC-A0DD-8665D75EE146}") = "DictaFoule.Mobile", "DictaFoule.Mobile\DictaFoule.Mobile\DictaFoule.Mobile.shproj", "{54130B01-3BA7-4A59-BD92-6CD50571D394}"
EndProject
Project("{FAE04EC0-301F-11D3-BF4B-00C04F79EFBC}") = "Dictafoule.Mobile.IOS.Test", "DictaFoule.Mobile\Dictafoule.Mobile.IOS.Test\Dictafoule.Mobile.IOS.Test.csproj", "{289DE9DA-6FFD-4827-86D2-7B5F4C4460AA}"
EndProject
Project("{FAE04EC0-301F-11D3-BF4B-00C04F79EFBC}") = "Dictafoule.Web.Test", "Test\Dictafoule.Web.Test\Dictafoule.Web.Test.csproj", "{CFC6E779-3EC7-4789-927D-C929E65F7E23}"
EndProject
Project("{9344BDBB-3E7F-41FC-A0DD-8665D75EE146}") = "Dictafoule.Api.Test", "Test\Dictafoule.Api.Test\Dictafoule.Api.Test.csproj", "{99404F78-19D1-48B2-98D8-039B95F14C35}"
EndProject
Project("{9344BDBB-3E7F-41FC-A0DD-8665D75EE146}") = "Dictafoule.Db", "Dictafoule.Db\Dictafoule.Db.sqlproj", "{032A85C6-BB30-46DA-95F7-0EFD534CEB99}"
EndProject
Global
	GlobalSection(SharedMSBuildProjectFiles) = preSolution
		DictaFoule.Mobile\DictaFoule.Mobile\DictaFoule.Mobile.projitems*{a721f12f-fef0-4f6b-9353-65168a26f5a7}*SharedItemsImports = 13
		DictaFoule.Mobile\DictaFoule.Mobile\DictaFoule.Mobile.projitems*{ac402422-5b5b-49c3-9581-c8b3021c6056}*SharedItemsImports = 4
	EndGlobalSection
	GlobalSection(SolutionConfigurationPlatforms) = preSolution
		Ad-Hoc|Any CPU = Ad-Hoc|Any CPU
		Ad-Hoc|ARM = Ad-Hoc|ARM
		Ad-Hoc|iPhone = Ad-Hoc|iPhone
		Ad-Hoc|iPhoneSimulator = Ad-Hoc|iPhoneSimulator
		Ad-Hoc|x64 = Ad-Hoc|x64
		Ad-Hoc|x86 = Ad-Hoc|x86
		AppStore|Any CPU = AppStore|Any CPU
		AppStore|ARM = AppStore|ARM
		AppStore|iPhone = AppStore|iPhone
		AppStore|iPhoneSimulator = AppStore|iPhoneSimulator
		AppStore|x64 = AppStore|x64
		AppStore|x86 = AppStore|x86
		Debug|Any CPU = Debug|Any CPU
		Debug|ARM = Debug|ARM
		Debug|iPhone = Debug|iPhone
		Debug|iPhoneSimulator = Debug|iPhoneSimulator
		Debug|x64 = Debug|x64
		Debug|x86 = Debug|x86
		Release|Any CPU = Release|Any CPU
		Release|ARM = Release|ARM
		Release|iPhone = Release|iPhone
		Release|iPhoneSimulator = Release|iPhoneSimulator
		Release|x64 = Release|x64
		Release|x86 = Release|x86
	EndGlobalSection
	GlobalSection(ProjectConfigurationPlatforms) = postSolution
		{7C5F116A-9F97-4C75-A75A-E6DC48C3D968}.Ad-Hoc|Any CPU.ActiveCfg = Release|iPhone
		{7C5F116A-9F97-4C75-A75A-E6DC48C3D968}.Ad-Hoc|Any CPU.Build.0 = Release|iPhone
		{7C5F116A-9F97-4C75-A75A-E6DC48C3D968}.Ad-Hoc|ARM.ActiveCfg = Release|iPhone
		{7C5F116A-9F97-4C75-A75A-E6DC48C3D968}.Ad-Hoc|ARM.Build.0 = Release|iPhone
		{7C5F116A-9F97-4C75-A75A-E6DC48C3D968}.Ad-Hoc|iPhone.ActiveCfg = Release|iPhone
		{7C5F116A-9F97-4C75-A75A-E6DC48C3D968}.Ad-Hoc|iPhone.Build.0 = Release|iPhone
		{7C5F116A-9F97-4C75-A75A-E6DC48C3D968}.Ad-Hoc|iPhoneSimulator.ActiveCfg = Release|iPhoneSimulator
		{7C5F116A-9F97-4C75-A75A-E6DC48C3D968}.Ad-Hoc|iPhoneSimulator.Build.0 = Release|iPhoneSimulator
		{7C5F116A-9F97-4C75-A75A-E6DC48C3D968}.Ad-Hoc|x64.ActiveCfg = Release|iPhone
		{7C5F116A-9F97-4C75-A75A-E6DC48C3D968}.Ad-Hoc|x64.Build.0 = Release|iPhone
		{7C5F116A-9F97-4C75-A75A-E6DC48C3D968}.Ad-Hoc|x86.ActiveCfg = Release|iPhone
		{7C5F116A-9F97-4C75-A75A-E6DC48C3D968}.Ad-Hoc|x86.Build.0 = Release|iPhone
		{7C5F116A-9F97-4C75-A75A-E6DC48C3D968}.AppStore|Any CPU.ActiveCfg = Release|iPhone
		{7C5F116A-9F97-4C75-A75A-E6DC48C3D968}.AppStore|Any CPU.Build.0 = Release|iPhone
		{7C5F116A-9F97-4C75-A75A-E6DC48C3D968}.AppStore|ARM.ActiveCfg = Release|iPhone
		{7C5F116A-9F97-4C75-A75A-E6DC48C3D968}.AppStore|ARM.Build.0 = Release|iPhone
		{7C5F116A-9F97-4C75-A75A-E6DC48C3D968}.AppStore|iPhone.ActiveCfg = Release|iPhone
		{7C5F116A-9F97-4C75-A75A-E6DC48C3D968}.AppStore|iPhone.Build.0 = Release|iPhone
		{7C5F116A-9F97-4C75-A75A-E6DC48C3D968}.AppStore|iPhoneSimulator.ActiveCfg = Release|iPhoneSimulator
		{7C5F116A-9F97-4C75-A75A-E6DC48C3D968}.AppStore|iPhoneSimulator.Build.0 = Release|iPhoneSimulator
		{7C5F116A-9F97-4C75-A75A-E6DC48C3D968}.AppStore|x64.ActiveCfg = Release|iPhone
		{7C5F116A-9F97-4C75-A75A-E6DC48C3D968}.AppStore|x64.Build.0 = Release|iPhone
		{7C5F116A-9F97-4C75-A75A-E6DC48C3D968}.AppStore|x86.ActiveCfg = Release|iPhone
		{7C5F116A-9F97-4C75-A75A-E6DC48C3D968}.AppStore|x86.Build.0 = Release|iPhone
		{7C5F116A-9F97-4C75-A75A-E6DC48C3D968}.Debug|Any CPU.ActiveCfg = Debug|iPhone
		{7C5F116A-9F97-4C75-A75A-E6DC48C3D968}.Debug|ARM.ActiveCfg = Debug|iPhone
		{7C5F116A-9F97-4C75-A75A-E6DC48C3D968}.Debug|iPhone.ActiveCfg = Debug|iPhone
		{7C5F116A-9F97-4C75-A75A-E6DC48C3D968}.Debug|iPhone.Build.0 = Debug|iPhone
		{7C5F116A-9F97-4C75-A75A-E6DC48C3D968}.Debug|iPhoneSimulator.ActiveCfg = Debug|iPhoneSimulator
		{7C5F116A-9F97-4C75-A75A-E6DC48C3D968}.Debug|iPhoneSimulator.Build.0 = Debug|iPhoneSimulator
		{7C5F116A-9F97-4C75-A75A-E6DC48C3D968}.Debug|x64.ActiveCfg = Debug|iPhone
		{7C5F116A-9F97-4C75-A75A-E6DC48C3D968}.Debug|x86.ActiveCfg = Debug|iPhone
		{7C5F116A-9F97-4C75-A75A-E6DC48C3D968}.Release|Any CPU.ActiveCfg = Release|iPhone
		{7C5F116A-9F97-4C75-A75A-E6DC48C3D968}.Release|ARM.ActiveCfg = Release|iPhone
		{7C5F116A-9F97-4C75-A75A-E6DC48C3D968}.Release|iPhone.ActiveCfg = Release|iPhone
		{7C5F116A-9F97-4C75-A75A-E6DC48C3D968}.Release|iPhone.Build.0 = Release|iPhone
		{7C5F116A-9F97-4C75-A75A-E6DC48C3D968}.Release|iPhoneSimulator.ActiveCfg = Release|iPhoneSimulator
		{7C5F116A-9F97-4C75-A75A-E6DC48C3D968}.Release|iPhoneSimulator.Build.0 = Release|iPhoneSimulator
		{7C5F116A-9F97-4C75-A75A-E6DC48C3D968}.Release|x64.ActiveCfg = Release|iPhone
		{7C5F116A-9F97-4C75-A75A-E6DC48C3D968}.Release|x86.ActiveCfg = Release|iPhone
		{4AA0200C-465D-4DC7-8C36-BC4A25E34A69}.Ad-Hoc|Any CPU.ActiveCfg = Release|Any CPU
		{4AA0200C-465D-4DC7-8C36-BC4A25E34A69}.Ad-Hoc|Any CPU.Build.0 = Release|Any CPU
		{4AA0200C-465D-4DC7-8C36-BC4A25E34A69}.Ad-Hoc|ARM.ActiveCfg = Release|Any CPU
		{4AA0200C-465D-4DC7-8C36-BC4A25E34A69}.Ad-Hoc|ARM.Build.0 = Release|Any CPU
		{4AA0200C-465D-4DC7-8C36-BC4A25E34A69}.Ad-Hoc|iPhone.ActiveCfg = Release|Any CPU
		{4AA0200C-465D-4DC7-8C36-BC4A25E34A69}.Ad-Hoc|iPhone.Build.0 = Release|Any CPU
		{4AA0200C-465D-4DC7-8C36-BC4A25E34A69}.Ad-Hoc|iPhoneSimulator.ActiveCfg = Release|Any CPU
		{4AA0200C-465D-4DC7-8C36-BC4A25E34A69}.Ad-Hoc|iPhoneSimulator.Build.0 = Release|Any CPU
		{4AA0200C-465D-4DC7-8C36-BC4A25E34A69}.Ad-Hoc|x64.ActiveCfg = Release|Any CPU
		{4AA0200C-465D-4DC7-8C36-BC4A25E34A69}.Ad-Hoc|x64.Build.0 = Release|Any CPU
		{4AA0200C-465D-4DC7-8C36-BC4A25E34A69}.Ad-Hoc|x86.ActiveCfg = Release|Any CPU
		{4AA0200C-465D-4DC7-8C36-BC4A25E34A69}.Ad-Hoc|x86.Build.0 = Release|Any CPU
		{4AA0200C-465D-4DC7-8C36-BC4A25E34A69}.AppStore|Any CPU.ActiveCfg = Release|Any CPU
		{4AA0200C-465D-4DC7-8C36-BC4A25E34A69}.AppStore|Any CPU.Build.0 = Release|Any CPU
		{4AA0200C-465D-4DC7-8C36-BC4A25E34A69}.AppStore|ARM.ActiveCfg = Release|Any CPU
		{4AA0200C-465D-4DC7-8C36-BC4A25E34A69}.AppStore|ARM.Build.0 = Release|Any CPU
		{4AA0200C-465D-4DC7-8C36-BC4A25E34A69}.AppStore|iPhone.ActiveCfg = Release|Any CPU
		{4AA0200C-465D-4DC7-8C36-BC4A25E34A69}.AppStore|iPhone.Build.0 = Release|Any CPU
		{4AA0200C-465D-4DC7-8C36-BC4A25E34A69}.AppStore|iPhoneSimulator.ActiveCfg = Release|Any CPU
		{4AA0200C-465D-4DC7-8C36-BC4A25E34A69}.AppStore|iPhoneSimulator.Build.0 = Release|Any CPU
		{4AA0200C-465D-4DC7-8C36-BC4A25E34A69}.AppStore|x64.ActiveCfg = Release|Any CPU
		{4AA0200C-465D-4DC7-8C36-BC4A25E34A69}.AppStore|x64.Build.0 = Release|Any CPU
		{4AA0200C-465D-4DC7-8C36-BC4A25E34A69}.AppStore|x86.ActiveCfg = Release|Any CPU
		{4AA0200C-465D-4DC7-8C36-BC4A25E34A69}.AppStore|x86.Build.0 = Release|Any CPU
		{4AA0200C-465D-4DC7-8C36-BC4A25E34A69}.Debug|Any CPU.ActiveCfg = Debug|Any CPU
		{4AA0200C-465D-4DC7-8C36-BC4A25E34A69}.Debug|Any CPU.Build.0 = Debug|Any CPU
		{4AA0200C-465D-4DC7-8C36-BC4A25E34A69}.Debug|ARM.ActiveCfg = Debug|Any CPU
		{4AA0200C-465D-4DC7-8C36-BC4A25E34A69}.Debug|ARM.Build.0 = Debug|Any CPU
		{4AA0200C-465D-4DC7-8C36-BC4A25E34A69}.Debug|iPhone.ActiveCfg = Debug|Any CPU
		{4AA0200C-465D-4DC7-8C36-BC4A25E34A69}.Debug|iPhone.Build.0 = Debug|Any CPU
		{4AA0200C-465D-4DC7-8C36-BC4A25E34A69}.Debug|iPhoneSimulator.ActiveCfg = Debug|Any CPU
		{4AA0200C-465D-4DC7-8C36-BC4A25E34A69}.Debug|iPhoneSimulator.Build.0 = Debug|Any CPU
		{4AA0200C-465D-4DC7-8C36-BC4A25E34A69}.Debug|x64.ActiveCfg = Debug|Any CPU
		{4AA0200C-465D-4DC7-8C36-BC4A25E34A69}.Debug|x64.Build.0 = Debug|Any CPU
		{4AA0200C-465D-4DC7-8C36-BC4A25E34A69}.Debug|x86.ActiveCfg = Debug|Any CPU
		{4AA0200C-465D-4DC7-8C36-BC4A25E34A69}.Debug|x86.Build.0 = Debug|Any CPU
		{4AA0200C-465D-4DC7-8C36-BC4A25E34A69}.Release|Any CPU.ActiveCfg = Release|Any CPU
		{4AA0200C-465D-4DC7-8C36-BC4A25E34A69}.Release|Any CPU.Build.0 = Release|Any CPU
		{4AA0200C-465D-4DC7-8C36-BC4A25E34A69}.Release|ARM.ActiveCfg = Release|Any CPU
		{4AA0200C-465D-4DC7-8C36-BC4A25E34A69}.Release|ARM.Build.0 = Release|Any CPU
		{4AA0200C-465D-4DC7-8C36-BC4A25E34A69}.Release|iPhone.ActiveCfg = Release|Any CPU
		{4AA0200C-465D-4DC7-8C36-BC4A25E34A69}.Release|iPhone.Build.0 = Release|Any CPU
		{4AA0200C-465D-4DC7-8C36-BC4A25E34A69}.Release|iPhoneSimulator.ActiveCfg = Release|Any CPU
		{4AA0200C-465D-4DC7-8C36-BC4A25E34A69}.Release|iPhoneSimulator.Build.0 = Release|Any CPU
		{4AA0200C-465D-4DC7-8C36-BC4A25E34A69}.Release|x64.ActiveCfg = Release|Any CPU
		{4AA0200C-465D-4DC7-8C36-BC4A25E34A69}.Release|x64.Build.0 = Release|Any CPU
		{4AA0200C-465D-4DC7-8C36-BC4A25E34A69}.Release|x86.ActiveCfg = Release|Any CPU
		{4AA0200C-465D-4DC7-8C36-BC4A25E34A69}.Release|x86.Build.0 = Release|Any CPU
		{34E00B8E-9F50-48DF-B39B-DC8FCE38FBC6}.Ad-Hoc|Any CPU.ActiveCfg = Release|Any CPU
		{34E00B8E-9F50-48DF-B39B-DC8FCE38FBC6}.Ad-Hoc|Any CPU.Build.0 = Release|Any CPU
		{34E00B8E-9F50-48DF-B39B-DC8FCE38FBC6}.Ad-Hoc|ARM.ActiveCfg = Release|Any CPU
		{34E00B8E-9F50-48DF-B39B-DC8FCE38FBC6}.Ad-Hoc|ARM.Build.0 = Release|Any CPU
		{34E00B8E-9F50-48DF-B39B-DC8FCE38FBC6}.Ad-Hoc|iPhone.ActiveCfg = Release|Any CPU
		{34E00B8E-9F50-48DF-B39B-DC8FCE38FBC6}.Ad-Hoc|iPhone.Build.0 = Release|Any CPU
		{34E00B8E-9F50-48DF-B39B-DC8FCE38FBC6}.Ad-Hoc|iPhoneSimulator.ActiveCfg = Release|Any CPU
		{34E00B8E-9F50-48DF-B39B-DC8FCE38FBC6}.Ad-Hoc|iPhoneSimulator.Build.0 = Release|Any CPU
		{34E00B8E-9F50-48DF-B39B-DC8FCE38FBC6}.Ad-Hoc|x64.ActiveCfg = Release|Any CPU
		{34E00B8E-9F50-48DF-B39B-DC8FCE38FBC6}.Ad-Hoc|x64.Build.0 = Release|Any CPU
		{34E00B8E-9F50-48DF-B39B-DC8FCE38FBC6}.Ad-Hoc|x86.ActiveCfg = Release|Any CPU
		{34E00B8E-9F50-48DF-B39B-DC8FCE38FBC6}.Ad-Hoc|x86.Build.0 = Release|Any CPU
		{34E00B8E-9F50-48DF-B39B-DC8FCE38FBC6}.AppStore|Any CPU.ActiveCfg = Release|Any CPU
		{34E00B8E-9F50-48DF-B39B-DC8FCE38FBC6}.AppStore|Any CPU.Build.0 = Release|Any CPU
		{34E00B8E-9F50-48DF-B39B-DC8FCE38FBC6}.AppStore|ARM.ActiveCfg = Release|Any CPU
		{34E00B8E-9F50-48DF-B39B-DC8FCE38FBC6}.AppStore|ARM.Build.0 = Release|Any CPU
		{34E00B8E-9F50-48DF-B39B-DC8FCE38FBC6}.AppStore|iPhone.ActiveCfg = Release|Any CPU
		{34E00B8E-9F50-48DF-B39B-DC8FCE38FBC6}.AppStore|iPhone.Build.0 = Release|Any CPU
		{34E00B8E-9F50-48DF-B39B-DC8FCE38FBC6}.AppStore|iPhoneSimulator.ActiveCfg = Release|Any CPU
		{34E00B8E-9F50-48DF-B39B-DC8FCE38FBC6}.AppStore|iPhoneSimulator.Build.0 = Release|Any CPU
		{34E00B8E-9F50-48DF-B39B-DC8FCE38FBC6}.AppStore|x64.ActiveCfg = Release|Any CPU
		{34E00B8E-9F50-48DF-B39B-DC8FCE38FBC6}.AppStore|x64.Build.0 = Release|Any CPU
		{34E00B8E-9F50-48DF-B39B-DC8FCE38FBC6}.AppStore|x86.ActiveCfg = Release|Any CPU
		{34E00B8E-9F50-48DF-B39B-DC8FCE38FBC6}.AppStore|x86.Build.0 = Release|Any CPU
		{34E00B8E-9F50-48DF-B39B-DC8FCE38FBC6}.Debug|Any CPU.ActiveCfg = Debug|Any CPU
		{34E00B8E-9F50-48DF-B39B-DC8FCE38FBC6}.Debug|Any CPU.Build.0 = Debug|Any CPU
		{34E00B8E-9F50-48DF-B39B-DC8FCE38FBC6}.Debug|ARM.ActiveCfg = Debug|Any CPU
		{34E00B8E-9F50-48DF-B39B-DC8FCE38FBC6}.Debug|ARM.Build.0 = Debug|Any CPU
		{34E00B8E-9F50-48DF-B39B-DC8FCE38FBC6}.Debug|iPhone.ActiveCfg = Debug|Any CPU
		{34E00B8E-9F50-48DF-B39B-DC8FCE38FBC6}.Debug|iPhone.Build.0 = Debug|Any CPU
		{34E00B8E-9F50-48DF-B39B-DC8FCE38FBC6}.Debug|iPhoneSimulator.ActiveCfg = Debug|Any CPU
		{34E00B8E-9F50-48DF-B39B-DC8FCE38FBC6}.Debug|iPhoneSimulator.Build.0 = Debug|Any CPU
		{34E00B8E-9F50-48DF-B39B-DC8FCE38FBC6}.Debug|x64.ActiveCfg = Debug|Any CPU
		{34E00B8E-9F50-48DF-B39B-DC8FCE38FBC6}.Debug|x64.Build.0 = Debug|Any CPU
		{34E00B8E-9F50-48DF-B39B-DC8FCE38FBC6}.Debug|x86.ActiveCfg = Debug|Any CPU
		{34E00B8E-9F50-48DF-B39B-DC8FCE38FBC6}.Debug|x86.Build.0 = Debug|Any CPU
		{34E00B8E-9F50-48DF-B39B-DC8FCE38FBC6}.Release|Any CPU.ActiveCfg = Release|Any CPU
		{34E00B8E-9F50-48DF-B39B-DC8FCE38FBC6}.Release|Any CPU.Build.0 = Release|Any CPU
		{34E00B8E-9F50-48DF-B39B-DC8FCE38FBC6}.Release|ARM.ActiveCfg = Release|Any CPU
		{34E00B8E-9F50-48DF-B39B-DC8FCE38FBC6}.Release|ARM.Build.0 = Release|Any CPU
		{34E00B8E-9F50-48DF-B39B-DC8FCE38FBC6}.Release|iPhone.ActiveCfg = Release|Any CPU
		{34E00B8E-9F50-48DF-B39B-DC8FCE38FBC6}.Release|iPhone.Build.0 = Release|Any CPU
		{34E00B8E-9F50-48DF-B39B-DC8FCE38FBC6}.Release|iPhoneSimulator.ActiveCfg = Release|Any CPU
		{34E00B8E-9F50-48DF-B39B-DC8FCE38FBC6}.Release|iPhoneSimulator.Build.0 = Release|Any CPU
		{34E00B8E-9F50-48DF-B39B-DC8FCE38FBC6}.Release|x64.ActiveCfg = Release|Any CPU
		{34E00B8E-9F50-48DF-B39B-DC8FCE38FBC6}.Release|x64.Build.0 = Release|Any CPU
		{34E00B8E-9F50-48DF-B39B-DC8FCE38FBC6}.Release|x86.ActiveCfg = Release|Any CPU
		{34E00B8E-9F50-48DF-B39B-DC8FCE38FBC6}.Release|x86.Build.0 = Release|Any CPU
		{72F4EEB2-DE7A-4C2B-A49C-11251783284D}.Ad-Hoc|Any CPU.ActiveCfg = Release|Any CPU
		{72F4EEB2-DE7A-4C2B-A49C-11251783284D}.Ad-Hoc|Any CPU.Build.0 = Release|Any CPU
		{72F4EEB2-DE7A-4C2B-A49C-11251783284D}.Ad-Hoc|ARM.ActiveCfg = Release|Any CPU
		{72F4EEB2-DE7A-4C2B-A49C-11251783284D}.Ad-Hoc|ARM.Build.0 = Release|Any CPU
		{72F4EEB2-DE7A-4C2B-A49C-11251783284D}.Ad-Hoc|iPhone.ActiveCfg = Release|Any CPU
		{72F4EEB2-DE7A-4C2B-A49C-11251783284D}.Ad-Hoc|iPhone.Build.0 = Release|Any CPU
		{72F4EEB2-DE7A-4C2B-A49C-11251783284D}.Ad-Hoc|iPhoneSimulator.ActiveCfg = Release|Any CPU
		{72F4EEB2-DE7A-4C2B-A49C-11251783284D}.Ad-Hoc|iPhoneSimulator.Build.0 = Release|Any CPU
		{72F4EEB2-DE7A-4C2B-A49C-11251783284D}.Ad-Hoc|x64.ActiveCfg = Release|Any CPU
		{72F4EEB2-DE7A-4C2B-A49C-11251783284D}.Ad-Hoc|x64.Build.0 = Release|Any CPU
		{72F4EEB2-DE7A-4C2B-A49C-11251783284D}.Ad-Hoc|x86.ActiveCfg = Release|Any CPU
		{72F4EEB2-DE7A-4C2B-A49C-11251783284D}.Ad-Hoc|x86.Build.0 = Release|Any CPU
		{72F4EEB2-DE7A-4C2B-A49C-11251783284D}.AppStore|Any CPU.ActiveCfg = Release|Any CPU
		{72F4EEB2-DE7A-4C2B-A49C-11251783284D}.AppStore|Any CPU.Build.0 = Release|Any CPU
		{72F4EEB2-DE7A-4C2B-A49C-11251783284D}.AppStore|ARM.ActiveCfg = Release|Any CPU
		{72F4EEB2-DE7A-4C2B-A49C-11251783284D}.AppStore|ARM.Build.0 = Release|Any CPU
		{72F4EEB2-DE7A-4C2B-A49C-11251783284D}.AppStore|iPhone.ActiveCfg = Release|Any CPU
		{72F4EEB2-DE7A-4C2B-A49C-11251783284D}.AppStore|iPhone.Build.0 = Release|Any CPU
		{72F4EEB2-DE7A-4C2B-A49C-11251783284D}.AppStore|iPhoneSimulator.ActiveCfg = Release|Any CPU
		{72F4EEB2-DE7A-4C2B-A49C-11251783284D}.AppStore|iPhoneSimulator.Build.0 = Release|Any CPU
		{72F4EEB2-DE7A-4C2B-A49C-11251783284D}.AppStore|x64.ActiveCfg = Release|Any CPU
		{72F4EEB2-DE7A-4C2B-A49C-11251783284D}.AppStore|x64.Build.0 = Release|Any CPU
		{72F4EEB2-DE7A-4C2B-A49C-11251783284D}.AppStore|x86.ActiveCfg = Release|Any CPU
		{72F4EEB2-DE7A-4C2B-A49C-11251783284D}.AppStore|x86.Build.0 = Release|Any CPU
		{72F4EEB2-DE7A-4C2B-A49C-11251783284D}.Debug|Any CPU.ActiveCfg = Debug|Any CPU
		{72F4EEB2-DE7A-4C2B-A49C-11251783284D}.Debug|Any CPU.Build.0 = Debug|Any CPU
		{72F4EEB2-DE7A-4C2B-A49C-11251783284D}.Debug|ARM.ActiveCfg = Debug|Any CPU
		{72F4EEB2-DE7A-4C2B-A49C-11251783284D}.Debug|ARM.Build.0 = Debug|Any CPU
		{72F4EEB2-DE7A-4C2B-A49C-11251783284D}.Debug|iPhone.ActiveCfg = Debug|Any CPU
		{72F4EEB2-DE7A-4C2B-A49C-11251783284D}.Debug|iPhone.Build.0 = Debug|Any CPU
		{72F4EEB2-DE7A-4C2B-A49C-11251783284D}.Debug|iPhoneSimulator.ActiveCfg = Debug|Any CPU
		{72F4EEB2-DE7A-4C2B-A49C-11251783284D}.Debug|iPhoneSimulator.Build.0 = Debug|Any CPU
		{72F4EEB2-DE7A-4C2B-A49C-11251783284D}.Debug|x64.ActiveCfg = Debug|Any CPU
		{72F4EEB2-DE7A-4C2B-A49C-11251783284D}.Debug|x64.Build.0 = Debug|Any CPU
		{72F4EEB2-DE7A-4C2B-A49C-11251783284D}.Debug|x86.ActiveCfg = Debug|Any CPU
		{72F4EEB2-DE7A-4C2B-A49C-11251783284D}.Debug|x86.Build.0 = Debug|Any CPU
		{72F4EEB2-DE7A-4C2B-A49C-11251783284D}.Release|Any CPU.ActiveCfg = Release|Any CPU
		{72F4EEB2-DE7A-4C2B-A49C-11251783284D}.Release|Any CPU.Build.0 = Release|Any CPU
		{72F4EEB2-DE7A-4C2B-A49C-11251783284D}.Release|ARM.ActiveCfg = Release|Any CPU
		{72F4EEB2-DE7A-4C2B-A49C-11251783284D}.Release|ARM.Build.0 = Release|Any CPU
		{72F4EEB2-DE7A-4C2B-A49C-11251783284D}.Release|iPhone.ActiveCfg = Release|Any CPU
		{72F4EEB2-DE7A-4C2B-A49C-11251783284D}.Release|iPhone.Build.0 = Release|Any CPU
		{72F4EEB2-DE7A-4C2B-A49C-11251783284D}.Release|iPhoneSimulator.ActiveCfg = Release|Any CPU
		{72F4EEB2-DE7A-4C2B-A49C-11251783284D}.Release|iPhoneSimulator.Build.0 = Release|Any CPU
		{72F4EEB2-DE7A-4C2B-A49C-11251783284D}.Release|x64.ActiveCfg = Release|Any CPU
		{72F4EEB2-DE7A-4C2B-A49C-11251783284D}.Release|x64.Build.0 = Release|Any CPU
		{72F4EEB2-DE7A-4C2B-A49C-11251783284D}.Release|x86.ActiveCfg = Release|Any CPU
		{72F4EEB2-DE7A-4C2B-A49C-11251783284D}.Release|x86.Build.0 = Release|Any CPU
		{F1CEB39A-8C59-4F22-8A93-88E94359797B}.Ad-Hoc|Any CPU.ActiveCfg = Release|Any CPU
		{F1CEB39A-8C59-4F22-8A93-88E94359797B}.Ad-Hoc|Any CPU.Build.0 = Release|Any CPU
		{F1CEB39A-8C59-4F22-8A93-88E94359797B}.Ad-Hoc|ARM.ActiveCfg = Release|Any CPU
		{F1CEB39A-8C59-4F22-8A93-88E94359797B}.Ad-Hoc|ARM.Build.0 = Release|Any CPU
		{F1CEB39A-8C59-4F22-8A93-88E94359797B}.Ad-Hoc|iPhone.ActiveCfg = Release|Any CPU
		{F1CEB39A-8C59-4F22-8A93-88E94359797B}.Ad-Hoc|iPhone.Build.0 = Release|Any CPU
		{F1CEB39A-8C59-4F22-8A93-88E94359797B}.Ad-Hoc|iPhoneSimulator.ActiveCfg = Release|Any CPU
		{F1CEB39A-8C59-4F22-8A93-88E94359797B}.Ad-Hoc|iPhoneSimulator.Build.0 = Release|Any CPU
		{F1CEB39A-8C59-4F22-8A93-88E94359797B}.Ad-Hoc|x64.ActiveCfg = Release|Any CPU
		{F1CEB39A-8C59-4F22-8A93-88E94359797B}.Ad-Hoc|x64.Build.0 = Release|Any CPU
		{F1CEB39A-8C59-4F22-8A93-88E94359797B}.Ad-Hoc|x86.ActiveCfg = Release|Any CPU
		{F1CEB39A-8C59-4F22-8A93-88E94359797B}.Ad-Hoc|x86.Build.0 = Release|Any CPU
		{F1CEB39A-8C59-4F22-8A93-88E94359797B}.AppStore|Any CPU.ActiveCfg = Release|Any CPU
		{F1CEB39A-8C59-4F22-8A93-88E94359797B}.AppStore|Any CPU.Build.0 = Release|Any CPU
		{F1CEB39A-8C59-4F22-8A93-88E94359797B}.AppStore|ARM.ActiveCfg = Release|Any CPU
		{F1CEB39A-8C59-4F22-8A93-88E94359797B}.AppStore|ARM.Build.0 = Release|Any CPU
		{F1CEB39A-8C59-4F22-8A93-88E94359797B}.AppStore|iPhone.ActiveCfg = Release|Any CPU
		{F1CEB39A-8C59-4F22-8A93-88E94359797B}.AppStore|iPhone.Build.0 = Release|Any CPU
		{F1CEB39A-8C59-4F22-8A93-88E94359797B}.AppStore|iPhoneSimulator.ActiveCfg = Release|Any CPU
		{F1CEB39A-8C59-4F22-8A93-88E94359797B}.AppStore|iPhoneSimulator.Build.0 = Release|Any CPU
		{F1CEB39A-8C59-4F22-8A93-88E94359797B}.AppStore|x64.ActiveCfg = Release|Any CPU
		{F1CEB39A-8C59-4F22-8A93-88E94359797B}.AppStore|x64.Build.0 = Release|Any CPU
		{F1CEB39A-8C59-4F22-8A93-88E94359797B}.AppStore|x86.ActiveCfg = Release|Any CPU
		{F1CEB39A-8C59-4F22-8A93-88E94359797B}.AppStore|x86.Build.0 = Release|Any CPU
		{F1CEB39A-8C59-4F22-8A93-88E94359797B}.Debug|Any CPU.ActiveCfg = Debug|Any CPU
		{F1CEB39A-8C59-4F22-8A93-88E94359797B}.Debug|Any CPU.Build.0 = Debug|Any CPU
		{F1CEB39A-8C59-4F22-8A93-88E94359797B}.Debug|ARM.ActiveCfg = Debug|Any CPU
		{F1CEB39A-8C59-4F22-8A93-88E94359797B}.Debug|ARM.Build.0 = Debug|Any CPU
		{F1CEB39A-8C59-4F22-8A93-88E94359797B}.Debug|iPhone.ActiveCfg = Debug|Any CPU
		{F1CEB39A-8C59-4F22-8A93-88E94359797B}.Debug|iPhone.Build.0 = Debug|Any CPU
		{F1CEB39A-8C59-4F22-8A93-88E94359797B}.Debug|iPhoneSimulator.ActiveCfg = Debug|Any CPU
		{F1CEB39A-8C59-4F22-8A93-88E94359797B}.Debug|iPhoneSimulator.Build.0 = Debug|Any CPU
		{F1CEB39A-8C59-4F22-8A93-88E94359797B}.Debug|x64.ActiveCfg = Debug|Any CPU
		{F1CEB39A-8C59-4F22-8A93-88E94359797B}.Debug|x64.Build.0 = Debug|Any CPU
		{F1CEB39A-8C59-4F22-8A93-88E94359797B}.Debug|x86.ActiveCfg = Debug|Any CPU
		{F1CEB39A-8C59-4F22-8A93-88E94359797B}.Debug|x86.Build.0 = Debug|Any CPU
		{F1CEB39A-8C59-4F22-8A93-88E94359797B}.Release|Any CPU.ActiveCfg = Release|Any CPU
		{F1CEB39A-8C59-4F22-8A93-88E94359797B}.Release|Any CPU.Build.0 = Release|Any CPU
		{F1CEB39A-8C59-4F22-8A93-88E94359797B}.Release|ARM.ActiveCfg = Release|Any CPU
		{F1CEB39A-8C59-4F22-8A93-88E94359797B}.Release|ARM.Build.0 = Release|Any CPU
		{F1CEB39A-8C59-4F22-8A93-88E94359797B}.Release|iPhone.ActiveCfg = Release|Any CPU
		{F1CEB39A-8C59-4F22-8A93-88E94359797B}.Release|iPhone.Build.0 = Release|Any CPU
		{F1CEB39A-8C59-4F22-8A93-88E94359797B}.Release|iPhoneSimulator.ActiveCfg = Release|Any CPU
		{F1CEB39A-8C59-4F22-8A93-88E94359797B}.Release|iPhoneSimulator.Build.0 = Release|Any CPU
		{F1CEB39A-8C59-4F22-8A93-88E94359797B}.Release|x64.ActiveCfg = Release|Any CPU
		{F1CEB39A-8C59-4F22-8A93-88E94359797B}.Release|x64.Build.0 = Release|Any CPU
		{F1CEB39A-8C59-4F22-8A93-88E94359797B}.Release|x86.ActiveCfg = Release|Any CPU
		{F1CEB39A-8C59-4F22-8A93-88E94359797B}.Release|x86.Build.0 = Release|Any CPU
		{E1826938-623E-48C8-8070-CBFACD1A03CB}.Ad-Hoc|Any CPU.ActiveCfg = Release|Any CPU
		{E1826938-623E-48C8-8070-CBFACD1A03CB}.Ad-Hoc|Any CPU.Build.0 = Release|Any CPU
		{E1826938-623E-48C8-8070-CBFACD1A03CB}.Ad-Hoc|ARM.ActiveCfg = Release|Any CPU
		{E1826938-623E-48C8-8070-CBFACD1A03CB}.Ad-Hoc|ARM.Build.0 = Release|Any CPU
		{E1826938-623E-48C8-8070-CBFACD1A03CB}.Ad-Hoc|iPhone.ActiveCfg = Release|Any CPU
		{E1826938-623E-48C8-8070-CBFACD1A03CB}.Ad-Hoc|iPhone.Build.0 = Release|Any CPU
		{E1826938-623E-48C8-8070-CBFACD1A03CB}.Ad-Hoc|iPhoneSimulator.ActiveCfg = Release|Any CPU
		{E1826938-623E-48C8-8070-CBFACD1A03CB}.Ad-Hoc|iPhoneSimulator.Build.0 = Release|Any CPU
		{E1826938-623E-48C8-8070-CBFACD1A03CB}.Ad-Hoc|x64.ActiveCfg = Release|Any CPU
		{E1826938-623E-48C8-8070-CBFACD1A03CB}.Ad-Hoc|x64.Build.0 = Release|Any CPU
		{E1826938-623E-48C8-8070-CBFACD1A03CB}.Ad-Hoc|x86.ActiveCfg = Release|Any CPU
		{E1826938-623E-48C8-8070-CBFACD1A03CB}.Ad-Hoc|x86.Build.0 = Release|Any CPU
		{E1826938-623E-48C8-8070-CBFACD1A03CB}.AppStore|Any CPU.ActiveCfg = Release|Any CPU
		{E1826938-623E-48C8-8070-CBFACD1A03CB}.AppStore|Any CPU.Build.0 = Release|Any CPU
		{E1826938-623E-48C8-8070-CBFACD1A03CB}.AppStore|ARM.ActiveCfg = Release|Any CPU
		{E1826938-623E-48C8-8070-CBFACD1A03CB}.AppStore|ARM.Build.0 = Release|Any CPU
		{E1826938-623E-48C8-8070-CBFACD1A03CB}.AppStore|iPhone.ActiveCfg = Release|Any CPU
		{E1826938-623E-48C8-8070-CBFACD1A03CB}.AppStore|iPhone.Build.0 = Release|Any CPU
		{E1826938-623E-48C8-8070-CBFACD1A03CB}.AppStore|iPhoneSimulator.ActiveCfg = Release|Any CPU
		{E1826938-623E-48C8-8070-CBFACD1A03CB}.AppStore|iPhoneSimulator.Build.0 = Release|Any CPU
		{E1826938-623E-48C8-8070-CBFACD1A03CB}.AppStore|x64.ActiveCfg = Release|Any CPU
		{E1826938-623E-48C8-8070-CBFACD1A03CB}.AppStore|x64.Build.0 = Release|Any CPU
		{E1826938-623E-48C8-8070-CBFACD1A03CB}.AppStore|x86.ActiveCfg = Release|Any CPU
		{E1826938-623E-48C8-8070-CBFACD1A03CB}.AppStore|x86.Build.0 = Release|Any CPU
		{E1826938-623E-48C8-8070-CBFACD1A03CB}.Debug|Any CPU.ActiveCfg = Debug|Any CPU
		{E1826938-623E-48C8-8070-CBFACD1A03CB}.Debug|Any CPU.Build.0 = Debug|Any CPU
		{E1826938-623E-48C8-8070-CBFACD1A03CB}.Debug|ARM.ActiveCfg = Debug|Any CPU
		{E1826938-623E-48C8-8070-CBFACD1A03CB}.Debug|ARM.Build.0 = Debug|Any CPU
		{E1826938-623E-48C8-8070-CBFACD1A03CB}.Debug|iPhone.ActiveCfg = Debug|Any CPU
		{E1826938-623E-48C8-8070-CBFACD1A03CB}.Debug|iPhone.Build.0 = Debug|Any CPU
		{E1826938-623E-48C8-8070-CBFACD1A03CB}.Debug|iPhoneSimulator.ActiveCfg = Debug|Any CPU
		{E1826938-623E-48C8-8070-CBFACD1A03CB}.Debug|iPhoneSimulator.Build.0 = Debug|Any CPU
		{E1826938-623E-48C8-8070-CBFACD1A03CB}.Debug|x64.ActiveCfg = Debug|Any CPU
		{E1826938-623E-48C8-8070-CBFACD1A03CB}.Debug|x64.Build.0 = Debug|Any CPU
		{E1826938-623E-48C8-8070-CBFACD1A03CB}.Debug|x86.ActiveCfg = Debug|Any CPU
		{E1826938-623E-48C8-8070-CBFACD1A03CB}.Debug|x86.Build.0 = Debug|Any CPU
		{E1826938-623E-48C8-8070-CBFACD1A03CB}.Release|Any CPU.ActiveCfg = Release|Any CPU
		{E1826938-623E-48C8-8070-CBFACD1A03CB}.Release|Any CPU.Build.0 = Release|Any CPU
		{E1826938-623E-48C8-8070-CBFACD1A03CB}.Release|ARM.ActiveCfg = Release|Any CPU
		{E1826938-623E-48C8-8070-CBFACD1A03CB}.Release|ARM.Build.0 = Release|Any CPU
		{E1826938-623E-48C8-8070-CBFACD1A03CB}.Release|iPhone.ActiveCfg = Release|Any CPU
		{E1826938-623E-48C8-8070-CBFACD1A03CB}.Release|iPhone.Build.0 = Release|Any CPU
		{E1826938-623E-48C8-8070-CBFACD1A03CB}.Release|iPhoneSimulator.ActiveCfg = Release|Any CPU
		{E1826938-623E-48C8-8070-CBFACD1A03CB}.Release|iPhoneSimulator.Build.0 = Release|Any CPU
		{E1826938-623E-48C8-8070-CBFACD1A03CB}.Release|x64.ActiveCfg = Release|Any CPU
		{E1826938-623E-48C8-8070-CBFACD1A03CB}.Release|x64.Build.0 = Release|Any CPU
		{E1826938-623E-48C8-8070-CBFACD1A03CB}.Release|x86.ActiveCfg = Release|Any CPU
		{E1826938-623E-48C8-8070-CBFACD1A03CB}.Release|x86.Build.0 = Release|Any CPU
		{4B0C730E-C204-4E66-8BF5-91BC49987D06}.Ad-Hoc|Any CPU.ActiveCfg = Release|Any CPU
		{4B0C730E-C204-4E66-8BF5-91BC49987D06}.Ad-Hoc|Any CPU.Build.0 = Release|Any CPU
		{4B0C730E-C204-4E66-8BF5-91BC49987D06}.Ad-Hoc|ARM.ActiveCfg = Release|Any CPU
		{4B0C730E-C204-4E66-8BF5-91BC49987D06}.Ad-Hoc|ARM.Build.0 = Release|Any CPU
		{4B0C730E-C204-4E66-8BF5-91BC49987D06}.Ad-Hoc|iPhone.ActiveCfg = Release|Any CPU
		{4B0C730E-C204-4E66-8BF5-91BC49987D06}.Ad-Hoc|iPhone.Build.0 = Release|Any CPU
		{4B0C730E-C204-4E66-8BF5-91BC49987D06}.Ad-Hoc|iPhoneSimulator.ActiveCfg = Release|Any CPU
		{4B0C730E-C204-4E66-8BF5-91BC49987D06}.Ad-Hoc|iPhoneSimulator.Build.0 = Release|Any CPU
		{4B0C730E-C204-4E66-8BF5-91BC49987D06}.Ad-Hoc|x64.ActiveCfg = Release|Any CPU
		{4B0C730E-C204-4E66-8BF5-91BC49987D06}.Ad-Hoc|x64.Build.0 = Release|Any CPU
		{4B0C730E-C204-4E66-8BF5-91BC49987D06}.Ad-Hoc|x86.ActiveCfg = Release|Any CPU
		{4B0C730E-C204-4E66-8BF5-91BC49987D06}.Ad-Hoc|x86.Build.0 = Release|Any CPU
		{4B0C730E-C204-4E66-8BF5-91BC49987D06}.AppStore|Any CPU.ActiveCfg = Release|Any CPU
		{4B0C730E-C204-4E66-8BF5-91BC49987D06}.AppStore|Any CPU.Build.0 = Release|Any CPU
		{4B0C730E-C204-4E66-8BF5-91BC49987D06}.AppStore|ARM.ActiveCfg = Release|Any CPU
		{4B0C730E-C204-4E66-8BF5-91BC49987D06}.AppStore|ARM.Build.0 = Release|Any CPU
		{4B0C730E-C204-4E66-8BF5-91BC49987D06}.AppStore|iPhone.ActiveCfg = Release|Any CPU
		{4B0C730E-C204-4E66-8BF5-91BC49987D06}.AppStore|iPhone.Build.0 = Release|Any CPU
		{4B0C730E-C204-4E66-8BF5-91BC49987D06}.AppStore|iPhoneSimulator.ActiveCfg = Release|Any CPU
		{4B0C730E-C204-4E66-8BF5-91BC49987D06}.AppStore|iPhoneSimulator.Build.0 = Release|Any CPU
		{4B0C730E-C204-4E66-8BF5-91BC49987D06}.AppStore|x64.ActiveCfg = Release|Any CPU
		{4B0C730E-C204-4E66-8BF5-91BC49987D06}.AppStore|x64.Build.0 = Release|Any CPU
		{4B0C730E-C204-4E66-8BF5-91BC49987D06}.AppStore|x86.ActiveCfg = Release|Any CPU
		{4B0C730E-C204-4E66-8BF5-91BC49987D06}.AppStore|x86.Build.0 = Release|Any CPU
		{4B0C730E-C204-4E66-8BF5-91BC49987D06}.Debug|Any CPU.ActiveCfg = Debug|Any CPU
		{4B0C730E-C204-4E66-8BF5-91BC49987D06}.Debug|Any CPU.Build.0 = Debug|Any CPU
		{4B0C730E-C204-4E66-8BF5-91BC49987D06}.Debug|ARM.ActiveCfg = Debug|Any CPU
		{4B0C730E-C204-4E66-8BF5-91BC49987D06}.Debug|ARM.Build.0 = Debug|Any CPU
		{4B0C730E-C204-4E66-8BF5-91BC49987D06}.Debug|iPhone.ActiveCfg = Debug|Any CPU
		{4B0C730E-C204-4E66-8BF5-91BC49987D06}.Debug|iPhone.Build.0 = Debug|Any CPU
		{4B0C730E-C204-4E66-8BF5-91BC49987D06}.Debug|iPhoneSimulator.ActiveCfg = Debug|Any CPU
		{4B0C730E-C204-4E66-8BF5-91BC49987D06}.Debug|iPhoneSimulator.Build.0 = Debug|Any CPU
		{4B0C730E-C204-4E66-8BF5-91BC49987D06}.Debug|x64.ActiveCfg = Debug|Any CPU
		{4B0C730E-C204-4E66-8BF5-91BC49987D06}.Debug|x64.Build.0 = Debug|Any CPU
		{4B0C730E-C204-4E66-8BF5-91BC49987D06}.Debug|x86.ActiveCfg = Debug|Any CPU
		{4B0C730E-C204-4E66-8BF5-91BC49987D06}.Debug|x86.Build.0 = Debug|Any CPU
		{4B0C730E-C204-4E66-8BF5-91BC49987D06}.Release|Any CPU.ActiveCfg = Release|Any CPU
		{4B0C730E-C204-4E66-8BF5-91BC49987D06}.Release|Any CPU.Build.0 = Release|Any CPU
		{4B0C730E-C204-4E66-8BF5-91BC49987D06}.Release|ARM.ActiveCfg = Release|Any CPU
		{4B0C730E-C204-4E66-8BF5-91BC49987D06}.Release|ARM.Build.0 = Release|Any CPU
		{4B0C730E-C204-4E66-8BF5-91BC49987D06}.Release|iPhone.ActiveCfg = Release|Any CPU
		{4B0C730E-C204-4E66-8BF5-91BC49987D06}.Release|iPhone.Build.0 = Release|Any CPU
		{4B0C730E-C204-4E66-8BF5-91BC49987D06}.Release|iPhoneSimulator.ActiveCfg = Release|Any CPU
		{4B0C730E-C204-4E66-8BF5-91BC49987D06}.Release|iPhoneSimulator.Build.0 = Release|Any CPU
		{4B0C730E-C204-4E66-8BF5-91BC49987D06}.Release|x64.ActiveCfg = Release|Any CPU
		{4B0C730E-C204-4E66-8BF5-91BC49987D06}.Release|x64.Build.0 = Release|Any CPU
		{4B0C730E-C204-4E66-8BF5-91BC49987D06}.Release|x86.ActiveCfg = Release|Any CPU
		{4B0C730E-C204-4E66-8BF5-91BC49987D06}.Release|x86.Build.0 = Release|Any CPU
		{7F961CC3-05F1-42AC-9F5A-A7B98253E591}.Ad-Hoc|Any CPU.ActiveCfg = Release|Any CPU
		{7F961CC3-05F1-42AC-9F5A-A7B98253E591}.Ad-Hoc|Any CPU.Build.0 = Release|Any CPU
		{7F961CC3-05F1-42AC-9F5A-A7B98253E591}.Ad-Hoc|ARM.ActiveCfg = Release|Any CPU
		{7F961CC3-05F1-42AC-9F5A-A7B98253E591}.Ad-Hoc|ARM.Build.0 = Release|Any CPU
		{7F961CC3-05F1-42AC-9F5A-A7B98253E591}.Ad-Hoc|iPhone.ActiveCfg = Release|Any CPU
		{7F961CC3-05F1-42AC-9F5A-A7B98253E591}.Ad-Hoc|iPhone.Build.0 = Release|Any CPU
		{7F961CC3-05F1-42AC-9F5A-A7B98253E591}.Ad-Hoc|iPhoneSimulator.ActiveCfg = Release|Any CPU
		{7F961CC3-05F1-42AC-9F5A-A7B98253E591}.Ad-Hoc|iPhoneSimulator.Build.0 = Release|Any CPU
		{7F961CC3-05F1-42AC-9F5A-A7B98253E591}.Ad-Hoc|x64.ActiveCfg = Release|Any CPU
		{7F961CC3-05F1-42AC-9F5A-A7B98253E591}.Ad-Hoc|x64.Build.0 = Release|Any CPU
		{7F961CC3-05F1-42AC-9F5A-A7B98253E591}.Ad-Hoc|x86.ActiveCfg = Release|Any CPU
		{7F961CC3-05F1-42AC-9F5A-A7B98253E591}.Ad-Hoc|x86.Build.0 = Release|Any CPU
		{7F961CC3-05F1-42AC-9F5A-A7B98253E591}.AppStore|Any CPU.ActiveCfg = Release|Any CPU
		{7F961CC3-05F1-42AC-9F5A-A7B98253E591}.AppStore|Any CPU.Build.0 = Release|Any CPU
		{7F961CC3-05F1-42AC-9F5A-A7B98253E591}.AppStore|ARM.ActiveCfg = Release|Any CPU
		{7F961CC3-05F1-42AC-9F5A-A7B98253E591}.AppStore|ARM.Build.0 = Release|Any CPU
		{7F961CC3-05F1-42AC-9F5A-A7B98253E591}.AppStore|iPhone.ActiveCfg = Release|Any CPU
		{7F961CC3-05F1-42AC-9F5A-A7B98253E591}.AppStore|iPhone.Build.0 = Release|Any CPU
		{7F961CC3-05F1-42AC-9F5A-A7B98253E591}.AppStore|iPhoneSimulator.ActiveCfg = Release|Any CPU
		{7F961CC3-05F1-42AC-9F5A-A7B98253E591}.AppStore|iPhoneSimulator.Build.0 = Release|Any CPU
		{7F961CC3-05F1-42AC-9F5A-A7B98253E591}.AppStore|x64.ActiveCfg = Release|Any CPU
		{7F961CC3-05F1-42AC-9F5A-A7B98253E591}.AppStore|x64.Build.0 = Release|Any CPU
		{7F961CC3-05F1-42AC-9F5A-A7B98253E591}.AppStore|x86.ActiveCfg = Release|Any CPU
		{7F961CC3-05F1-42AC-9F5A-A7B98253E591}.AppStore|x86.Build.0 = Release|Any CPU
		{7F961CC3-05F1-42AC-9F5A-A7B98253E591}.Debug|Any CPU.ActiveCfg = Debug|Any CPU
		{7F961CC3-05F1-42AC-9F5A-A7B98253E591}.Debug|Any CPU.Build.0 = Debug|Any CPU
		{7F961CC3-05F1-42AC-9F5A-A7B98253E591}.Debug|ARM.ActiveCfg = Debug|Any CPU
		{7F961CC3-05F1-42AC-9F5A-A7B98253E591}.Debug|ARM.Build.0 = Debug|Any CPU
		{7F961CC3-05F1-42AC-9F5A-A7B98253E591}.Debug|iPhone.ActiveCfg = Debug|Any CPU
		{7F961CC3-05F1-42AC-9F5A-A7B98253E591}.Debug|iPhone.Build.0 = Debug|Any CPU
		{7F961CC3-05F1-42AC-9F5A-A7B98253E591}.Debug|iPhoneSimulator.ActiveCfg = Debug|Any CPU
		{7F961CC3-05F1-42AC-9F5A-A7B98253E591}.Debug|iPhoneSimulator.Build.0 = Debug|Any CPU
		{7F961CC3-05F1-42AC-9F5A-A7B98253E591}.Debug|x64.ActiveCfg = Debug|Any CPU
		{7F961CC3-05F1-42AC-9F5A-A7B98253E591}.Debug|x64.Build.0 = Debug|Any CPU
		{7F961CC3-05F1-42AC-9F5A-A7B98253E591}.Debug|x86.ActiveCfg = Debug|Any CPU
		{7F961CC3-05F1-42AC-9F5A-A7B98253E591}.Debug|x86.Build.0 = Debug|Any CPU
		{7F961CC3-05F1-42AC-9F5A-A7B98253E591}.Release|Any CPU.ActiveCfg = Release|Any CPU
		{7F961CC3-05F1-42AC-9F5A-A7B98253E591}.Release|Any CPU.Build.0 = Release|Any CPU
		{7F961CC3-05F1-42AC-9F5A-A7B98253E591}.Release|ARM.ActiveCfg = Release|Any CPU
		{7F961CC3-05F1-42AC-9F5A-A7B98253E591}.Release|ARM.Build.0 = Release|Any CPU
		{7F961CC3-05F1-42AC-9F5A-A7B98253E591}.Release|iPhone.ActiveCfg = Release|Any CPU
		{7F961CC3-05F1-42AC-9F5A-A7B98253E591}.Release|iPhone.Build.0 = Release|Any CPU
		{7F961CC3-05F1-42AC-9F5A-A7B98253E591}.Release|iPhoneSimulator.ActiveCfg = Release|Any CPU
		{7F961CC3-05F1-42AC-9F5A-A7B98253E591}.Release|iPhoneSimulator.Build.0 = Release|Any CPU
		{7F961CC3-05F1-42AC-9F5A-A7B98253E591}.Release|x64.ActiveCfg = Release|Any CPU
		{7F961CC3-05F1-42AC-9F5A-A7B98253E591}.Release|x64.Build.0 = Release|Any CPU
		{7F961CC3-05F1-42AC-9F5A-A7B98253E591}.Release|x86.ActiveCfg = Release|Any CPU
		{7F961CC3-05F1-42AC-9F5A-A7B98253E591}.Release|x86.Build.0 = Release|Any CPU
		{11DFE9BA-73DC-4BF1-9AEC-33258E80AF06}.Ad-Hoc|Any CPU.ActiveCfg = Release|x86
		{11DFE9BA-73DC-4BF1-9AEC-33258E80AF06}.Ad-Hoc|Any CPU.Build.0 = Release|x86
		{11DFE9BA-73DC-4BF1-9AEC-33258E80AF06}.Ad-Hoc|Any CPU.Deploy.0 = Release|x86
		{11DFE9BA-73DC-4BF1-9AEC-33258E80AF06}.Ad-Hoc|ARM.ActiveCfg = Release|ARM
		{11DFE9BA-73DC-4BF1-9AEC-33258E80AF06}.Ad-Hoc|ARM.Build.0 = Release|ARM
		{11DFE9BA-73DC-4BF1-9AEC-33258E80AF06}.Ad-Hoc|ARM.Deploy.0 = Release|ARM
		{11DFE9BA-73DC-4BF1-9AEC-33258E80AF06}.Ad-Hoc|iPhone.ActiveCfg = Release|x86
		{11DFE9BA-73DC-4BF1-9AEC-33258E80AF06}.Ad-Hoc|iPhone.Build.0 = Release|x86
		{11DFE9BA-73DC-4BF1-9AEC-33258E80AF06}.Ad-Hoc|iPhone.Deploy.0 = Release|x86
		{11DFE9BA-73DC-4BF1-9AEC-33258E80AF06}.Ad-Hoc|iPhoneSimulator.ActiveCfg = Release|x86
		{11DFE9BA-73DC-4BF1-9AEC-33258E80AF06}.Ad-Hoc|iPhoneSimulator.Build.0 = Release|x86
		{11DFE9BA-73DC-4BF1-9AEC-33258E80AF06}.Ad-Hoc|iPhoneSimulator.Deploy.0 = Release|x86
		{11DFE9BA-73DC-4BF1-9AEC-33258E80AF06}.Ad-Hoc|x64.ActiveCfg = Release|x64
		{11DFE9BA-73DC-4BF1-9AEC-33258E80AF06}.Ad-Hoc|x64.Build.0 = Release|x64
		{11DFE9BA-73DC-4BF1-9AEC-33258E80AF06}.Ad-Hoc|x64.Deploy.0 = Release|x64
		{11DFE9BA-73DC-4BF1-9AEC-33258E80AF06}.Ad-Hoc|x86.ActiveCfg = Release|x86
		{11DFE9BA-73DC-4BF1-9AEC-33258E80AF06}.Ad-Hoc|x86.Build.0 = Release|x86
		{11DFE9BA-73DC-4BF1-9AEC-33258E80AF06}.Ad-Hoc|x86.Deploy.0 = Release|x86
		{11DFE9BA-73DC-4BF1-9AEC-33258E80AF06}.AppStore|Any CPU.ActiveCfg = Release|x86
		{11DFE9BA-73DC-4BF1-9AEC-33258E80AF06}.AppStore|Any CPU.Build.0 = Release|x86
		{11DFE9BA-73DC-4BF1-9AEC-33258E80AF06}.AppStore|Any CPU.Deploy.0 = Release|x86
		{11DFE9BA-73DC-4BF1-9AEC-33258E80AF06}.AppStore|ARM.ActiveCfg = Release|ARM
		{11DFE9BA-73DC-4BF1-9AEC-33258E80AF06}.AppStore|ARM.Build.0 = Release|ARM
		{11DFE9BA-73DC-4BF1-9AEC-33258E80AF06}.AppStore|ARM.Deploy.0 = Release|ARM
		{11DFE9BA-73DC-4BF1-9AEC-33258E80AF06}.AppStore|iPhone.ActiveCfg = Release|x86
		{11DFE9BA-73DC-4BF1-9AEC-33258E80AF06}.AppStore|iPhone.Build.0 = Release|x86
		{11DFE9BA-73DC-4BF1-9AEC-33258E80AF06}.AppStore|iPhone.Deploy.0 = Release|x86
		{11DFE9BA-73DC-4BF1-9AEC-33258E80AF06}.AppStore|iPhoneSimulator.ActiveCfg = Release|x86
		{11DFE9BA-73DC-4BF1-9AEC-33258E80AF06}.AppStore|iPhoneSimulator.Build.0 = Release|x86
		{11DFE9BA-73DC-4BF1-9AEC-33258E80AF06}.AppStore|iPhoneSimulator.Deploy.0 = Release|x86
		{11DFE9BA-73DC-4BF1-9AEC-33258E80AF06}.AppStore|x64.ActiveCfg = Release|x64
		{11DFE9BA-73DC-4BF1-9AEC-33258E80AF06}.AppStore|x64.Build.0 = Release|x64
		{11DFE9BA-73DC-4BF1-9AEC-33258E80AF06}.AppStore|x64.Deploy.0 = Release|x64
		{11DFE9BA-73DC-4BF1-9AEC-33258E80AF06}.AppStore|x86.ActiveCfg = Release|x86
		{11DFE9BA-73DC-4BF1-9AEC-33258E80AF06}.AppStore|x86.Build.0 = Release|x86
		{11DFE9BA-73DC-4BF1-9AEC-33258E80AF06}.AppStore|x86.Deploy.0 = Release|x86
		{11DFE9BA-73DC-4BF1-9AEC-33258E80AF06}.Debug|Any CPU.ActiveCfg = Debug|x86
		{11DFE9BA-73DC-4BF1-9AEC-33258E80AF06}.Debug|ARM.ActiveCfg = Debug|ARM
		{11DFE9BA-73DC-4BF1-9AEC-33258E80AF06}.Debug|ARM.Build.0 = Debug|ARM
		{11DFE9BA-73DC-4BF1-9AEC-33258E80AF06}.Debug|ARM.Deploy.0 = Debug|ARM
		{11DFE9BA-73DC-4BF1-9AEC-33258E80AF06}.Debug|iPhone.ActiveCfg = Debug|x86
		{11DFE9BA-73DC-4BF1-9AEC-33258E80AF06}.Debug|iPhoneSimulator.ActiveCfg = Debug|x86
		{11DFE9BA-73DC-4BF1-9AEC-33258E80AF06}.Debug|x64.ActiveCfg = Debug|x64
		{11DFE9BA-73DC-4BF1-9AEC-33258E80AF06}.Debug|x64.Build.0 = Debug|x64
		{11DFE9BA-73DC-4BF1-9AEC-33258E80AF06}.Debug|x64.Deploy.0 = Debug|x64
		{11DFE9BA-73DC-4BF1-9AEC-33258E80AF06}.Debug|x86.ActiveCfg = Debug|x86
		{11DFE9BA-73DC-4BF1-9AEC-33258E80AF06}.Debug|x86.Build.0 = Debug|x86
		{11DFE9BA-73DC-4BF1-9AEC-33258E80AF06}.Debug|x86.Deploy.0 = Debug|x86
		{11DFE9BA-73DC-4BF1-9AEC-33258E80AF06}.Release|Any CPU.ActiveCfg = Release|x86
		{11DFE9BA-73DC-4BF1-9AEC-33258E80AF06}.Release|ARM.ActiveCfg = Release|ARM
		{11DFE9BA-73DC-4BF1-9AEC-33258E80AF06}.Release|ARM.Build.0 = Release|ARM
		{11DFE9BA-73DC-4BF1-9AEC-33258E80AF06}.Release|ARM.Deploy.0 = Release|ARM
		{11DFE9BA-73DC-4BF1-9AEC-33258E80AF06}.Release|iPhone.ActiveCfg = Release|x86
		{11DFE9BA-73DC-4BF1-9AEC-33258E80AF06}.Release|iPhoneSimulator.ActiveCfg = Release|x86
		{11DFE9BA-73DC-4BF1-9AEC-33258E80AF06}.Release|x64.ActiveCfg = Release|x64
		{11DFE9BA-73DC-4BF1-9AEC-33258E80AF06}.Release|x64.Build.0 = Release|x64
		{11DFE9BA-73DC-4BF1-9AEC-33258E80AF06}.Release|x64.Deploy.0 = Release|x64
		{11DFE9BA-73DC-4BF1-9AEC-33258E80AF06}.Release|x86.ActiveCfg = Release|x86
		{11DFE9BA-73DC-4BF1-9AEC-33258E80AF06}.Release|x86.Build.0 = Release|x86
		{11DFE9BA-73DC-4BF1-9AEC-33258E80AF06}.Release|x86.Deploy.0 = Release|x86
		{289DE9DA-6FFD-4827-86D2-7B5F4C4460AA}.Ad-Hoc|Any CPU.ActiveCfg = Release|iPhone
		{289DE9DA-6FFD-4827-86D2-7B5F4C4460AA}.Ad-Hoc|Any CPU.Build.0 = Release|iPhone
		{289DE9DA-6FFD-4827-86D2-7B5F4C4460AA}.Ad-Hoc|ARM.ActiveCfg = Release|iPhone
		{289DE9DA-6FFD-4827-86D2-7B5F4C4460AA}.Ad-Hoc|ARM.Build.0 = Release|iPhone
		{289DE9DA-6FFD-4827-86D2-7B5F4C4460AA}.Ad-Hoc|iPhone.ActiveCfg = Release|iPhone
		{289DE9DA-6FFD-4827-86D2-7B5F4C4460AA}.Ad-Hoc|iPhone.Build.0 = Release|iPhone
		{289DE9DA-6FFD-4827-86D2-7B5F4C4460AA}.Ad-Hoc|iPhoneSimulator.ActiveCfg = Release|iPhoneSimulator
		{289DE9DA-6FFD-4827-86D2-7B5F4C4460AA}.Ad-Hoc|iPhoneSimulator.Build.0 = Release|iPhoneSimulator
		{289DE9DA-6FFD-4827-86D2-7B5F4C4460AA}.Ad-Hoc|x64.ActiveCfg = Release|iPhone
		{289DE9DA-6FFD-4827-86D2-7B5F4C4460AA}.Ad-Hoc|x64.Build.0 = Release|iPhone
		{289DE9DA-6FFD-4827-86D2-7B5F4C4460AA}.Ad-Hoc|x86.ActiveCfg = Release|iPhone
		{289DE9DA-6FFD-4827-86D2-7B5F4C4460AA}.Ad-Hoc|x86.Build.0 = Release|iPhone
		{289DE9DA-6FFD-4827-86D2-7B5F4C4460AA}.AppStore|Any CPU.ActiveCfg = Release|iPhone
		{289DE9DA-6FFD-4827-86D2-7B5F4C4460AA}.AppStore|Any CPU.Build.0 = Release|iPhone
		{289DE9DA-6FFD-4827-86D2-7B5F4C4460AA}.AppStore|ARM.ActiveCfg = Release|iPhone
		{289DE9DA-6FFD-4827-86D2-7B5F4C4460AA}.AppStore|ARM.Build.0 = Release|iPhone
		{289DE9DA-6FFD-4827-86D2-7B5F4C4460AA}.AppStore|iPhone.ActiveCfg = Release|iPhone
		{289DE9DA-6FFD-4827-86D2-7B5F4C4460AA}.AppStore|iPhone.Build.0 = Release|iPhone
		{289DE9DA-6FFD-4827-86D2-7B5F4C4460AA}.AppStore|iPhoneSimulator.ActiveCfg = Release|iPhoneSimulator
		{289DE9DA-6FFD-4827-86D2-7B5F4C4460AA}.AppStore|iPhoneSimulator.Build.0 = Release|iPhoneSimulator
		{289DE9DA-6FFD-4827-86D2-7B5F4C4460AA}.AppStore|x64.ActiveCfg = Release|iPhone
		{289DE9DA-6FFD-4827-86D2-7B5F4C4460AA}.AppStore|x64.Build.0 = Release|iPhone
		{289DE9DA-6FFD-4827-86D2-7B5F4C4460AA}.AppStore|x86.ActiveCfg = Release|iPhone
		{289DE9DA-6FFD-4827-86D2-7B5F4C4460AA}.AppStore|x86.Build.0 = Release|iPhone
		{289DE9DA-6FFD-4827-86D2-7B5F4C4460AA}.Debug|Any CPU.ActiveCfg = Debug|iPhone
		{289DE9DA-6FFD-4827-86D2-7B5F4C4460AA}.Debug|Any CPU.Build.0 = Debug|iPhone
		{289DE9DA-6FFD-4827-86D2-7B5F4C4460AA}.Debug|ARM.ActiveCfg = Debug|iPhone
		{289DE9DA-6FFD-4827-86D2-7B5F4C4460AA}.Debug|ARM.Build.0 = Debug|iPhone
		{289DE9DA-6FFD-4827-86D2-7B5F4C4460AA}.Debug|iPhone.ActiveCfg = Debug|iPhone
		{289DE9DA-6FFD-4827-86D2-7B5F4C4460AA}.Debug|iPhone.Build.0 = Debug|iPhone
		{289DE9DA-6FFD-4827-86D2-7B5F4C4460AA}.Debug|iPhoneSimulator.ActiveCfg = Debug|iPhoneSimulator
		{289DE9DA-6FFD-4827-86D2-7B5F4C4460AA}.Debug|iPhoneSimulator.Build.0 = Debug|iPhoneSimulator
		{289DE9DA-6FFD-4827-86D2-7B5F4C4460AA}.Debug|x64.ActiveCfg = Debug|iPhone
		{289DE9DA-6FFD-4827-86D2-7B5F4C4460AA}.Debug|x64.Build.0 = Debug|iPhone
		{289DE9DA-6FFD-4827-86D2-7B5F4C4460AA}.Debug|x86.ActiveCfg = Debug|iPhone
		{289DE9DA-6FFD-4827-86D2-7B5F4C4460AA}.Debug|x86.Build.0 = Debug|iPhone
		{289DE9DA-6FFD-4827-86D2-7B5F4C4460AA}.Release|Any CPU.ActiveCfg = Release|iPhone
		{289DE9DA-6FFD-4827-86D2-7B5F4C4460AA}.Release|Any CPU.Build.0 = Release|iPhone
		{289DE9DA-6FFD-4827-86D2-7B5F4C4460AA}.Release|ARM.ActiveCfg = Release|iPhone
		{289DE9DA-6FFD-4827-86D2-7B5F4C4460AA}.Release|ARM.Build.0 = Release|iPhone
		{289DE9DA-6FFD-4827-86D2-7B5F4C4460AA}.Release|iPhone.ActiveCfg = Release|iPhone
		{289DE9DA-6FFD-4827-86D2-7B5F4C4460AA}.Release|iPhone.Build.0 = Release|iPhone
		{289DE9DA-6FFD-4827-86D2-7B5F4C4460AA}.Release|iPhoneSimulator.ActiveCfg = Release|iPhoneSimulator
		{289DE9DA-6FFD-4827-86D2-7B5F4C4460AA}.Release|iPhoneSimulator.Build.0 = Release|iPhoneSimulator
		{289DE9DA-6FFD-4827-86D2-7B5F4C4460AA}.Release|x64.ActiveCfg = Release|iPhone
		{289DE9DA-6FFD-4827-86D2-7B5F4C4460AA}.Release|x64.Build.0 = Release|iPhone
		{289DE9DA-6FFD-4827-86D2-7B5F4C4460AA}.Release|x86.ActiveCfg = Release|iPhone
		{289DE9DA-6FFD-4827-86D2-7B5F4C4460AA}.Release|x86.Build.0 = Release|iPhone
		{99404F78-19D1-48B2-98D8-039B95F14C35}.Ad-Hoc|Any CPU.ActiveCfg = Release|Any CPU
		{99404F78-19D1-48B2-98D8-039B95F14C35}.Ad-Hoc|Any CPU.Build.0 = Release|Any CPU
		{99404F78-19D1-48B2-98D8-039B95F14C35}.Ad-Hoc|ARM.ActiveCfg = Release|Any CPU
		{99404F78-19D1-48B2-98D8-039B95F14C35}.Ad-Hoc|ARM.Build.0 = Release|Any CPU
		{99404F78-19D1-48B2-98D8-039B95F14C35}.Ad-Hoc|iPhone.ActiveCfg = Release|Any CPU
		{99404F78-19D1-48B2-98D8-039B95F14C35}.Ad-Hoc|iPhone.Build.0 = Release|Any CPU
		{99404F78-19D1-48B2-98D8-039B95F14C35}.Ad-Hoc|iPhoneSimulator.ActiveCfg = Release|Any CPU
		{99404F78-19D1-48B2-98D8-039B95F14C35}.Ad-Hoc|iPhoneSimulator.Build.0 = Release|Any CPU
		{99404F78-19D1-48B2-98D8-039B95F14C35}.Ad-Hoc|x64.ActiveCfg = Release|Any CPU
		{99404F78-19D1-48B2-98D8-039B95F14C35}.Ad-Hoc|x64.Build.0 = Release|Any CPU
		{99404F78-19D1-48B2-98D8-039B95F14C35}.Ad-Hoc|x86.ActiveCfg = Release|Any CPU
		{99404F78-19D1-48B2-98D8-039B95F14C35}.Ad-Hoc|x86.Build.0 = Release|Any CPU
		{99404F78-19D1-48B2-98D8-039B95F14C35}.AppStore|Any CPU.ActiveCfg = Release|Any CPU
		{99404F78-19D1-48B2-98D8-039B95F14C35}.AppStore|Any CPU.Build.0 = Release|Any CPU
		{99404F78-19D1-48B2-98D8-039B95F14C35}.AppStore|ARM.ActiveCfg = Release|Any CPU
		{99404F78-19D1-48B2-98D8-039B95F14C35}.AppStore|ARM.Build.0 = Release|Any CPU
		{99404F78-19D1-48B2-98D8-039B95F14C35}.AppStore|iPhone.ActiveCfg = Release|Any CPU
		{99404F78-19D1-48B2-98D8-039B95F14C35}.AppStore|iPhone.Build.0 = Release|Any CPU
		{99404F78-19D1-48B2-98D8-039B95F14C35}.AppStore|iPhoneSimulator.ActiveCfg = Release|Any CPU
		{99404F78-19D1-48B2-98D8-039B95F14C35}.AppStore|iPhoneSimulator.Build.0 = Release|Any CPU
		{99404F78-19D1-48B2-98D8-039B95F14C35}.AppStore|x64.ActiveCfg = Release|Any CPU
		{99404F78-19D1-48B2-98D8-039B95F14C35}.AppStore|x64.Build.0 = Release|Any CPU
		{99404F78-19D1-48B2-98D8-039B95F14C35}.AppStore|x86.ActiveCfg = Release|Any CPU
		{99404F78-19D1-48B2-98D8-039B95F14C35}.AppStore|x86.Build.0 = Release|Any CPU
		{99404F78-19D1-48B2-98D8-039B95F14C35}.Debug|Any CPU.ActiveCfg = Debug|Any CPU
		{99404F78-19D1-48B2-98D8-039B95F14C35}.Debug|Any CPU.Build.0 = Debug|Any CPU
		{99404F78-19D1-48B2-98D8-039B95F14C35}.Debug|ARM.ActiveCfg = Debug|Any CPU
		{99404F78-19D1-48B2-98D8-039B95F14C35}.Debug|ARM.Build.0 = Debug|Any CPU
		{99404F78-19D1-48B2-98D8-039B95F14C35}.Debug|iPhone.ActiveCfg = Debug|Any CPU
		{99404F78-19D1-48B2-98D8-039B95F14C35}.Debug|iPhone.Build.0 = Debug|Any CPU
		{99404F78-19D1-48B2-98D8-039B95F14C35}.Debug|iPhoneSimulator.ActiveCfg = Debug|Any CPU
		{99404F78-19D1-48B2-98D8-039B95F14C35}.Debug|iPhoneSimulator.Build.0 = Debug|Any CPU
		{99404F78-19D1-48B2-98D8-039B95F14C35}.Debug|x64.ActiveCfg = Debug|Any CPU
		{99404F78-19D1-48B2-98D8-039B95F14C35}.Debug|x64.Build.0 = Debug|Any CPU
		{99404F78-19D1-48B2-98D8-039B95F14C35}.Debug|x86.ActiveCfg = Debug|Any CPU
		{99404F78-19D1-48B2-98D8-039B95F14C35}.Debug|x86.Build.0 = Debug|Any CPU
		{99404F78-19D1-48B2-98D8-039B95F14C35}.Release|Any CPU.ActiveCfg = Release|Any CPU
		{99404F78-19D1-48B2-98D8-039B95F14C35}.Release|Any CPU.Build.0 = Release|Any CPU
		{99404F78-19D1-48B2-98D8-039B95F14C35}.Release|ARM.ActiveCfg = Release|Any CPU
		{99404F78-19D1-48B2-98D8-039B95F14C35}.Release|ARM.Build.0 = Release|Any CPU
		{99404F78-19D1-48B2-98D8-039B95F14C35}.Release|iPhone.ActiveCfg = Release|Any CPU
		{99404F78-19D1-48B2-98D8-039B95F14C35}.Release|iPhone.Build.0 = Release|Any CPU
		{99404F78-19D1-48B2-98D8-039B95F14C35}.Release|iPhoneSimulator.ActiveCfg = Release|Any CPU
		{99404F78-19D1-48B2-98D8-039B95F14C35}.Release|iPhoneSimulator.Build.0 = Release|Any CPU
		{99404F78-19D1-48B2-98D8-039B95F14C35}.Release|x64.ActiveCfg = Release|Any CPU
		{99404F78-19D1-48B2-98D8-039B95F14C35}.Release|x64.Build.0 = Release|Any CPU
		{99404F78-19D1-48B2-98D8-039B95F14C35}.Release|x86.ActiveCfg = Release|Any CPU
		{99404F78-19D1-48B2-98D8-039B95F14C35}.Release|x86.Build.0 = Release|Any CPU
		{032A85C6-BB30-46DA-95F7-0EFD534CEB99}.Ad-Hoc|Any CPU.ActiveCfg = Debug|Any CPU
		{032A85C6-BB30-46DA-95F7-0EFD534CEB99}.Ad-Hoc|Any CPU.Build.0 = Debug|Any CPU
		{032A85C6-BB30-46DA-95F7-0EFD534CEB99}.Ad-Hoc|Any CPU.Deploy.0 = Debug|Any CPU
		{032A85C6-BB30-46DA-95F7-0EFD534CEB99}.Ad-Hoc|ARM.ActiveCfg = Debug|Any CPU
		{032A85C6-BB30-46DA-95F7-0EFD534CEB99}.Ad-Hoc|ARM.Build.0 = Debug|Any CPU
		{032A85C6-BB30-46DA-95F7-0EFD534CEB99}.Ad-Hoc|ARM.Deploy.0 = Debug|Any CPU
		{032A85C6-BB30-46DA-95F7-0EFD534CEB99}.Ad-Hoc|iPhone.ActiveCfg = Debug|Any CPU
		{032A85C6-BB30-46DA-95F7-0EFD534CEB99}.Ad-Hoc|iPhone.Build.0 = Debug|Any CPU
		{032A85C6-BB30-46DA-95F7-0EFD534CEB99}.Ad-Hoc|iPhone.Deploy.0 = Debug|Any CPU
		{032A85C6-BB30-46DA-95F7-0EFD534CEB99}.Ad-Hoc|iPhoneSimulator.ActiveCfg = Debug|Any CPU
		{032A85C6-BB30-46DA-95F7-0EFD534CEB99}.Ad-Hoc|iPhoneSimulator.Build.0 = Debug|Any CPU
		{032A85C6-BB30-46DA-95F7-0EFD534CEB99}.Ad-Hoc|iPhoneSimulator.Deploy.0 = Debug|Any CPU
		{032A85C6-BB30-46DA-95F7-0EFD534CEB99}.Ad-Hoc|x64.ActiveCfg = Debug|Any CPU
		{032A85C6-BB30-46DA-95F7-0EFD534CEB99}.Ad-Hoc|x64.Build.0 = Debug|Any CPU
		{032A85C6-BB30-46DA-95F7-0EFD534CEB99}.Ad-Hoc|x64.Deploy.0 = Debug|Any CPU
		{032A85C6-BB30-46DA-95F7-0EFD534CEB99}.Ad-Hoc|x86.ActiveCfg = Debug|Any CPU
		{032A85C6-BB30-46DA-95F7-0EFD534CEB99}.Ad-Hoc|x86.Build.0 = Debug|Any CPU
		{032A85C6-BB30-46DA-95F7-0EFD534CEB99}.Ad-Hoc|x86.Deploy.0 = Debug|Any CPU
		{032A85C6-BB30-46DA-95F7-0EFD534CEB99}.AppStore|Any CPU.ActiveCfg = Debug|Any CPU
		{032A85C6-BB30-46DA-95F7-0EFD534CEB99}.AppStore|Any CPU.Build.0 = Debug|Any CPU
		{032A85C6-BB30-46DA-95F7-0EFD534CEB99}.AppStore|Any CPU.Deploy.0 = Debug|Any CPU
		{032A85C6-BB30-46DA-95F7-0EFD534CEB99}.AppStore|ARM.ActiveCfg = Debug|Any CPU
		{032A85C6-BB30-46DA-95F7-0EFD534CEB99}.AppStore|ARM.Build.0 = Debug|Any CPU
		{032A85C6-BB30-46DA-95F7-0EFD534CEB99}.AppStore|ARM.Deploy.0 = Debug|Any CPU
		{032A85C6-BB30-46DA-95F7-0EFD534CEB99}.AppStore|iPhone.ActiveCfg = Debug|Any CPU
		{032A85C6-BB30-46DA-95F7-0EFD534CEB99}.AppStore|iPhone.Build.0 = Debug|Any CPU
		{032A85C6-BB30-46DA-95F7-0EFD534CEB99}.AppStore|iPhone.Deploy.0 = Debug|Any CPU
		{032A85C6-BB30-46DA-95F7-0EFD534CEB99}.AppStore|iPhoneSimulator.ActiveCfg = Debug|Any CPU
		{032A85C6-BB30-46DA-95F7-0EFD534CEB99}.AppStore|iPhoneSimulator.Build.0 = Debug|Any CPU
		{032A85C6-BB30-46DA-95F7-0EFD534CEB99}.AppStore|iPhoneSimulator.Deploy.0 = Debug|Any CPU
		{032A85C6-BB30-46DA-95F7-0EFD534CEB99}.AppStore|x64.ActiveCfg = Debug|Any CPU
		{032A85C6-BB30-46DA-95F7-0EFD534CEB99}.AppStore|x64.Build.0 = Debug|Any CPU
		{032A85C6-BB30-46DA-95F7-0EFD534CEB99}.AppStore|x64.Deploy.0 = Debug|Any CPU
		{032A85C6-BB30-46DA-95F7-0EFD534CEB99}.AppStore|x86.ActiveCfg = Debug|Any CPU
		{032A85C6-BB30-46DA-95F7-0EFD534CEB99}.AppStore|x86.Build.0 = Debug|Any CPU
		{032A85C6-BB30-46DA-95F7-0EFD534CEB99}.AppStore|x86.Deploy.0 = Debug|Any CPU
		{032A85C6-BB30-46DA-95F7-0EFD534CEB99}.Debug|Any CPU.ActiveCfg = Debug|Any CPU
		{032A85C6-BB30-46DA-95F7-0EFD534CEB99}.Debug|Any CPU.Build.0 = Debug|Any CPU
		{032A85C6-BB30-46DA-95F7-0EFD534CEB99}.Debug|Any CPU.Deploy.0 = Debug|Any CPU
		{032A85C6-BB30-46DA-95F7-0EFD534CEB99}.Debug|ARM.ActiveCfg = Debug|Any CPU
		{032A85C6-BB30-46DA-95F7-0EFD534CEB99}.Debug|ARM.Build.0 = Debug|Any CPU
		{032A85C6-BB30-46DA-95F7-0EFD534CEB99}.Debug|ARM.Deploy.0 = Debug|Any CPU
		{032A85C6-BB30-46DA-95F7-0EFD534CEB99}.Debug|iPhone.ActiveCfg = Debug|Any CPU
		{032A85C6-BB30-46DA-95F7-0EFD534CEB99}.Debug|iPhone.Build.0 = Debug|Any CPU
		{032A85C6-BB30-46DA-95F7-0EFD534CEB99}.Debug|iPhone.Deploy.0 = Debug|Any CPU
		{032A85C6-BB30-46DA-95F7-0EFD534CEB99}.Debug|iPhoneSimulator.ActiveCfg = Debug|Any CPU
		{032A85C6-BB30-46DA-95F7-0EFD534CEB99}.Debug|iPhoneSimulator.Build.0 = Debug|Any CPU
		{032A85C6-BB30-46DA-95F7-0EFD534CEB99}.Debug|iPhoneSimulator.Deploy.0 = Debug|Any CPU
		{032A85C6-BB30-46DA-95F7-0EFD534CEB99}.Debug|x64.ActiveCfg = Debug|Any CPU
		{032A85C6-BB30-46DA-95F7-0EFD534CEB99}.Debug|x64.Build.0 = Debug|Any CPU
		{032A85C6-BB30-46DA-95F7-0EFD534CEB99}.Debug|x64.Deploy.0 = Debug|Any CPU
		{032A85C6-BB30-46DA-95F7-0EFD534CEB99}.Debug|x86.ActiveCfg = Debug|Any CPU
		{032A85C6-BB30-46DA-95F7-0EFD534CEB99}.Debug|x86.Build.0 = Debug|Any CPU
		{032A85C6-BB30-46DA-95F7-0EFD534CEB99}.Debug|x86.Deploy.0 = Debug|Any CPU
		{032A85C6-BB30-46DA-95F7-0EFD534CEB99}.Release|Any CPU.ActiveCfg = Release|Any CPU
		{032A85C6-BB30-46DA-95F7-0EFD534CEB99}.Release|Any CPU.Build.0 = Release|Any CPU
		{032A85C6-BB30-46DA-95F7-0EFD534CEB99}.Release|Any CPU.Deploy.0 = Release|Any CPU
		{032A85C6-BB30-46DA-95F7-0EFD534CEB99}.Release|ARM.ActiveCfg = Release|Any CPU
		{032A85C6-BB30-46DA-95F7-0EFD534CEB99}.Release|ARM.Build.0 = Release|Any CPU
		{032A85C6-BB30-46DA-95F7-0EFD534CEB99}.Release|ARM.Deploy.0 = Release|Any CPU
		{032A85C6-BB30-46DA-95F7-0EFD534CEB99}.Release|iPhone.ActiveCfg = Release|Any CPU
		{032A85C6-BB30-46DA-95F7-0EFD534CEB99}.Release|iPhone.Build.0 = Release|Any CPU
		{032A85C6-BB30-46DA-95F7-0EFD534CEB99}.Release|iPhone.Deploy.0 = Release|Any CPU
		{032A85C6-BB30-46DA-95F7-0EFD534CEB99}.Release|iPhoneSimulator.ActiveCfg = Release|Any CPU
		{032A85C6-BB30-46DA-95F7-0EFD534CEB99}.Release|iPhoneSimulator.Build.0 = Release|Any CPU
		{032A85C6-BB30-46DA-95F7-0EFD534CEB99}.Release|iPhoneSimulator.Deploy.0 = Release|Any CPU
		{032A85C6-BB30-46DA-95F7-0EFD534CEB99}.Release|x64.ActiveCfg = Release|Any CPU
		{032A85C6-BB30-46DA-95F7-0EFD534CEB99}.Release|x64.Build.0 = Release|Any CPU
		{032A85C6-BB30-46DA-95F7-0EFD534CEB99}.Release|x64.Deploy.0 = Release|Any CPU
		{032A85C6-BB30-46DA-95F7-0EFD534CEB99}.Release|x86.ActiveCfg = Release|Any CPU
		{032A85C6-BB30-46DA-95F7-0EFD534CEB99}.Release|x86.Build.0 = Release|Any CPU
		{032A85C6-BB30-46DA-95F7-0EFD534CEB99}.Release|x86.Deploy.0 = Release|Any CPU
		{51CE491C-E248-4C4B-B493-279EA854F66F}.Ad-Hoc|Any CPU.ActiveCfg = Release|Any CPU
		{51CE491C-E248-4C4B-B493-279EA854F66F}.Ad-Hoc|Any CPU.Build.0 = Release|Any CPU
		{51CE491C-E248-4C4B-B493-279EA854F66F}.Ad-Hoc|ARM.ActiveCfg = Release|Any CPU
		{51CE491C-E248-4C4B-B493-279EA854F66F}.Ad-Hoc|ARM.Build.0 = Release|Any CPU
		{51CE491C-E248-4C4B-B493-279EA854F66F}.Ad-Hoc|iPhone.ActiveCfg = Release|Any CPU
		{51CE491C-E248-4C4B-B493-279EA854F66F}.Ad-Hoc|iPhone.Build.0 = Release|Any CPU
		{51CE491C-E248-4C4B-B493-279EA854F66F}.Ad-Hoc|iPhoneSimulator.ActiveCfg = Release|Any CPU
		{51CE491C-E248-4C4B-B493-279EA854F66F}.Ad-Hoc|iPhoneSimulator.Build.0 = Release|Any CPU
		{51CE491C-E248-4C4B-B493-279EA854F66F}.Ad-Hoc|x64.ActiveCfg = Release|Any CPU
		{51CE491C-E248-4C4B-B493-279EA854F66F}.Ad-Hoc|x64.Build.0 = Release|Any CPU
		{51CE491C-E248-4C4B-B493-279EA854F66F}.Ad-Hoc|x86.ActiveCfg = Release|Any CPU
		{51CE491C-E248-4C4B-B493-279EA854F66F}.Ad-Hoc|x86.Build.0 = Release|Any CPU
		{51CE491C-E248-4C4B-B493-279EA854F66F}.AppStore|Any CPU.ActiveCfg = Release|Any CPU
		{51CE491C-E248-4C4B-B493-279EA854F66F}.AppStore|Any CPU.Build.0 = Release|Any CPU
		{51CE491C-E248-4C4B-B493-279EA854F66F}.AppStore|ARM.ActiveCfg = Release|Any CPU
		{51CE491C-E248-4C4B-B493-279EA854F66F}.AppStore|ARM.Build.0 = Release|Any CPU
		{51CE491C-E248-4C4B-B493-279EA854F66F}.AppStore|iPhone.ActiveCfg = Release|Any CPU
		{51CE491C-E248-4C4B-B493-279EA854F66F}.AppStore|iPhone.Build.0 = Release|Any CPU
		{51CE491C-E248-4C4B-B493-279EA854F66F}.AppStore|iPhoneSimulator.ActiveCfg = Release|Any CPU
		{51CE491C-E248-4C4B-B493-279EA854F66F}.AppStore|iPhoneSimulator.Build.0 = Release|Any CPU
		{51CE491C-E248-4C4B-B493-279EA854F66F}.AppStore|x64.ActiveCfg = Release|Any CPU
		{51CE491C-E248-4C4B-B493-279EA854F66F}.AppStore|x64.Build.0 = Release|Any CPU
		{51CE491C-E248-4C4B-B493-279EA854F66F}.AppStore|x86.ActiveCfg = Release|Any CPU
		{51CE491C-E248-4C4B-B493-279EA854F66F}.AppStore|x86.Build.0 = Release|Any CPU
		{51CE491C-E248-4C4B-B493-279EA854F66F}.Debug|Any CPU.ActiveCfg = Debug|Any CPU
		{51CE491C-E248-4C4B-B493-279EA854F66F}.Debug|Any CPU.Build.0 = Debug|Any CPU
		{51CE491C-E248-4C4B-B493-279EA854F66F}.Debug|ARM.ActiveCfg = Debug|Any CPU
		{51CE491C-E248-4C4B-B493-279EA854F66F}.Debug|ARM.Build.0 = Debug|Any CPU
		{51CE491C-E248-4C4B-B493-279EA854F66F}.Debug|iPhone.ActiveCfg = Debug|Any CPU
		{51CE491C-E248-4C4B-B493-279EA854F66F}.Debug|iPhone.Build.0 = Debug|Any CPU
		{51CE491C-E248-4C4B-B493-279EA854F66F}.Debug|iPhoneSimulator.ActiveCfg = Debug|Any CPU
		{51CE491C-E248-4C4B-B493-279EA854F66F}.Debug|iPhoneSimulator.Build.0 = Debug|Any CPU
		{51CE491C-E248-4C4B-B493-279EA854F66F}.Debug|x64.ActiveCfg = Debug|Any CPU
		{51CE491C-E248-4C4B-B493-279EA854F66F}.Debug|x64.Build.0 = Debug|Any CPU
		{51CE491C-E248-4C4B-B493-279EA854F66F}.Debug|x86.ActiveCfg = Debug|Any CPU
		{51CE491C-E248-4C4B-B493-279EA854F66F}.Debug|x86.Build.0 = Debug|Any CPU
		{51CE491C-E248-4C4B-B493-279EA854F66F}.Release|Any CPU.ActiveCfg = Release|Any CPU
		{51CE491C-E248-4C4B-B493-279EA854F66F}.Release|Any CPU.Build.0 = Release|Any CPU
		{51CE491C-E248-4C4B-B493-279EA854F66F}.Release|ARM.ActiveCfg = Release|Any CPU
		{51CE491C-E248-4C4B-B493-279EA854F66F}.Release|ARM.Build.0 = Release|Any CPU
		{51CE491C-E248-4C4B-B493-279EA854F66F}.Release|iPhone.ActiveCfg = Release|Any CPU
		{51CE491C-E248-4C4B-B493-279EA854F66F}.Release|iPhone.Build.0 = Release|Any CPU
		{51CE491C-E248-4C4B-B493-279EA854F66F}.Release|iPhoneSimulator.ActiveCfg = Release|Any CPU
		{51CE491C-E248-4C4B-B493-279EA854F66F}.Release|iPhoneSimulator.Build.0 = Release|Any CPU
		{51CE491C-E248-4C4B-B493-279EA854F66F}.Release|x64.ActiveCfg = Release|Any CPU
		{51CE491C-E248-4C4B-B493-279EA854F66F}.Release|x64.Build.0 = Release|Any CPU
		{51CE491C-E248-4C4B-B493-279EA854F66F}.Release|x86.ActiveCfg = Release|Any CPU
		{51CE491C-E248-4C4B-B493-279EA854F66F}.Release|x86.Build.0 = Release|Any CPU
		{C84E80C0-7035-4EC9-9C09-AA3E2D551DD4}.Ad-Hoc|Any CPU.ActiveCfg = Debug|Any CPU
		{C84E80C0-7035-4EC9-9C09-AA3E2D551DD4}.Ad-Hoc|Any CPU.Build.0 = Debug|Any CPU
		{C84E80C0-7035-4EC9-9C09-AA3E2D551DD4}.Ad-Hoc|Any CPU.Deploy.0 = Debug|Any CPU
		{C84E80C0-7035-4EC9-9C09-AA3E2D551DD4}.Ad-Hoc|ARM.ActiveCfg = Debug|Any CPU
		{C84E80C0-7035-4EC9-9C09-AA3E2D551DD4}.Ad-Hoc|ARM.Build.0 = Debug|Any CPU
		{C84E80C0-7035-4EC9-9C09-AA3E2D551DD4}.Ad-Hoc|ARM.Deploy.0 = Debug|Any CPU
		{C84E80C0-7035-4EC9-9C09-AA3E2D551DD4}.Ad-Hoc|iPhone.ActiveCfg = Debug|Any CPU
		{C84E80C0-7035-4EC9-9C09-AA3E2D551DD4}.Ad-Hoc|iPhone.Build.0 = Debug|Any CPU
		{C84E80C0-7035-4EC9-9C09-AA3E2D551DD4}.Ad-Hoc|iPhone.Deploy.0 = Debug|Any CPU
		{C84E80C0-7035-4EC9-9C09-AA3E2D551DD4}.Ad-Hoc|iPhoneSimulator.ActiveCfg = Debug|Any CPU
		{C84E80C0-7035-4EC9-9C09-AA3E2D551DD4}.Ad-Hoc|iPhoneSimulator.Build.0 = Debug|Any CPU
		{C84E80C0-7035-4EC9-9C09-AA3E2D551DD4}.Ad-Hoc|iPhoneSimulator.Deploy.0 = Debug|Any CPU
		{C84E80C0-7035-4EC9-9C09-AA3E2D551DD4}.Ad-Hoc|x64.ActiveCfg = Debug|Any CPU
		{C84E80C0-7035-4EC9-9C09-AA3E2D551DD4}.Ad-Hoc|x64.Build.0 = Debug|Any CPU
		{C84E80C0-7035-4EC9-9C09-AA3E2D551DD4}.Ad-Hoc|x64.Deploy.0 = Debug|Any CPU
		{C84E80C0-7035-4EC9-9C09-AA3E2D551DD4}.Ad-Hoc|x86.ActiveCfg = Debug|Any CPU
		{C84E80C0-7035-4EC9-9C09-AA3E2D551DD4}.Ad-Hoc|x86.Build.0 = Debug|Any CPU
		{C84E80C0-7035-4EC9-9C09-AA3E2D551DD4}.Ad-Hoc|x86.Deploy.0 = Debug|Any CPU
		{C84E80C0-7035-4EC9-9C09-AA3E2D551DD4}.AppStore|Any CPU.ActiveCfg = Debug|Any CPU
		{C84E80C0-7035-4EC9-9C09-AA3E2D551DD4}.AppStore|Any CPU.Build.0 = Debug|Any CPU
		{C84E80C0-7035-4EC9-9C09-AA3E2D551DD4}.AppStore|Any CPU.Deploy.0 = Debug|Any CPU
		{C84E80C0-7035-4EC9-9C09-AA3E2D551DD4}.AppStore|ARM.ActiveCfg = Debug|Any CPU
		{C84E80C0-7035-4EC9-9C09-AA3E2D551DD4}.AppStore|ARM.Build.0 = Debug|Any CPU
		{C84E80C0-7035-4EC9-9C09-AA3E2D551DD4}.AppStore|ARM.Deploy.0 = Debug|Any CPU
		{C84E80C0-7035-4EC9-9C09-AA3E2D551DD4}.AppStore|iPhone.ActiveCfg = Debug|Any CPU
		{C84E80C0-7035-4EC9-9C09-AA3E2D551DD4}.AppStore|iPhone.Build.0 = Debug|Any CPU
		{C84E80C0-7035-4EC9-9C09-AA3E2D551DD4}.AppStore|iPhone.Deploy.0 = Debug|Any CPU
		{C84E80C0-7035-4EC9-9C09-AA3E2D551DD4}.AppStore|iPhoneSimulator.ActiveCfg = Debug|Any CPU
		{C84E80C0-7035-4EC9-9C09-AA3E2D551DD4}.AppStore|iPhoneSimulator.Build.0 = Debug|Any CPU
		{C84E80C0-7035-4EC9-9C09-AA3E2D551DD4}.AppStore|iPhoneSimulator.Deploy.0 = Debug|Any CPU
		{C84E80C0-7035-4EC9-9C09-AA3E2D551DD4}.AppStore|x64.ActiveCfg = Debug|Any CPU
		{C84E80C0-7035-4EC9-9C09-AA3E2D551DD4}.AppStore|x64.Build.0 = Debug|Any CPU
		{C84E80C0-7035-4EC9-9C09-AA3E2D551DD4}.AppStore|x64.Deploy.0 = Debug|Any CPU
		{C84E80C0-7035-4EC9-9C09-AA3E2D551DD4}.AppStore|x86.ActiveCfg = Debug|Any CPU
		{C84E80C0-7035-4EC9-9C09-AA3E2D551DD4}.AppStore|x86.Build.0 = Debug|Any CPU
		{C84E80C0-7035-4EC9-9C09-AA3E2D551DD4}.AppStore|x86.Deploy.0 = Debug|Any CPU
		{C84E80C0-7035-4EC9-9C09-AA3E2D551DD4}.Debug|Any CPU.ActiveCfg = Debug|Any CPU
		{C84E80C0-7035-4EC9-9C09-AA3E2D551DD4}.Debug|Any CPU.Build.0 = Debug|Any CPU
		{C84E80C0-7035-4EC9-9C09-AA3E2D551DD4}.Debug|Any CPU.Deploy.0 = Debug|Any CPU
		{C84E80C0-7035-4EC9-9C09-AA3E2D551DD4}.Debug|ARM.ActiveCfg = Debug|Any CPU
		{C84E80C0-7035-4EC9-9C09-AA3E2D551DD4}.Debug|ARM.Build.0 = Debug|Any CPU
		{C84E80C0-7035-4EC9-9C09-AA3E2D551DD4}.Debug|ARM.Deploy.0 = Debug|Any CPU
		{C84E80C0-7035-4EC9-9C09-AA3E2D551DD4}.Debug|iPhone.ActiveCfg = Debug|Any CPU
		{C84E80C0-7035-4EC9-9C09-AA3E2D551DD4}.Debug|iPhone.Build.0 = Debug|Any CPU
		{C84E80C0-7035-4EC9-9C09-AA3E2D551DD4}.Debug|iPhone.Deploy.0 = Debug|Any CPU
		{C84E80C0-7035-4EC9-9C09-AA3E2D551DD4}.Debug|iPhoneSimulator.ActiveCfg = Debug|Any CPU
		{C84E80C0-7035-4EC9-9C09-AA3E2D551DD4}.Debug|iPhoneSimulator.Build.0 = Debug|Any CPU
		{C84E80C0-7035-4EC9-9C09-AA3E2D551DD4}.Debug|iPhoneSimulator.Deploy.0 = Debug|Any CPU
		{C84E80C0-7035-4EC9-9C09-AA3E2D551DD4}.Debug|x64.ActiveCfg = Debug|Any CPU
		{C84E80C0-7035-4EC9-9C09-AA3E2D551DD4}.Debug|x64.Build.0 = Debug|Any CPU
		{C84E80C0-7035-4EC9-9C09-AA3E2D551DD4}.Debug|x64.Deploy.0 = Debug|Any CPU
		{C84E80C0-7035-4EC9-9C09-AA3E2D551DD4}.Debug|x86.ActiveCfg = Debug|Any CPU
		{C84E80C0-7035-4EC9-9C09-AA3E2D551DD4}.Debug|x86.Build.0 = Debug|Any CPU
		{C84E80C0-7035-4EC9-9C09-AA3E2D551DD4}.Debug|x86.Deploy.0 = Debug|Any CPU
		{C84E80C0-7035-4EC9-9C09-AA3E2D551DD4}.Release|Any CPU.ActiveCfg = Release|Any CPU
		{C84E80C0-7035-4EC9-9C09-AA3E2D551DD4}.Release|Any CPU.Build.0 = Release|Any CPU
		{C84E80C0-7035-4EC9-9C09-AA3E2D551DD4}.Release|Any CPU.Deploy.0 = Release|Any CPU
		{C84E80C0-7035-4EC9-9C09-AA3E2D551DD4}.Release|ARM.ActiveCfg = Release|Any CPU
		{C84E80C0-7035-4EC9-9C09-AA3E2D551DD4}.Release|ARM.Build.0 = Release|Any CPU
		{C84E80C0-7035-4EC9-9C09-AA3E2D551DD4}.Release|ARM.Deploy.0 = Release|Any CPU
		{C84E80C0-7035-4EC9-9C09-AA3E2D551DD4}.Release|iPhone.ActiveCfg = Release|Any CPU
		{C84E80C0-7035-4EC9-9C09-AA3E2D551DD4}.Release|iPhone.Build.0 = Release|Any CPU
		{C84E80C0-7035-4EC9-9C09-AA3E2D551DD4}.Release|iPhone.Deploy.0 = Release|Any CPU
		{C84E80C0-7035-4EC9-9C09-AA3E2D551DD4}.Release|iPhoneSimulator.ActiveCfg = Release|Any CPU
		{C84E80C0-7035-4EC9-9C09-AA3E2D551DD4}.Release|iPhoneSimulator.Build.0 = Release|Any CPU
		{C84E80C0-7035-4EC9-9C09-AA3E2D551DD4}.Release|iPhoneSimulator.Deploy.0 = Release|Any CPU
		{C84E80C0-7035-4EC9-9C09-AA3E2D551DD4}.Release|x64.ActiveCfg = Release|Any CPU
		{C84E80C0-7035-4EC9-9C09-AA3E2D551DD4}.Release|x64.Build.0 = Release|Any CPU
		{C84E80C0-7035-4EC9-9C09-AA3E2D551DD4}.Release|x64.Deploy.0 = Release|Any CPU
		{C84E80C0-7035-4EC9-9C09-AA3E2D551DD4}.Release|x86.ActiveCfg = Release|Any CPU
		{C84E80C0-7035-4EC9-9C09-AA3E2D551DD4}.Release|x86.Build.0 = Release|Any CPU
		{C84E80C0-7035-4EC9-9C09-AA3E2D551DD4}.Release|x86.Deploy.0 = Release|Any CPU
		{CFC6E779-3EC7-4789-927D-C929E65F7E23}.Ad-Hoc|Any CPU.ActiveCfg = Release|Any CPU
		{CFC6E779-3EC7-4789-927D-C929E65F7E23}.Ad-Hoc|Any CPU.Build.0 = Release|Any CPU
		{CFC6E779-3EC7-4789-927D-C929E65F7E23}.Ad-Hoc|ARM.ActiveCfg = Release|Any CPU
		{CFC6E779-3EC7-4789-927D-C929E65F7E23}.Ad-Hoc|ARM.Build.0 = Release|Any CPU
		{CFC6E779-3EC7-4789-927D-C929E65F7E23}.Ad-Hoc|iPhone.ActiveCfg = Release|Any CPU
		{CFC6E779-3EC7-4789-927D-C929E65F7E23}.Ad-Hoc|iPhone.Build.0 = Release|Any CPU
		{CFC6E779-3EC7-4789-927D-C929E65F7E23}.Ad-Hoc|iPhoneSimulator.ActiveCfg = Release|Any CPU
		{CFC6E779-3EC7-4789-927D-C929E65F7E23}.Ad-Hoc|iPhoneSimulator.Build.0 = Release|Any CPU
		{CFC6E779-3EC7-4789-927D-C929E65F7E23}.Ad-Hoc|x64.ActiveCfg = Release|Any CPU
		{CFC6E779-3EC7-4789-927D-C929E65F7E23}.Ad-Hoc|x64.Build.0 = Release|Any CPU
		{CFC6E779-3EC7-4789-927D-C929E65F7E23}.Ad-Hoc|x86.ActiveCfg = Release|Any CPU
		{CFC6E779-3EC7-4789-927D-C929E65F7E23}.Ad-Hoc|x86.Build.0 = Release|Any CPU
		{CFC6E779-3EC7-4789-927D-C929E65F7E23}.AppStore|Any CPU.ActiveCfg = Release|Any CPU
		{CFC6E779-3EC7-4789-927D-C929E65F7E23}.AppStore|Any CPU.Build.0 = Release|Any CPU
		{CFC6E779-3EC7-4789-927D-C929E65F7E23}.AppStore|ARM.ActiveCfg = Release|Any CPU
		{CFC6E779-3EC7-4789-927D-C929E65F7E23}.AppStore|ARM.Build.0 = Release|Any CPU
		{CFC6E779-3EC7-4789-927D-C929E65F7E23}.AppStore|iPhone.ActiveCfg = Release|Any CPU
		{CFC6E779-3EC7-4789-927D-C929E65F7E23}.AppStore|iPhone.Build.0 = Release|Any CPU
		{CFC6E779-3EC7-4789-927D-C929E65F7E23}.AppStore|iPhoneSimulator.ActiveCfg = Release|Any CPU
		{CFC6E779-3EC7-4789-927D-C929E65F7E23}.AppStore|iPhoneSimulator.Build.0 = Release|Any CPU
		{CFC6E779-3EC7-4789-927D-C929E65F7E23}.AppStore|x64.ActiveCfg = Release|Any CPU
		{CFC6E779-3EC7-4789-927D-C929E65F7E23}.AppStore|x64.Build.0 = Release|Any CPU
		{CFC6E779-3EC7-4789-927D-C929E65F7E23}.AppStore|x86.ActiveCfg = Release|Any CPU
		{CFC6E779-3EC7-4789-927D-C929E65F7E23}.AppStore|x86.Build.0 = Release|Any CPU
		{CFC6E779-3EC7-4789-927D-C929E65F7E23}.Debug|Any CPU.ActiveCfg = Debug|Any CPU
		{CFC6E779-3EC7-4789-927D-C929E65F7E23}.Debug|Any CPU.Build.0 = Debug|Any CPU
		{CFC6E779-3EC7-4789-927D-C929E65F7E23}.Debug|ARM.ActiveCfg = Debug|Any CPU
		{CFC6E779-3EC7-4789-927D-C929E65F7E23}.Debug|ARM.Build.0 = Debug|Any CPU
		{CFC6E779-3EC7-4789-927D-C929E65F7E23}.Debug|iPhone.ActiveCfg = Debug|Any CPU
		{CFC6E779-3EC7-4789-927D-C929E65F7E23}.Debug|iPhone.Build.0 = Debug|Any CPU
		{CFC6E779-3EC7-4789-927D-C929E65F7E23}.Debug|iPhoneSimulator.ActiveCfg = Debug|Any CPU
		{CFC6E779-3EC7-4789-927D-C929E65F7E23}.Debug|iPhoneSimulator.Build.0 = Debug|Any CPU
		{CFC6E779-3EC7-4789-927D-C929E65F7E23}.Debug|x64.ActiveCfg = Debug|Any CPU
		{CFC6E779-3EC7-4789-927D-C929E65F7E23}.Debug|x64.Build.0 = Debug|Any CPU
		{CFC6E779-3EC7-4789-927D-C929E65F7E23}.Debug|x86.ActiveCfg = Debug|Any CPU
		{CFC6E779-3EC7-4789-927D-C929E65F7E23}.Debug|x86.Build.0 = Debug|Any CPU
		{CFC6E779-3EC7-4789-927D-C929E65F7E23}.Release|Any CPU.ActiveCfg = Release|Any CPU
		{CFC6E779-3EC7-4789-927D-C929E65F7E23}.Release|Any CPU.Build.0 = Release|Any CPU
		{CFC6E779-3EC7-4789-927D-C929E65F7E23}.Release|ARM.ActiveCfg = Release|Any CPU
		{CFC6E779-3EC7-4789-927D-C929E65F7E23}.Release|ARM.Build.0 = Release|Any CPU
		{CFC6E779-3EC7-4789-927D-C929E65F7E23}.Release|iPhone.ActiveCfg = Release|Any CPU
		{CFC6E779-3EC7-4789-927D-C929E65F7E23}.Release|iPhone.Build.0 = Release|Any CPU
		{CFC6E779-3EC7-4789-927D-C929E65F7E23}.Release|iPhoneSimulator.ActiveCfg = Release|Any CPU
		{CFC6E779-3EC7-4789-927D-C929E65F7E23}.Release|iPhoneSimulator.Build.0 = Release|Any CPU
		{CFC6E779-3EC7-4789-927D-C929E65F7E23}.Release|x64.ActiveCfg = Release|Any CPU
		{CFC6E779-3EC7-4789-927D-C929E65F7E23}.Release|x64.Build.0 = Release|Any CPU
		{CFC6E779-3EC7-4789-927D-C929E65F7E23}.Release|x86.ActiveCfg = Release|Any CPU
		{CFC6E779-3EC7-4789-927D-C929E65F7E23}.Release|x86.Build.0 = Release|Any CPU
	EndGlobalSection
	GlobalSection(SolutionProperties) = preSolution
		HideSolutionNode = FALSE
	EndGlobalSection
	GlobalSection(NestedProjects) = preSolution
		{7C5F116A-9F97-4C75-A75A-E6DC48C3D968} = {4958F175-82C8-487A-A19C-236B50FA7F0E}
		{34E00B8E-9F50-48DF-B39B-DC8FCE38FBC6} = {B855EBA7-B3E9-4453-AF53-E0A035413810}
		{72F4EEB2-DE7A-4C2B-A49C-11251783284D} = {B855EBA7-B3E9-4453-AF53-E0A035413810}
		{F1CEB39A-8C59-4F22-8A93-88E94359797B} = {B855EBA7-B3E9-4453-AF53-E0A035413810}
		{E1826938-623E-48C8-8070-CBFACD1A03CB} = {B855EBA7-B3E9-4453-AF53-E0A035413810}
		{11DFE9BA-73DC-4BF1-9AEC-33258E80AF06} = {4958F175-82C8-487A-A19C-236B50FA7F0E}
		{54130B01-3BA7-4A59-BD92-6CD50571D394} = {4958F175-82C8-487A-A19C-236B50FA7F0E}
		{289DE9DA-6FFD-4827-86D2-7B5F4C4460AA} = {4958F175-82C8-487A-A19C-236B50FA7F0E}
		{99404F78-19D1-48B2-98D8-039B95F14C35} = {A6260003-4FBC-4C12-BDDF-9A2D8A726A07}
		{51CE491C-E248-4C4B-B493-279EA854F66F} = {A6260003-4FBC-4C12-BDDF-9A2D8A726A07}
		{CFC6E779-3EC7-4789-927D-C929E65F7E23} = {A6260003-4FBC-4C12-BDDF-9A2D8A726A07}
	EndGlobalSection
	GlobalSection(ExtensibilityGlobals) = postSolution
		SolutionGuid = {E8560F51-29F3-463E-8CBE-AA12F4B3E6DD}
	EndGlobalSection
EndGlobal
