
Microsoft Visual Studio Solution File, Format Version 12.00
# Visual Studio Version 16
VisualStudioVersion = 16.0.29001.49
MinimumVisualStudioVersion = 10.0.40219.1
Project("{2150E333-8FDC-42A3-9474-1A3956D46DE8}") = "WebJob", "WebJob", "{B855EBA7-B3E9-4453-AF53-E0A035413810}"
EndProject
Project("{2150E333-8FDC-42A3-9474-1A3956D46DE8}") = "Mobile", "Mobile", "{4958F175-82C8-487A-A19C-236B50FA7F0E}"
EndProject
Project("{FAE04EC0-301F-11D3-BF4B-00C04F79EFBC}") = "DictaFoule.Mobile.iOS", "DictaFoule.Mobile\DictaFoule.Mobile.iOS\DictaFoule.Mobile.iOS.csproj", "{7C5F116A-9F97-4C75-A75A-E6DC48C3D968}"
EndProject
Project("{2150E333-8FDC-42A3-9474-1A3956D46DE8}") = "Test", "Test", "{A6260003-4FBC-4C12-BDDF-9A2D8A726A07}"
EndProject
Project("{FAE04EC0-301F-11D3-BF4B-00C04F79EFBC}") = "DictaFoule.Web", "DictaFoule.Web\DictaFoule.Web.csproj", "{C20642F1-688A-4770-AC38-9DEF55E69318}"
EndProject
Project("{FAE04EC0-301F-11D3-BF4B-00C04F79EFBC}") = "SoundCut.WebJob", "WebJob\SoundCut.WebJob\SoundCut.WebJob.csproj", "{A49B0CCF-626D-48AF-8638-933FFED3E4A6}"
EndProject
Project("{FAE04EC0-301F-11D3-BF4B-00C04F79EFBC}") = "SpeechToText.WebJob", "WebJob\SpeechToText.WebJob\SpeechToText.WebJob.csproj", "{E6C06B90-AC81-4F16-8D2E-365BC40CBAAB}"
EndProject
Project("{FAE04EC0-301F-11D3-BF4B-00C04F79EFBC}") = "TextToTask.WebJob", "TextToTask\TextToTask.WebJob.csproj", "{C7FC42B4-D0D7-4201-AB84-678C6D46E503}"
EndProject
Project("{FAE04EC0-301F-11D3-BF4B-00C04F79EFBC}") = "TaskToDoc.WebJob", "TaskToDoc.WebJob\TaskToDoc.WebJob.csproj", "{D875A62D-4784-4E1C-932E-B5A99652B45A}"
EndProject
Project("{FAE04EC0-301F-11D3-BF4B-00C04F79EFBC}") = "DictaFoule.Common", "DictaFoule.Common\DictaFoule.Common.csproj", "{F66BB319-3017-4826-B95C-9B07C4E69E2A}"
EndProject
Project("{FAE04EC0-301F-11D3-BF4B-00C04F79EFBC}") = "DictaFoule.API", "DictaFoule.API\DictaFoule.API.csproj", "{31352207-6066-429A-80B3-6E23B4F7E718}"
EndProject
Project("{9344BDBB-3E7F-41FC-A0DD-8665D75EE146}") = "DictaFoule.Mobile.UWP", "DictaFoule.Mobile\DictaFoule.Mobile.UWP\DictaFoule.Mobile.UWP.csproj", "{11DFE9BA-73DC-4BF1-9AEC-33258E80AF06}"
EndProject
Project("{D954291E-2A0B-460D-934E-DC6B0785DB48}") = "DictaFoule.Mobile", "DictaFoule.Mobile\DictaFoule.Mobile\DictaFoule.Mobile.shproj", "{A721F12F-FEF0-4F6B-9353-65168A26F5A7}"
EndProject
Project("{FAE04EC0-301F-11D3-BF4B-00C04F79EFBC}") = "Dictafoule.Mobile.IOS.Test", "DictaFoule.Mobile\Dictafoule.Mobile.IOS.Test\Dictafoule.Mobile.IOS.Test.csproj", "{289DE9DA-6FFD-4827-86D2-7B5F4C4460AA}"
EndProject
Project("{FAE04EC0-301F-11D3-BF4B-00C04F79EFBC}") = "Dictafoule.Web.Test", "Test\Dictafoule.Web.Test\Dictafoule.Web.Test.csproj", "{CFC6E779-3EC7-4789-927D-C929E65F7E23}"
EndProject
Project("{FAE04EC0-301F-11D3-BF4B-00C04F79EFBC}") = "Dictafoule.Api.Test", "Test\Dictafoule.Api.Test\Dictafoule.Api.Test.csproj", "{51CE491C-E248-4C4B-B493-279EA854F66F}"
EndProject
Project("{00D1A9C2-B5F0-4AF3-8072-F6C62B433612}") = "Dictafoule.Db", "Dictafoule.Db\Dictafoule.Db.sqlproj", "{C84E80C0-7035-4EC9-9C09-AA3E2D551DD4}"
EndProject
Global
	GlobalSection(SharedMSBuildProjectFiles) = preSolution
		DictaFoule.Mobile\DictaFoule.Mobile\DictaFoule.Mobile.projitems*{a721f12f-fef0-4f6b-9353-65168a26f5a7}*SharedItemsImports = 13
	EndGlobalSection
	GlobalSection(SolutionConfigurationPlatforms) = preSolution
		Ad-Hoc|Any CPU = Ad-Hoc|Any CPU
		Ad-Hoc|ARM = Ad-Hoc|ARM
		Ad-Hoc|iPhone = Ad-Hoc|iPhone
		Ad-Hoc|iPhoneSimulator = Ad-Hoc|iPhoneSimulator
		Ad-Hoc|x64 = Ad-Hoc|x64
		Ad-Hoc|x86 = Ad-Hoc|x86
		AppStore|Any CPU = AppStore|Any CPU
		AppStore|ARM = AppStore|ARM
		AppStore|iPhone = AppStore|iPhone
		AppStore|iPhoneSimulator = AppStore|iPhoneSimulator
		AppStore|x64 = AppStore|x64
		AppStore|x86 = AppStore|x86
		Debug|Any CPU = Debug|Any CPU
		Debug|ARM = Debug|ARM
		Debug|iPhone = Debug|iPhone
		Debug|iPhoneSimulator = Debug|iPhoneSimulator
		Debug|x64 = Debug|x64
		Debug|x86 = Debug|x86
		Release|Any CPU = Release|Any CPU
		Release|ARM = Release|ARM
		Release|iPhone = Release|iPhone
		Release|iPhoneSimulator = Release|iPhoneSimulator
		Release|x64 = Release|x64
		Release|x86 = Release|x86
	EndGlobalSection
	GlobalSection(ProjectConfigurationPlatforms) = postSolution
		{7C5F116A-9F97-4C75-A75A-E6DC48C3D968}.Ad-Hoc|Any CPU.ActiveCfg = Release|iPhone
		{7C5F116A-9F97-4C75-A75A-E6DC48C3D968}.Ad-Hoc|Any CPU.Build.0 = Release|iPhone
		{7C5F116A-9F97-4C75-A75A-E6DC48C3D968}.Ad-Hoc|ARM.ActiveCfg = Release|iPhone
		{7C5F116A-9F97-4C75-A75A-E6DC48C3D968}.Ad-Hoc|ARM.Build.0 = Release|iPhone
		{7C5F116A-9F97-4C75-A75A-E6DC48C3D968}.Ad-Hoc|iPhone.ActiveCfg = Release|iPhone
		{7C5F116A-9F97-4C75-A75A-E6DC48C3D968}.Ad-Hoc|iPhone.Build.0 = Release|iPhone
		{7C5F116A-9F97-4C75-A75A-E6DC48C3D968}.Ad-Hoc|iPhoneSimulator.ActiveCfg = Release|iPhoneSimulator
		{7C5F116A-9F97-4C75-A75A-E6DC48C3D968}.Ad-Hoc|iPhoneSimulator.Build.0 = Release|iPhoneSimulator
		{7C5F116A-9F97-4C75-A75A-E6DC48C3D968}.Ad-Hoc|x64.ActiveCfg = Release|iPhone
		{7C5F116A-9F97-4C75-A75A-E6DC48C3D968}.Ad-Hoc|x64.Build.0 = Release|iPhone
		{7C5F116A-9F97-4C75-A75A-E6DC48C3D968}.Ad-Hoc|x86.ActiveCfg = Release|iPhone
		{7C5F116A-9F97-4C75-A75A-E6DC48C3D968}.Ad-Hoc|x86.Build.0 = Release|iPhone
		{7C5F116A-9F97-4C75-A75A-E6DC48C3D968}.AppStore|Any CPU.ActiveCfg = Release|iPhone
		{7C5F116A-9F97-4C75-A75A-E6DC48C3D968}.AppStore|Any CPU.Build.0 = Release|iPhone
		{7C5F116A-9F97-4C75-A75A-E6DC48C3D968}.AppStore|ARM.ActiveCfg = Release|iPhone
		{7C5F116A-9F97-4C75-A75A-E6DC48C3D968}.AppStore|ARM.Build.0 = Release|iPhone
		{7C5F116A-9F97-4C75-A75A-E6DC48C3D968}.AppStore|iPhone.ActiveCfg = Release|iPhone
		{7C5F116A-9F97-4C75-A75A-E6DC48C3D968}.AppStore|iPhone.Build.0 = Release|iPhone
		{7C5F116A-9F97-4C75-A75A-E6DC48C3D968}.AppStore|iPhoneSimulator.ActiveCfg = Release|iPhoneSimulator
		{7C5F116A-9F97-4C75-A75A-E6DC48C3D968}.AppStore|iPhoneSimulator.Build.0 = Release|iPhoneSimulator
		{7C5F116A-9F97-4C75-A75A-E6DC48C3D968}.AppStore|x64.ActiveCfg = Release|iPhone
		{7C5F116A-9F97-4C75-A75A-E6DC48C3D968}.AppStore|x64.Build.0 = Release|iPhone
		{7C5F116A-9F97-4C75-A75A-E6DC48C3D968}.AppStore|x86.ActiveCfg = Release|iPhone
		{7C5F116A-9F97-4C75-A75A-E6DC48C3D968}.AppStore|x86.Build.0 = Release|iPhone
		{7C5F116A-9F97-4C75-A75A-E6DC48C3D968}.Debug|Any CPU.ActiveCfg = Debug|iPhone
		{7C5F116A-9F97-4C75-A75A-E6DC48C3D968}.Debug|ARM.ActiveCfg = Debug|iPhone
		{7C5F116A-9F97-4C75-A75A-E6DC48C3D968}.Debug|iPhone.ActiveCfg = Debug|iPhone
		{7C5F116A-9F97-4C75-A75A-E6DC48C3D968}.Debug|iPhone.Build.0 = Debug|iPhone
		{7C5F116A-9F97-4C75-A75A-E6DC48C3D968}.Debug|iPhoneSimulator.ActiveCfg = Debug|iPhoneSimulator
		{7C5F116A-9F97-4C75-A75A-E6DC48C3D968}.Debug|iPhoneSimulator.Build.0 = Debug|iPhoneSimulator
		{7C5F116A-9F97-4C75-A75A-E6DC48C3D968}.Debug|x64.ActiveCfg = Debug|iPhone
		{7C5F116A-9F97-4C75-A75A-E6DC48C3D968}.Debug|x86.ActiveCfg = Debug|iPhone
		{7C5F116A-9F97-4C75-A75A-E6DC48C3D968}.Release|Any CPU.ActiveCfg = Release|iPhone
		{7C5F116A-9F97-4C75-A75A-E6DC48C3D968}.Release|ARM.ActiveCfg = Release|iPhone
		{7C5F116A-9F97-4C75-A75A-E6DC48C3D968}.Release|iPhone.ActiveCfg = Release|iPhone
		{7C5F116A-9F97-4C75-A75A-E6DC48C3D968}.Release|iPhone.Build.0 = Release|iPhone
		{7C5F116A-9F97-4C75-A75A-E6DC48C3D968}.Release|iPhoneSimulator.ActiveCfg = Release|iPhoneSimulator
		{7C5F116A-9F97-4C75-A75A-E6DC48C3D968}.Release|iPhoneSimulator.Build.0 = Release|iPhoneSimulator
		{7C5F116A-9F97-4C75-A75A-E6DC48C3D968}.Release|x64.ActiveCfg = Release|iPhone
		{7C5F116A-9F97-4C75-A75A-E6DC48C3D968}.Release|x86.ActiveCfg = Release|iPhone
		{C20642F1-688A-4770-AC38-9DEF55E69318}.Ad-Hoc|Any CPU.ActiveCfg = Release|Any CPU
		{C20642F1-688A-4770-AC38-9DEF55E69318}.Ad-Hoc|Any CPU.Build.0 = Release|Any CPU
		{C20642F1-688A-4770-AC38-9DEF55E69318}.Ad-Hoc|ARM.ActiveCfg = Release|Any CPU
		{C20642F1-688A-4770-AC38-9DEF55E69318}.Ad-Hoc|ARM.Build.0 = Release|Any CPU
		{C20642F1-688A-4770-AC38-9DEF55E69318}.Ad-Hoc|iPhone.ActiveCfg = Release|Any CPU
		{C20642F1-688A-4770-AC38-9DEF55E69318}.Ad-Hoc|iPhone.Build.0 = Release|Any CPU
		{C20642F1-688A-4770-AC38-9DEF55E69318}.Ad-Hoc|iPhoneSimulator.ActiveCfg = Release|Any CPU
		{C20642F1-688A-4770-AC38-9DEF55E69318}.Ad-Hoc|iPhoneSimulator.Build.0 = Release|Any CPU
		{C20642F1-688A-4770-AC38-9DEF55E69318}.Ad-Hoc|x64.ActiveCfg = Release|Any CPU
		{C20642F1-688A-4770-AC38-9DEF55E69318}.Ad-Hoc|x64.Build.0 = Release|Any CPU
		{C20642F1-688A-4770-AC38-9DEF55E69318}.Ad-Hoc|x86.ActiveCfg = Release|Any CPU
		{C20642F1-688A-4770-AC38-9DEF55E69318}.Ad-Hoc|x86.Build.0 = Release|Any CPU
		{C20642F1-688A-4770-AC38-9DEF55E69318}.AppStore|Any CPU.ActiveCfg = Release|Any CPU
		{C20642F1-688A-4770-AC38-9DEF55E69318}.AppStore|Any CPU.Build.0 = Release|Any CPU
		{C20642F1-688A-4770-AC38-9DEF55E69318}.AppStore|ARM.ActiveCfg = Release|Any CPU
		{C20642F1-688A-4770-AC38-9DEF55E69318}.AppStore|ARM.Build.0 = Release|Any CPU
		{C20642F1-688A-4770-AC38-9DEF55E69318}.AppStore|iPhone.ActiveCfg = Release|Any CPU
		{C20642F1-688A-4770-AC38-9DEF55E69318}.AppStore|iPhone.Build.0 = Release|Any CPU
		{C20642F1-688A-4770-AC38-9DEF55E69318}.AppStore|iPhoneSimulator.ActiveCfg = Release|Any CPU
		{C20642F1-688A-4770-AC38-9DEF55E69318}.AppStore|iPhoneSimulator.Build.0 = Release|Any CPU
		{C20642F1-688A-4770-AC38-9DEF55E69318}.AppStore|x64.ActiveCfg = Release|Any CPU
		{C20642F1-688A-4770-AC38-9DEF55E69318}.AppStore|x64.Build.0 = Release|Any CPU
		{C20642F1-688A-4770-AC38-9DEF55E69318}.AppStore|x86.ActiveCfg = Release|Any CPU
		{C20642F1-688A-4770-AC38-9DEF55E69318}.AppStore|x86.Build.0 = Release|Any CPU
		{C20642F1-688A-4770-AC38-9DEF55E69318}.Debug|Any CPU.ActiveCfg = Debug|Any CPU
		{C20642F1-688A-4770-AC38-9DEF55E69318}.Debug|Any CPU.Build.0 = Debug|Any CPU
		{C20642F1-688A-4770-AC38-9DEF55E69318}.Debug|ARM.ActiveCfg = Debug|Any CPU
		{C20642F1-688A-4770-AC38-9DEF55E69318}.Debug|ARM.Build.0 = Debug|Any CPU
		{C20642F1-688A-4770-AC38-9DEF55E69318}.Debug|iPhone.ActiveCfg = Debug|Any CPU
		{C20642F1-688A-4770-AC38-9DEF55E69318}.Debug|iPhone.Build.0 = Debug|Any CPU
		{C20642F1-688A-4770-AC38-9DEF55E69318}.Debug|iPhoneSimulator.ActiveCfg = Debug|Any CPU
		{C20642F1-688A-4770-AC38-9DEF55E69318}.Debug|iPhoneSimulator.Build.0 = Debug|Any CPU
		{C20642F1-688A-4770-AC38-9DEF55E69318}.Debug|x64.ActiveCfg = Debug|Any CPU
		{C20642F1-688A-4770-AC38-9DEF55E69318}.Debug|x64.Build.0 = Debug|Any CPU
		{C20642F1-688A-4770-AC38-9DEF55E69318}.Debug|x86.ActiveCfg = Debug|Any CPU
		{C20642F1-688A-4770-AC38-9DEF55E69318}.Debug|x86.Build.0 = Debug|Any CPU
		{C20642F1-688A-4770-AC38-9DEF55E69318}.Release|Any CPU.ActiveCfg = Release|Any CPU
		{C20642F1-688A-4770-AC38-9DEF55E69318}.Release|Any CPU.Build.0 = Release|Any CPU
		{C20642F1-688A-4770-AC38-9DEF55E69318}.Release|ARM.ActiveCfg = Release|Any CPU
		{C20642F1-688A-4770-AC38-9DEF55E69318}.Release|ARM.Build.0 = Release|Any CPU
		{C20642F1-688A-4770-AC38-9DEF55E69318}.Release|iPhone.ActiveCfg = Release|Any CPU
		{C20642F1-688A-4770-AC38-9DEF55E69318}.Release|iPhone.Build.0 = Release|Any CPU
		{C20642F1-688A-4770-AC38-9DEF55E69318}.Release|iPhoneSimulator.ActiveCfg = Release|Any CPU
		{C20642F1-688A-4770-AC38-9DEF55E69318}.Release|iPhoneSimulator.Build.0 = Release|Any CPU
		{C20642F1-688A-4770-AC38-9DEF55E69318}.Release|x64.ActiveCfg = Release|Any CPU
		{C20642F1-688A-4770-AC38-9DEF55E69318}.Release|x64.Build.0 = Release|Any CPU
		{C20642F1-688A-4770-AC38-9DEF55E69318}.Release|x86.ActiveCfg = Release|Any CPU
		{C20642F1-688A-4770-AC38-9DEF55E69318}.Release|x86.Build.0 = Release|Any CPU
		{A49B0CCF-626D-48AF-8638-933FFED3E4A6}.Ad-Hoc|Any CPU.ActiveCfg = Release|Any CPU
		{A49B0CCF-626D-48AF-8638-933FFED3E4A6}.Ad-Hoc|Any CPU.Build.0 = Release|Any CPU
		{A49B0CCF-626D-48AF-8638-933FFED3E4A6}.Ad-Hoc|ARM.ActiveCfg = Release|Any CPU
		{A49B0CCF-626D-48AF-8638-933FFED3E4A6}.Ad-Hoc|ARM.Build.0 = Release|Any CPU
		{A49B0CCF-626D-48AF-8638-933FFED3E4A6}.Ad-Hoc|iPhone.ActiveCfg = Release|Any CPU
		{A49B0CCF-626D-48AF-8638-933FFED3E4A6}.Ad-Hoc|iPhone.Build.0 = Release|Any CPU
		{A49B0CCF-626D-48AF-8638-933FFED3E4A6}.Ad-Hoc|iPhoneSimulator.ActiveCfg = Release|Any CPU
		{A49B0CCF-626D-48AF-8638-933FFED3E4A6}.Ad-Hoc|iPhoneSimulator.Build.0 = Release|Any CPU
		{A49B0CCF-626D-48AF-8638-933FFED3E4A6}.Ad-Hoc|x64.ActiveCfg = Release|Any CPU
		{A49B0CCF-626D-48AF-8638-933FFED3E4A6}.Ad-Hoc|x64.Build.0 = Release|Any CPU
		{A49B0CCF-626D-48AF-8638-933FFED3E4A6}.Ad-Hoc|x86.ActiveCfg = Release|Any CPU
		{A49B0CCF-626D-48AF-8638-933FFED3E4A6}.Ad-Hoc|x86.Build.0 = Release|Any CPU
		{A49B0CCF-626D-48AF-8638-933FFED3E4A6}.AppStore|Any CPU.ActiveCfg = Release|Any CPU
		{A49B0CCF-626D-48AF-8638-933FFED3E4A6}.AppStore|Any CPU.Build.0 = Release|Any CPU
		{A49B0CCF-626D-48AF-8638-933FFED3E4A6}.AppStore|ARM.ActiveCfg = Release|Any CPU
		{A49B0CCF-626D-48AF-8638-933FFED3E4A6}.AppStore|ARM.Build.0 = Release|Any CPU
		{A49B0CCF-626D-48AF-8638-933FFED3E4A6}.AppStore|iPhone.ActiveCfg = Release|Any CPU
		{A49B0CCF-626D-48AF-8638-933FFED3E4A6}.AppStore|iPhone.Build.0 = Release|Any CPU
		{A49B0CCF-626D-48AF-8638-933FFED3E4A6}.AppStore|iPhoneSimulator.ActiveCfg = Release|Any CPU
		{A49B0CCF-626D-48AF-8638-933FFED3E4A6}.AppStore|iPhoneSimulator.Build.0 = Release|Any CPU
		{A49B0CCF-626D-48AF-8638-933FFED3E4A6}.AppStore|x64.ActiveCfg = Release|Any CPU
		{A49B0CCF-626D-48AF-8638-933FFED3E4A6}.AppStore|x64.Build.0 = Release|Any CPU
		{A49B0CCF-626D-48AF-8638-933FFED3E4A6}.AppStore|x86.ActiveCfg = Release|Any CPU
		{A49B0CCF-626D-48AF-8638-933FFED3E4A6}.AppStore|x86.Build.0 = Release|Any CPU
		{A49B0CCF-626D-48AF-8638-933FFED3E4A6}.Debug|Any CPU.ActiveCfg = Debug|Any CPU
		{A49B0CCF-626D-48AF-8638-933FFED3E4A6}.Debug|Any CPU.Build.0 = Debug|Any CPU
		{A49B0CCF-626D-48AF-8638-933FFED3E4A6}.Debug|ARM.ActiveCfg = Debug|Any CPU
		{A49B0CCF-626D-48AF-8638-933FFED3E4A6}.Debug|ARM.Build.0 = Debug|Any CPU
		{A49B0CCF-626D-48AF-8638-933FFED3E4A6}.Debug|iPhone.ActiveCfg = Debug|Any CPU
		{A49B0CCF-626D-48AF-8638-933FFED3E4A6}.Debug|iPhone.Build.0 = Debug|Any CPU
		{A49B0CCF-626D-48AF-8638-933FFED3E4A6}.Debug|iPhoneSimulator.ActiveCfg = Debug|Any CPU
		{A49B0CCF-626D-48AF-8638-933FFED3E4A6}.Debug|iPhoneSimulator.Build.0 = Debug|Any CPU
		{A49B0CCF-626D-48AF-8638-933FFED3E4A6}.Debug|x64.ActiveCfg = Debug|Any CPU
		{A49B0CCF-626D-48AF-8638-933FFED3E4A6}.Debug|x64.Build.0 = Debug|Any CPU
		{A49B0CCF-626D-48AF-8638-933FFED3E4A6}.Debug|x86.ActiveCfg = Debug|Any CPU
		{A49B0CCF-626D-48AF-8638-933FFED3E4A6}.Debug|x86.Build.0 = Debug|Any CPU
		{A49B0CCF-626D-48AF-8638-933FFED3E4A6}.Release|Any CPU.ActiveCfg = Release|Any CPU
		{A49B0CCF-626D-48AF-8638-933FFED3E4A6}.Release|Any CPU.Build.0 = Release|Any CPU
		{A49B0CCF-626D-48AF-8638-933FFED3E4A6}.Release|ARM.ActiveCfg = Release|Any CPU
		{A49B0CCF-626D-48AF-8638-933FFED3E4A6}.Release|ARM.Build.0 = Release|Any CPU
		{A49B0CCF-626D-48AF-8638-933FFED3E4A6}.Release|iPhone.ActiveCfg = Release|Any CPU
		{A49B0CCF-626D-48AF-8638-933FFED3E4A6}.Release|iPhone.Build.0 = Release|Any CPU
		{A49B0CCF-626D-48AF-8638-933FFED3E4A6}.Release|iPhoneSimulator.ActiveCfg = Release|Any CPU
		{A49B0CCF-626D-48AF-8638-933FFED3E4A6}.Release|iPhoneSimulator.Build.0 = Release|Any CPU
		{A49B0CCF-626D-48AF-8638-933FFED3E4A6}.Release|x64.ActiveCfg = Release|Any CPU
		{A49B0CCF-626D-48AF-8638-933FFED3E4A6}.Release|x64.Build.0 = Release|Any CPU
		{A49B0CCF-626D-48AF-8638-933FFED3E4A6}.Release|x86.ActiveCfg = Release|Any CPU
		{A49B0CCF-626D-48AF-8638-933FFED3E4A6}.Release|x86.Build.0 = Release|Any CPU
		{E6C06B90-AC81-4F16-8D2E-365BC40CBAAB}.Ad-Hoc|Any CPU.ActiveCfg = Release|Any CPU
		{E6C06B90-AC81-4F16-8D2E-365BC40CBAAB}.Ad-Hoc|Any CPU.Build.0 = Release|Any CPU
		{E6C06B90-AC81-4F16-8D2E-365BC40CBAAB}.Ad-Hoc|ARM.ActiveCfg = Release|Any CPU
		{E6C06B90-AC81-4F16-8D2E-365BC40CBAAB}.Ad-Hoc|ARM.Build.0 = Release|Any CPU
		{E6C06B90-AC81-4F16-8D2E-365BC40CBAAB}.Ad-Hoc|iPhone.ActiveCfg = Release|Any CPU
		{E6C06B90-AC81-4F16-8D2E-365BC40CBAAB}.Ad-Hoc|iPhone.Build.0 = Release|Any CPU
		{E6C06B90-AC81-4F16-8D2E-365BC40CBAAB}.Ad-Hoc|iPhoneSimulator.ActiveCfg = Release|Any CPU
		{E6C06B90-AC81-4F16-8D2E-365BC40CBAAB}.Ad-Hoc|iPhoneSimulator.Build.0 = Release|Any CPU
		{E6C06B90-AC81-4F16-8D2E-365BC40CBAAB}.Ad-Hoc|x64.ActiveCfg = Release|Any CPU
		{E6C06B90-AC81-4F16-8D2E-365BC40CBAAB}.Ad-Hoc|x64.Build.0 = Release|Any CPU
		{E6C06B90-AC81-4F16-8D2E-365BC40CBAAB}.Ad-Hoc|x86.ActiveCfg = Release|Any CPU
		{E6C06B90-AC81-4F16-8D2E-365BC40CBAAB}.Ad-Hoc|x86.Build.0 = Release|Any CPU
		{E6C06B90-AC81-4F16-8D2E-365BC40CBAAB}.AppStore|Any CPU.ActiveCfg = Release|Any CPU
		{E6C06B90-AC81-4F16-8D2E-365BC40CBAAB}.AppStore|Any CPU.Build.0 = Release|Any CPU
		{E6C06B90-AC81-4F16-8D2E-365BC40CBAAB}.AppStore|ARM.ActiveCfg = Release|Any CPU
		{E6C06B90-AC81-4F16-8D2E-365BC40CBAAB}.AppStore|ARM.Build.0 = Release|Any CPU
		{E6C06B90-AC81-4F16-8D2E-365BC40CBAAB}.AppStore|iPhone.ActiveCfg = Release|Any CPU
		{E6C06B90-AC81-4F16-8D2E-365BC40CBAAB}.AppStore|iPhone.Build.0 = Release|Any CPU
		{E6C06B90-AC81-4F16-8D2E-365BC40CBAAB}.AppStore|iPhoneSimulator.ActiveCfg = Release|Any CPU
		{E6C06B90-AC81-4F16-8D2E-365BC40CBAAB}.AppStore|iPhoneSimulator.Build.0 = Release|Any CPU
		{E6C06B90-AC81-4F16-8D2E-365BC40CBAAB}.AppStore|x64.ActiveCfg = Release|Any CPU
		{E6C06B90-AC81-4F16-8D2E-365BC40CBAAB}.AppStore|x64.Build.0 = Release|Any CPU
		{E6C06B90-AC81-4F16-8D2E-365BC40CBAAB}.AppStore|x86.ActiveCfg = Release|Any CPU
		{E6C06B90-AC81-4F16-8D2E-365BC40CBAAB}.AppStore|x86.Build.0 = Release|Any CPU
		{E6C06B90-AC81-4F16-8D2E-365BC40CBAAB}.Debug|Any CPU.ActiveCfg = Debug|Any CPU
		{E6C06B90-AC81-4F16-8D2E-365BC40CBAAB}.Debug|Any CPU.Build.0 = Debug|Any CPU
		{E6C06B90-AC81-4F16-8D2E-365BC40CBAAB}.Debug|ARM.ActiveCfg = Debug|Any CPU
		{E6C06B90-AC81-4F16-8D2E-365BC40CBAAB}.Debug|ARM.Build.0 = Debug|Any CPU
		{E6C06B90-AC81-4F16-8D2E-365BC40CBAAB}.Debug|iPhone.ActiveCfg = Debug|Any CPU
		{E6C06B90-AC81-4F16-8D2E-365BC40CBAAB}.Debug|iPhone.Build.0 = Debug|Any CPU
		{E6C06B90-AC81-4F16-8D2E-365BC40CBAAB}.Debug|iPhoneSimulator.ActiveCfg = Debug|Any CPU
		{E6C06B90-AC81-4F16-8D2E-365BC40CBAAB}.Debug|iPhoneSimulator.Build.0 = Debug|Any CPU
		{E6C06B90-AC81-4F16-8D2E-365BC40CBAAB}.Debug|x64.ActiveCfg = Debug|Any CPU
		{E6C06B90-AC81-4F16-8D2E-365BC40CBAAB}.Debug|x64.Build.0 = Debug|Any CPU
		{E6C06B90-AC81-4F16-8D2E-365BC40CBAAB}.Debug|x86.ActiveCfg = Debug|Any CPU
		{E6C06B90-AC81-4F16-8D2E-365BC40CBAAB}.Debug|x86.Build.0 = Debug|Any CPU
		{E6C06B90-AC81-4F16-8D2E-365BC40CBAAB}.Release|Any CPU.ActiveCfg = Release|Any CPU
		{E6C06B90-AC81-4F16-8D2E-365BC40CBAAB}.Release|Any CPU.Build.0 = Release|Any CPU
		{E6C06B90-AC81-4F16-8D2E-365BC40CBAAB}.Release|ARM.ActiveCfg = Release|Any CPU
		{E6C06B90-AC81-4F16-8D2E-365BC40CBAAB}.Release|ARM.Build.0 = Release|Any CPU
		{E6C06B90-AC81-4F16-8D2E-365BC40CBAAB}.Release|iPhone.ActiveCfg = Release|Any CPU
		{E6C06B90-AC81-4F16-8D2E-365BC40CBAAB}.Release|iPhone.Build.0 = Release|Any CPU
		{E6C06B90-AC81-4F16-8D2E-365BC40CBAAB}.Release|iPhoneSimulator.ActiveCfg = Release|Any CPU
		{E6C06B90-AC81-4F16-8D2E-365BC40CBAAB}.Release|iPhoneSimulator.Build.0 = Release|Any CPU
		{E6C06B90-AC81-4F16-8D2E-365BC40CBAAB}.Release|x64.ActiveCfg = Release|Any CPU
		{E6C06B90-AC81-4F16-8D2E-365BC40CBAAB}.Release|x64.Build.0 = Release|Any CPU
		{E6C06B90-AC81-4F16-8D2E-365BC40CBAAB}.Release|x86.ActiveCfg = Release|Any CPU
		{E6C06B90-AC81-4F16-8D2E-365BC40CBAAB}.Release|x86.Build.0 = Release|Any CPU
		{C7FC42B4-D0D7-4201-AB84-678C6D46E503}.Ad-Hoc|Any CPU.ActiveCfg = Release|Any CPU
		{C7FC42B4-D0D7-4201-AB84-678C6D46E503}.Ad-Hoc|Any CPU.Build.0 = Release|Any CPU
		{C7FC42B4-D0D7-4201-AB84-678C6D46E503}.Ad-Hoc|ARM.ActiveCfg = Release|Any CPU
		{C7FC42B4-D0D7-4201-AB84-678C6D46E503}.Ad-Hoc|ARM.Build.0 = Release|Any CPU
		{C7FC42B4-D0D7-4201-AB84-678C6D46E503}.Ad-Hoc|iPhone.ActiveCfg = Release|Any CPU
		{C7FC42B4-D0D7-4201-AB84-678C6D46E503}.Ad-Hoc|iPhone.Build.0 = Release|Any CPU
		{C7FC42B4-D0D7-4201-AB84-678C6D46E503}.Ad-Hoc|iPhoneSimulator.ActiveCfg = Release|Any CPU
		{C7FC42B4-D0D7-4201-AB84-678C6D46E503}.Ad-Hoc|iPhoneSimulator.Build.0 = Release|Any CPU
		{C7FC42B4-D0D7-4201-AB84-678C6D46E503}.Ad-Hoc|x64.ActiveCfg = Release|Any CPU
		{C7FC42B4-D0D7-4201-AB84-678C6D46E503}.Ad-Hoc|x64.Build.0 = Release|Any CPU
		{C7FC42B4-D0D7-4201-AB84-678C6D46E503}.Ad-Hoc|x86.ActiveCfg = Release|Any CPU
		{C7FC42B4-D0D7-4201-AB84-678C6D46E503}.Ad-Hoc|x86.Build.0 = Release|Any CPU
		{C7FC42B4-D0D7-4201-AB84-678C6D46E503}.AppStore|Any CPU.ActiveCfg = Release|Any CPU
		{C7FC42B4-D0D7-4201-AB84-678C6D46E503}.AppStore|Any CPU.Build.0 = Release|Any CPU
		{C7FC42B4-D0D7-4201-AB84-678C6D46E503}.AppStore|ARM.ActiveCfg = Release|Any CPU
		{C7FC42B4-D0D7-4201-AB84-678C6D46E503}.AppStore|ARM.Build.0 = Release|Any CPU
		{C7FC42B4-D0D7-4201-AB84-678C6D46E503}.AppStore|iPhone.ActiveCfg = Release|Any CPU
		{C7FC42B4-D0D7-4201-AB84-678C6D46E503}.AppStore|iPhone.Build.0 = Release|Any CPU
		{C7FC42B4-D0D7-4201-AB84-678C6D46E503}.AppStore|iPhoneSimulator.ActiveCfg = Release|Any CPU
		{C7FC42B4-D0D7-4201-AB84-678C6D46E503}.AppStore|iPhoneSimulator.Build.0 = Release|Any CPU
		{C7FC42B4-D0D7-4201-AB84-678C6D46E503}.AppStore|x64.ActiveCfg = Release|Any CPU
		{C7FC42B4-D0D7-4201-AB84-678C6D46E503}.AppStore|x64.Build.0 = Release|Any CPU
		{C7FC42B4-D0D7-4201-AB84-678C6D46E503}.AppStore|x86.ActiveCfg = Release|Any CPU
		{C7FC42B4-D0D7-4201-AB84-678C6D46E503}.AppStore|x86.Build.0 = Release|Any CPU
		{C7FC42B4-D0D7-4201-AB84-678C6D46E503}.Debug|Any CPU.ActiveCfg = Debug|Any CPU
		{C7FC42B4-D0D7-4201-AB84-678C6D46E503}.Debug|Any CPU.Build.0 = Debug|Any CPU
		{C7FC42B4-D0D7-4201-AB84-678C6D46E503}.Debug|ARM.ActiveCfg = Debug|Any CPU
		{C7FC42B4-D0D7-4201-AB84-678C6D46E503}.Debug|ARM.Build.0 = Debug|Any CPU
		{C7FC42B4-D0D7-4201-AB84-678C6D46E503}.Debug|iPhone.ActiveCfg = Debug|Any CPU
		{C7FC42B4-D0D7-4201-AB84-678C6D46E503}.Debug|iPhone.Build.0 = Debug|Any CPU
		{C7FC42B4-D0D7-4201-AB84-678C6D46E503}.Debug|iPhoneSimulator.ActiveCfg = Debug|Any CPU
		{C7FC42B4-D0D7-4201-AB84-678C6D46E503}.Debug|iPhoneSimulator.Build.0 = Debug|Any CPU
		{C7FC42B4-D0D7-4201-AB84-678C6D46E503}.Debug|x64.ActiveCfg = Debug|Any CPU
		{C7FC42B4-D0D7-4201-AB84-678C6D46E503}.Debug|x64.Build.0 = Debug|Any CPU
		{C7FC42B4-D0D7-4201-AB84-678C6D46E503}.Debug|x86.ActiveCfg = Debug|Any CPU
		{C7FC42B4-D0D7-4201-AB84-678C6D46E503}.Debug|x86.Build.0 = Debug|Any CPU
		{C7FC42B4-D0D7-4201-AB84-678C6D46E503}.Release|Any CPU.ActiveCfg = Release|Any CPU
		{C7FC42B4-D0D7-4201-AB84-678C6D46E503}.Release|Any CPU.Build.0 = Release|Any CPU
		{C7FC42B4-D0D7-4201-AB84-678C6D46E503}.Release|ARM.ActiveCfg = Release|Any CPU
		{C7FC42B4-D0D7-4201-AB84-678C6D46E503}.Release|ARM.Build.0 = Release|Any CPU
		{C7FC42B4-D0D7-4201-AB84-678C6D46E503}.Release|iPhone.ActiveCfg = Release|Any CPU
		{C7FC42B4-D0D7-4201-AB84-678C6D46E503}.Release|iPhone.Build.0 = Release|Any CPU
		{C7FC42B4-D0D7-4201-AB84-678C6D46E503}.Release|iPhoneSimulator.ActiveCfg = Release|Any CPU
		{C7FC42B4-D0D7-4201-AB84-678C6D46E503}.Release|iPhoneSimulator.Build.0 = Release|Any CPU
		{C7FC42B4-D0D7-4201-AB84-678C6D46E503}.Release|x64.ActiveCfg = Release|Any CPU
		{C7FC42B4-D0D7-4201-AB84-678C6D46E503}.Release|x64.Build.0 = Release|Any CPU
		{C7FC42B4-D0D7-4201-AB84-678C6D46E503}.Release|x86.ActiveCfg = Release|Any CPU
		{C7FC42B4-D0D7-4201-AB84-678C6D46E503}.Release|x86.Build.0 = Release|Any CPU
		{D875A62D-4784-4E1C-932E-B5A99652B45A}.Ad-Hoc|Any CPU.ActiveCfg = Release|Any CPU
		{D875A62D-4784-4E1C-932E-B5A99652B45A}.Ad-Hoc|Any CPU.Build.0 = Release|Any CPU
		{D875A62D-4784-4E1C-932E-B5A99652B45A}.Ad-Hoc|ARM.ActiveCfg = Release|Any CPU
		{D875A62D-4784-4E1C-932E-B5A99652B45A}.Ad-Hoc|ARM.Build.0 = Release|Any CPU
		{D875A62D-4784-4E1C-932E-B5A99652B45A}.Ad-Hoc|iPhone.ActiveCfg = Release|Any CPU
		{D875A62D-4784-4E1C-932E-B5A99652B45A}.Ad-Hoc|iPhone.Build.0 = Release|Any CPU
		{D875A62D-4784-4E1C-932E-B5A99652B45A}.Ad-Hoc|iPhoneSimulator.ActiveCfg = Release|Any CPU
		{D875A62D-4784-4E1C-932E-B5A99652B45A}.Ad-Hoc|iPhoneSimulator.Build.0 = Release|Any CPU
		{D875A62D-4784-4E1C-932E-B5A99652B45A}.Ad-Hoc|x64.ActiveCfg = Release|Any CPU
		{D875A62D-4784-4E1C-932E-B5A99652B45A}.Ad-Hoc|x64.Build.0 = Release|Any CPU
		{D875A62D-4784-4E1C-932E-B5A99652B45A}.Ad-Hoc|x86.ActiveCfg = Release|Any CPU
		{D875A62D-4784-4E1C-932E-B5A99652B45A}.Ad-Hoc|x86.Build.0 = Release|Any CPU
		{D875A62D-4784-4E1C-932E-B5A99652B45A}.AppStore|Any CPU.ActiveCfg = Release|Any CPU
		{D875A62D-4784-4E1C-932E-B5A99652B45A}.AppStore|Any CPU.Build.0 = Release|Any CPU
		{D875A62D-4784-4E1C-932E-B5A99652B45A}.AppStore|ARM.ActiveCfg = Release|Any CPU
		{D875A62D-4784-4E1C-932E-B5A99652B45A}.AppStore|ARM.Build.0 = Release|Any CPU
		{D875A62D-4784-4E1C-932E-B5A99652B45A}.AppStore|iPhone.ActiveCfg = Release|Any CPU
		{D875A62D-4784-4E1C-932E-B5A99652B45A}.AppStore|iPhone.Build.0 = Release|Any CPU
		{D875A62D-4784-4E1C-932E-B5A99652B45A}.AppStore|iPhoneSimulator.ActiveCfg = Release|Any CPU
		{D875A62D-4784-4E1C-932E-B5A99652B45A}.AppStore|iPhoneSimulator.Build.0 = Release|Any CPU
		{D875A62D-4784-4E1C-932E-B5A99652B45A}.AppStore|x64.ActiveCfg = Release|Any CPU
		{D875A62D-4784-4E1C-932E-B5A99652B45A}.AppStore|x64.Build.0 = Release|Any CPU
		{D875A62D-4784-4E1C-932E-B5A99652B45A}.AppStore|x86.ActiveCfg = Release|Any CPU
		{D875A62D-4784-4E1C-932E-B5A99652B45A}.AppStore|x86.Build.0 = Release|Any CPU
		{D875A62D-4784-4E1C-932E-B5A99652B45A}.Debug|Any CPU.ActiveCfg = Debug|Any CPU
		{D875A62D-4784-4E1C-932E-B5A99652B45A}.Debug|Any CPU.Build.0 = Debug|Any CPU
		{D875A62D-4784-4E1C-932E-B5A99652B45A}.Debug|ARM.ActiveCfg = Debug|Any CPU
		{D875A62D-4784-4E1C-932E-B5A99652B45A}.Debug|ARM.Build.0 = Debug|Any CPU
		{D875A62D-4784-4E1C-932E-B5A99652B45A}.Debug|iPhone.ActiveCfg = Debug|Any CPU
		{D875A62D-4784-4E1C-932E-B5A99652B45A}.Debug|iPhone.Build.0 = Debug|Any CPU
		{D875A62D-4784-4E1C-932E-B5A99652B45A}.Debug|iPhoneSimulator.ActiveCfg = Debug|Any CPU
		{D875A62D-4784-4E1C-932E-B5A99652B45A}.Debug|iPhoneSimulator.Build.0 = Debug|Any CPU
		{D875A62D-4784-4E1C-932E-B5A99652B45A}.Debug|x64.ActiveCfg = Debug|Any CPU
		{D875A62D-4784-4E1C-932E-B5A99652B45A}.Debug|x64.Build.0 = Debug|Any CPU
		{D875A62D-4784-4E1C-932E-B5A99652B45A}.Debug|x86.ActiveCfg = Debug|Any CPU
		{D875A62D-4784-4E1C-932E-B5A99652B45A}.Debug|x86.Build.0 = Debug|Any CPU
		{D875A62D-4784-4E1C-932E-B5A99652B45A}.Release|Any CPU.ActiveCfg = Release|Any CPU
		{D875A62D-4784-4E1C-932E-B5A99652B45A}.Release|Any CPU.Build.0 = Release|Any CPU
		{D875A62D-4784-4E1C-932E-B5A99652B45A}.Release|ARM.ActiveCfg = Release|Any CPU
		{D875A62D-4784-4E1C-932E-B5A99652B45A}.Release|ARM.Build.0 = Release|Any CPU
		{D875A62D-4784-4E1C-932E-B5A99652B45A}.Release|iPhone.ActiveCfg = Release|Any CPU
		{D875A62D-4784-4E1C-932E-B5A99652B45A}.Release|iPhone.Build.0 = Release|Any CPU
		{D875A62D-4784-4E1C-932E-B5A99652B45A}.Release|iPhoneSimulator.ActiveCfg = Release|Any CPU
		{D875A62D-4784-4E1C-932E-B5A99652B45A}.Release|iPhoneSimulator.Build.0 = Release|Any CPU
		{D875A62D-4784-4E1C-932E-B5A99652B45A}.Release|x64.ActiveCfg = Release|Any CPU
		{D875A62D-4784-4E1C-932E-B5A99652B45A}.Release|x64.Build.0 = Release|Any CPU
		{D875A62D-4784-4E1C-932E-B5A99652B45A}.Release|x86.ActiveCfg = Release|Any CPU
		{D875A62D-4784-4E1C-932E-B5A99652B45A}.Release|x86.Build.0 = Release|Any CPU
		{F66BB319-3017-4826-B95C-9B07C4E69E2A}.Ad-Hoc|Any CPU.ActiveCfg = Release|Any CPU
		{F66BB319-3017-4826-B95C-9B07C4E69E2A}.Ad-Hoc|Any CPU.Build.0 = Release|Any CPU
		{F66BB319-3017-4826-B95C-9B07C4E69E2A}.Ad-Hoc|ARM.ActiveCfg = Release|Any CPU
		{F66BB319-3017-4826-B95C-9B07C4E69E2A}.Ad-Hoc|ARM.Build.0 = Release|Any CPU
		{F66BB319-3017-4826-B95C-9B07C4E69E2A}.Ad-Hoc|iPhone.ActiveCfg = Release|Any CPU
		{F66BB319-3017-4826-B95C-9B07C4E69E2A}.Ad-Hoc|iPhone.Build.0 = Release|Any CPU
		{F66BB319-3017-4826-B95C-9B07C4E69E2A}.Ad-Hoc|iPhoneSimulator.ActiveCfg = Release|Any CPU
		{F66BB319-3017-4826-B95C-9B07C4E69E2A}.Ad-Hoc|iPhoneSimulator.Build.0 = Release|Any CPU
		{F66BB319-3017-4826-B95C-9B07C4E69E2A}.Ad-Hoc|x64.ActiveCfg = Release|Any CPU
		{F66BB319-3017-4826-B95C-9B07C4E69E2A}.Ad-Hoc|x64.Build.0 = Release|Any CPU
		{F66BB319-3017-4826-B95C-9B07C4E69E2A}.Ad-Hoc|x86.ActiveCfg = Release|Any CPU
		{F66BB319-3017-4826-B95C-9B07C4E69E2A}.Ad-Hoc|x86.Build.0 = Release|Any CPU
		{F66BB319-3017-4826-B95C-9B07C4E69E2A}.AppStore|Any CPU.ActiveCfg = Release|Any CPU
		{F66BB319-3017-4826-B95C-9B07C4E69E2A}.AppStore|Any CPU.Build.0 = Release|Any CPU
		{F66BB319-3017-4826-B95C-9B07C4E69E2A}.AppStore|ARM.ActiveCfg = Release|Any CPU
		{F66BB319-3017-4826-B95C-9B07C4E69E2A}.AppStore|ARM.Build.0 = Release|Any CPU
		{F66BB319-3017-4826-B95C-9B07C4E69E2A}.AppStore|iPhone.ActiveCfg = Release|Any CPU
		{F66BB319-3017-4826-B95C-9B07C4E69E2A}.AppStore|iPhone.Build.0 = Release|Any CPU
		{F66BB319-3017-4826-B95C-9B07C4E69E2A}.AppStore|iPhoneSimulator.ActiveCfg = Release|Any CPU
		{F66BB319-3017-4826-B95C-9B07C4E69E2A}.AppStore|iPhoneSimulator.Build.0 = Release|Any CPU
		{F66BB319-3017-4826-B95C-9B07C4E69E2A}.AppStore|x64.ActiveCfg = Release|Any CPU
		{F66BB319-3017-4826-B95C-9B07C4E69E2A}.AppStore|x64.Build.0 = Release|Any CPU
		{F66BB319-3017-4826-B95C-9B07C4E69E2A}.AppStore|x86.ActiveCfg = Release|Any CPU
		{F66BB319-3017-4826-B95C-9B07C4E69E2A}.AppStore|x86.Build.0 = Release|Any CPU
		{F66BB319-3017-4826-B95C-9B07C4E69E2A}.Debug|Any CPU.ActiveCfg = Debug|Any CPU
		{F66BB319-3017-4826-B95C-9B07C4E69E2A}.Debug|Any CPU.Build.0 = Debug|Any CPU
		{F66BB319-3017-4826-B95C-9B07C4E69E2A}.Debug|ARM.ActiveCfg = Debug|Any CPU
		{F66BB319-3017-4826-B95C-9B07C4E69E2A}.Debug|ARM.Build.0 = Debug|Any CPU
		{F66BB319-3017-4826-B95C-9B07C4E69E2A}.Debug|iPhone.ActiveCfg = Debug|Any CPU
		{F66BB319-3017-4826-B95C-9B07C4E69E2A}.Debug|iPhone.Build.0 = Debug|Any CPU
		{F66BB319-3017-4826-B95C-9B07C4E69E2A}.Debug|iPhoneSimulator.ActiveCfg = Debug|Any CPU
		{F66BB319-3017-4826-B95C-9B07C4E69E2A}.Debug|iPhoneSimulator.Build.0 = Debug|Any CPU
		{F66BB319-3017-4826-B95C-9B07C4E69E2A}.Debug|x64.ActiveCfg = Debug|Any CPU
		{F66BB319-3017-4826-B95C-9B07C4E69E2A}.Debug|x64.Build.0 = Debug|Any CPU
		{F66BB319-3017-4826-B95C-9B07C4E69E2A}.Debug|x86.ActiveCfg = Debug|Any CPU
		{F66BB319-3017-4826-B95C-9B07C4E69E2A}.Debug|x86.Build.0 = Debug|Any CPU
		{F66BB319-3017-4826-B95C-9B07C4E69E2A}.Release|Any CPU.ActiveCfg = Release|Any CPU
		{F66BB319-3017-4826-B95C-9B07C4E69E2A}.Release|Any CPU.Build.0 = Release|Any CPU
		{F66BB319-3017-4826-B95C-9B07C4E69E2A}.Release|ARM.ActiveCfg = Release|Any CPU
		{F66BB319-3017-4826-B95C-9B07C4E69E2A}.Release|ARM.Build.0 = Release|Any CPU
		{F66BB319-3017-4826-B95C-9B07C4E69E2A}.Release|iPhone.ActiveCfg = Release|Any CPU
		{F66BB319-3017-4826-B95C-9B07C4E69E2A}.Release|iPhone.Build.0 = Release|Any CPU
		{F66BB319-3017-4826-B95C-9B07C4E69E2A}.Release|iPhoneSimulator.ActiveCfg = Release|Any CPU
		{F66BB319-3017-4826-B95C-9B07C4E69E2A}.Release|iPhoneSimulator.Build.0 = Release|Any CPU
		{F66BB319-3017-4826-B95C-9B07C4E69E2A}.Release|x64.ActiveCfg = Release|Any CPU
		{F66BB319-3017-4826-B95C-9B07C4E69E2A}.Release|x64.Build.0 = Release|Any CPU
		{F66BB319-3017-4826-B95C-9B07C4E69E2A}.Release|x86.ActiveCfg = Release|Any CPU
		{F66BB319-3017-4826-B95C-9B07C4E69E2A}.Release|x86.Build.0 = Release|Any CPU
		{31352207-6066-429A-80B3-6E23B4F7E718}.Ad-Hoc|Any CPU.ActiveCfg = Release|Any CPU
		{31352207-6066-429A-80B3-6E23B4F7E718}.Ad-Hoc|Any CPU.Build.0 = Release|Any CPU
		{31352207-6066-429A-80B3-6E23B4F7E718}.Ad-Hoc|ARM.ActiveCfg = Release|Any CPU
		{31352207-6066-429A-80B3-6E23B4F7E718}.Ad-Hoc|ARM.Build.0 = Release|Any CPU
		{31352207-6066-429A-80B3-6E23B4F7E718}.Ad-Hoc|iPhone.ActiveCfg = Release|Any CPU
		{31352207-6066-429A-80B3-6E23B4F7E718}.Ad-Hoc|iPhone.Build.0 = Release|Any CPU
		{31352207-6066-429A-80B3-6E23B4F7E718}.Ad-Hoc|iPhoneSimulator.ActiveCfg = Release|Any CPU
		{31352207-6066-429A-80B3-6E23B4F7E718}.Ad-Hoc|iPhoneSimulator.Build.0 = Release|Any CPU
		{31352207-6066-429A-80B3-6E23B4F7E718}.Ad-Hoc|x64.ActiveCfg = Release|Any CPU
		{31352207-6066-429A-80B3-6E23B4F7E718}.Ad-Hoc|x64.Build.0 = Release|Any CPU
		{31352207-6066-429A-80B3-6E23B4F7E718}.Ad-Hoc|x86.ActiveCfg = Release|Any CPU
		{31352207-6066-429A-80B3-6E23B4F7E718}.Ad-Hoc|x86.Build.0 = Release|Any CPU
		{31352207-6066-429A-80B3-6E23B4F7E718}.AppStore|Any CPU.ActiveCfg = Release|Any CPU
		{31352207-6066-429A-80B3-6E23B4F7E718}.AppStore|Any CPU.Build.0 = Release|Any CPU
		{31352207-6066-429A-80B3-6E23B4F7E718}.AppStore|ARM.ActiveCfg = Release|Any CPU
		{31352207-6066-429A-80B3-6E23B4F7E718}.AppStore|ARM.Build.0 = Release|Any CPU
		{31352207-6066-429A-80B3-6E23B4F7E718}.AppStore|iPhone.ActiveCfg = Release|Any CPU
		{31352207-6066-429A-80B3-6E23B4F7E718}.AppStore|iPhone.Build.0 = Release|Any CPU
		{31352207-6066-429A-80B3-6E23B4F7E718}.AppStore|iPhoneSimulator.ActiveCfg = Release|Any CPU
		{31352207-6066-429A-80B3-6E23B4F7E718}.AppStore|iPhoneSimulator.Build.0 = Release|Any CPU
		{31352207-6066-429A-80B3-6E23B4F7E718}.AppStore|x64.ActiveCfg = Release|Any CPU
		{31352207-6066-429A-80B3-6E23B4F7E718}.AppStore|x64.Build.0 = Release|Any CPU
		{31352207-6066-429A-80B3-6E23B4F7E718}.AppStore|x86.ActiveCfg = Release|Any CPU
		{31352207-6066-429A-80B3-6E23B4F7E718}.AppStore|x86.Build.0 = Release|Any CPU
		{31352207-6066-429A-80B3-6E23B4F7E718}.Debug|Any CPU.ActiveCfg = Debug|Any CPU
		{31352207-6066-429A-80B3-6E23B4F7E718}.Debug|Any CPU.Build.0 = Debug|Any CPU
		{31352207-6066-429A-80B3-6E23B4F7E718}.Debug|ARM.ActiveCfg = Debug|Any CPU
		{31352207-6066-429A-80B3-6E23B4F7E718}.Debug|ARM.Build.0 = Debug|Any CPU
		{31352207-6066-429A-80B3-6E23B4F7E718}.Debug|iPhone.ActiveCfg = Debug|Any CPU
		{31352207-6066-429A-80B3-6E23B4F7E718}.Debug|iPhone.Build.0 = Debug|Any CPU
		{31352207-6066-429A-80B3-6E23B4F7E718}.Debug|iPhoneSimulator.ActiveCfg = Debug|Any CPU
		{31352207-6066-429A-80B3-6E23B4F7E718}.Debug|iPhoneSimulator.Build.0 = Debug|Any CPU
		{31352207-6066-429A-80B3-6E23B4F7E718}.Debug|x64.ActiveCfg = Debug|Any CPU
		{31352207-6066-429A-80B3-6E23B4F7E718}.Debug|x64.Build.0 = Debug|Any CPU
		{31352207-6066-429A-80B3-6E23B4F7E718}.Debug|x86.ActiveCfg = Debug|Any CPU
		{31352207-6066-429A-80B3-6E23B4F7E718}.Debug|x86.Build.0 = Debug|Any CPU
		{31352207-6066-429A-80B3-6E23B4F7E718}.Release|Any CPU.ActiveCfg = Release|Any CPU
		{31352207-6066-429A-80B3-6E23B4F7E718}.Release|Any CPU.Build.0 = Release|Any CPU
		{31352207-6066-429A-80B3-6E23B4F7E718}.Release|ARM.ActiveCfg = Release|Any CPU
		{31352207-6066-429A-80B3-6E23B4F7E718}.Release|ARM.Build.0 = Release|Any CPU
		{31352207-6066-429A-80B3-6E23B4F7E718}.Release|iPhone.ActiveCfg = Release|Any CPU
		{31352207-6066-429A-80B3-6E23B4F7E718}.Release|iPhone.Build.0 = Release|Any CPU
		{31352207-6066-429A-80B3-6E23B4F7E718}.Release|iPhoneSimulator.ActiveCfg = Release|Any CPU
		{31352207-6066-429A-80B3-6E23B4F7E718}.Release|iPhoneSimulator.Build.0 = Release|Any CPU
		{31352207-6066-429A-80B3-6E23B4F7E718}.Release|x64.ActiveCfg = Release|Any CPU
		{31352207-6066-429A-80B3-6E23B4F7E718}.Release|x64.Build.0 = Release|Any CPU
		{31352207-6066-429A-80B3-6E23B4F7E718}.Release|x86.ActiveCfg = Release|Any CPU
		{31352207-6066-429A-80B3-6E23B4F7E718}.Release|x86.Build.0 = Release|Any CPU
		{11DFE9BA-73DC-4BF1-9AEC-33258E80AF06}.Ad-Hoc|Any CPU.ActiveCfg = Release|x86
		{11DFE9BA-73DC-4BF1-9AEC-33258E80AF06}.Ad-Hoc|Any CPU.Build.0 = Release|x86
		{11DFE9BA-73DC-4BF1-9AEC-33258E80AF06}.Ad-Hoc|Any CPU.Deploy.0 = Release|x86
		{11DFE9BA-73DC-4BF1-9AEC-33258E80AF06}.Ad-Hoc|ARM.ActiveCfg = Release|ARM
		{11DFE9BA-73DC-4BF1-9AEC-33258E80AF06}.Ad-Hoc|ARM.Build.0 = Release|ARM
		{11DFE9BA-73DC-4BF1-9AEC-33258E80AF06}.Ad-Hoc|ARM.Deploy.0 = Release|ARM
		{11DFE9BA-73DC-4BF1-9AEC-33258E80AF06}.Ad-Hoc|iPhone.ActiveCfg = Release|x86
		{11DFE9BA-73DC-4BF1-9AEC-33258E80AF06}.Ad-Hoc|iPhone.Build.0 = Release|x86
		{11DFE9BA-73DC-4BF1-9AEC-33258E80AF06}.Ad-Hoc|iPhone.Deploy.0 = Release|x86
		{11DFE9BA-73DC-4BF1-9AEC-33258E80AF06}.Ad-Hoc|iPhoneSimulator.ActiveCfg = Release|x86
		{11DFE9BA-73DC-4BF1-9AEC-33258E80AF06}.Ad-Hoc|iPhoneSimulator.Build.0 = Release|x86
		{11DFE9BA-73DC-4BF1-9AEC-33258E80AF06}.Ad-Hoc|iPhoneSimulator.Deploy.0 = Release|x86
		{11DFE9BA-73DC-4BF1-9AEC-33258E80AF06}.Ad-Hoc|x64.ActiveCfg = Release|x64
		{11DFE9BA-73DC-4BF1-9AEC-33258E80AF06}.Ad-Hoc|x64.Build.0 = Release|x64
		{11DFE9BA-73DC-4BF1-9AEC-33258E80AF06}.Ad-Hoc|x64.Deploy.0 = Release|x64
		{11DFE9BA-73DC-4BF1-9AEC-33258E80AF06}.Ad-Hoc|x86.ActiveCfg = Release|x86
		{11DFE9BA-73DC-4BF1-9AEC-33258E80AF06}.Ad-Hoc|x86.Build.0 = Release|x86
		{11DFE9BA-73DC-4BF1-9AEC-33258E80AF06}.Ad-Hoc|x86.Deploy.0 = Release|x86
		{11DFE9BA-73DC-4BF1-9AEC-33258E80AF06}.AppStore|Any CPU.ActiveCfg = Release|x86
		{11DFE9BA-73DC-4BF1-9AEC-33258E80AF06}.AppStore|Any CPU.Build.0 = Release|x86
		{11DFE9BA-73DC-4BF1-9AEC-33258E80AF06}.AppStore|Any CPU.Deploy.0 = Release|x86
		{11DFE9BA-73DC-4BF1-9AEC-33258E80AF06}.AppStore|ARM.ActiveCfg = Release|ARM
		{11DFE9BA-73DC-4BF1-9AEC-33258E80AF06}.AppStore|ARM.Build.0 = Release|ARM
		{11DFE9BA-73DC-4BF1-9AEC-33258E80AF06}.AppStore|ARM.Deploy.0 = Release|ARM
		{11DFE9BA-73DC-4BF1-9AEC-33258E80AF06}.AppStore|iPhone.ActiveCfg = Release|x86
		{11DFE9BA-73DC-4BF1-9AEC-33258E80AF06}.AppStore|iPhone.Build.0 = Release|x86
		{11DFE9BA-73DC-4BF1-9AEC-33258E80AF06}.AppStore|iPhone.Deploy.0 = Release|x86
		{11DFE9BA-73DC-4BF1-9AEC-33258E80AF06}.AppStore|iPhoneSimulator.ActiveCfg = Release|x86
		{11DFE9BA-73DC-4BF1-9AEC-33258E80AF06}.AppStore|iPhoneSimulator.Build.0 = Release|x86
		{11DFE9BA-73DC-4BF1-9AEC-33258E80AF06}.AppStore|iPhoneSimulator.Deploy.0 = Release|x86
		{11DFE9BA-73DC-4BF1-9AEC-33258E80AF06}.AppStore|x64.ActiveCfg = Release|x64
		{11DFE9BA-73DC-4BF1-9AEC-33258E80AF06}.AppStore|x64.Build.0 = Release|x64
		{11DFE9BA-73DC-4BF1-9AEC-33258E80AF06}.AppStore|x64.Deploy.0 = Release|x64
		{11DFE9BA-73DC-4BF1-9AEC-33258E80AF06}.AppStore|x86.ActiveCfg = Release|x86
		{11DFE9BA-73DC-4BF1-9AEC-33258E80AF06}.AppStore|x86.Build.0 = Release|x86
		{11DFE9BA-73DC-4BF1-9AEC-33258E80AF06}.AppStore|x86.Deploy.0 = Release|x86
		{11DFE9BA-73DC-4BF1-9AEC-33258E80AF06}.Debug|Any CPU.ActiveCfg = Debug|x86
		{11DFE9BA-73DC-4BF1-9AEC-33258E80AF06}.Debug|ARM.ActiveCfg = Debug|ARM
		{11DFE9BA-73DC-4BF1-9AEC-33258E80AF06}.Debug|ARM.Build.0 = Debug|ARM
		{11DFE9BA-73DC-4BF1-9AEC-33258E80AF06}.Debug|ARM.Deploy.0 = Debug|ARM
		{11DFE9BA-73DC-4BF1-9AEC-33258E80AF06}.Debug|iPhone.ActiveCfg = Debug|x86
		{11DFE9BA-73DC-4BF1-9AEC-33258E80AF06}.Debug|iPhoneSimulator.ActiveCfg = Debug|x86
		{11DFE9BA-73DC-4BF1-9AEC-33258E80AF06}.Debug|x64.ActiveCfg = Debug|x64
		{11DFE9BA-73DC-4BF1-9AEC-33258E80AF06}.Debug|x64.Build.0 = Debug|x64
		{11DFE9BA-73DC-4BF1-9AEC-33258E80AF06}.Debug|x64.Deploy.0 = Debug|x64
		{11DFE9BA-73DC-4BF1-9AEC-33258E80AF06}.Debug|x86.ActiveCfg = Debug|x86
		{11DFE9BA-73DC-4BF1-9AEC-33258E80AF06}.Debug|x86.Build.0 = Debug|x86
		{11DFE9BA-73DC-4BF1-9AEC-33258E80AF06}.Debug|x86.Deploy.0 = Debug|x86
		{11DFE9BA-73DC-4BF1-9AEC-33258E80AF06}.Release|Any CPU.ActiveCfg = Release|x86
		{11DFE9BA-73DC-4BF1-9AEC-33258E80AF06}.Release|ARM.ActiveCfg = Release|ARM
		{11DFE9BA-73DC-4BF1-9AEC-33258E80AF06}.Release|ARM.Build.0 = Release|ARM
		{11DFE9BA-73DC-4BF1-9AEC-33258E80AF06}.Release|ARM.Deploy.0 = Release|ARM
		{11DFE9BA-73DC-4BF1-9AEC-33258E80AF06}.Release|iPhone.ActiveCfg = Release|x86
		{11DFE9BA-73DC-4BF1-9AEC-33258E80AF06}.Release|iPhoneSimulator.ActiveCfg = Release|x86
		{11DFE9BA-73DC-4BF1-9AEC-33258E80AF06}.Release|x64.ActiveCfg = Release|x64
		{11DFE9BA-73DC-4BF1-9AEC-33258E80AF06}.Release|x64.Build.0 = Release|x64
		{11DFE9BA-73DC-4BF1-9AEC-33258E80AF06}.Release|x64.Deploy.0 = Release|x64
		{11DFE9BA-73DC-4BF1-9AEC-33258E80AF06}.Release|x86.ActiveCfg = Release|x86
		{11DFE9BA-73DC-4BF1-9AEC-33258E80AF06}.Release|x86.Build.0 = Release|x86
		{11DFE9BA-73DC-4BF1-9AEC-33258E80AF06}.Release|x86.Deploy.0 = Release|x86
		{289DE9DA-6FFD-4827-86D2-7B5F4C4460AA}.Ad-Hoc|Any CPU.ActiveCfg = Release|iPhone
		{289DE9DA-6FFD-4827-86D2-7B5F4C4460AA}.Ad-Hoc|Any CPU.Build.0 = Release|iPhone
		{289DE9DA-6FFD-4827-86D2-7B5F4C4460AA}.Ad-Hoc|ARM.ActiveCfg = Release|iPhone
		{289DE9DA-6FFD-4827-86D2-7B5F4C4460AA}.Ad-Hoc|ARM.Build.0 = Release|iPhone
		{289DE9DA-6FFD-4827-86D2-7B5F4C4460AA}.Ad-Hoc|iPhone.ActiveCfg = Release|iPhone
		{289DE9DA-6FFD-4827-86D2-7B5F4C4460AA}.Ad-Hoc|iPhone.Build.0 = Release|iPhone
		{289DE9DA-6FFD-4827-86D2-7B5F4C4460AA}.Ad-Hoc|iPhoneSimulator.ActiveCfg = Release|iPhoneSimulator
		{289DE9DA-6FFD-4827-86D2-7B5F4C4460AA}.Ad-Hoc|iPhoneSimulator.Build.0 = Release|iPhoneSimulator
		{289DE9DA-6FFD-4827-86D2-7B5F4C4460AA}.Ad-Hoc|x64.ActiveCfg = Release|iPhone
		{289DE9DA-6FFD-4827-86D2-7B5F4C4460AA}.Ad-Hoc|x64.Build.0 = Release|iPhone
		{289DE9DA-6FFD-4827-86D2-7B5F4C4460AA}.Ad-Hoc|x86.ActiveCfg = Release|iPhone
		{289DE9DA-6FFD-4827-86D2-7B5F4C4460AA}.Ad-Hoc|x86.Build.0 = Release|iPhone
		{289DE9DA-6FFD-4827-86D2-7B5F4C4460AA}.AppStore|Any CPU.ActiveCfg = Release|iPhone
		{289DE9DA-6FFD-4827-86D2-7B5F4C4460AA}.AppStore|Any CPU.Build.0 = Release|iPhone
		{289DE9DA-6FFD-4827-86D2-7B5F4C4460AA}.AppStore|ARM.ActiveCfg = Release|iPhone
		{289DE9DA-6FFD-4827-86D2-7B5F4C4460AA}.AppStore|ARM.Build.0 = Release|iPhone
		{289DE9DA-6FFD-4827-86D2-7B5F4C4460AA}.AppStore|iPhone.ActiveCfg = Release|iPhone
		{289DE9DA-6FFD-4827-86D2-7B5F4C4460AA}.AppStore|iPhone.Build.0 = Release|iPhone
		{289DE9DA-6FFD-4827-86D2-7B5F4C4460AA}.AppStore|iPhoneSimulator.ActiveCfg = Release|iPhoneSimulator
		{289DE9DA-6FFD-4827-86D2-7B5F4C4460AA}.AppStore|iPhoneSimulator.Build.0 = Release|iPhoneSimulator
		{289DE9DA-6FFD-4827-86D2-7B5F4C4460AA}.AppStore|x64.ActiveCfg = Release|iPhone
		{289DE9DA-6FFD-4827-86D2-7B5F4C4460AA}.AppStore|x64.Build.0 = Release|iPhone
		{289DE9DA-6FFD-4827-86D2-7B5F4C4460AA}.AppStore|x86.ActiveCfg = Release|iPhone
		{289DE9DA-6FFD-4827-86D2-7B5F4C4460AA}.AppStore|x86.Build.0 = Release|iPhone
		{289DE9DA-6FFD-4827-86D2-7B5F4C4460AA}.Debug|Any CPU.ActiveCfg = Debug|iPhone
		{289DE9DA-6FFD-4827-86D2-7B5F4C4460AA}.Debug|Any CPU.Build.0 = Debug|iPhone
		{289DE9DA-6FFD-4827-86D2-7B5F4C4460AA}.Debug|ARM.ActiveCfg = Debug|iPhone
		{289DE9DA-6FFD-4827-86D2-7B5F4C4460AA}.Debug|ARM.Build.0 = Debug|iPhone
		{289DE9DA-6FFD-4827-86D2-7B5F4C4460AA}.Debug|iPhone.ActiveCfg = Debug|iPhone
		{289DE9DA-6FFD-4827-86D2-7B5F4C4460AA}.Debug|iPhone.Build.0 = Debug|iPhone
		{289DE9DA-6FFD-4827-86D2-7B5F4C4460AA}.Debug|iPhoneSimulator.ActiveCfg = Debug|iPhoneSimulator
		{289DE9DA-6FFD-4827-86D2-7B5F4C4460AA}.Debug|iPhoneSimulator.Build.0 = Debug|iPhoneSimulator
		{289DE9DA-6FFD-4827-86D2-7B5F4C4460AA}.Debug|x64.ActiveCfg = Debug|iPhone
		{289DE9DA-6FFD-4827-86D2-7B5F4C4460AA}.Debug|x64.Build.0 = Debug|iPhone
		{289DE9DA-6FFD-4827-86D2-7B5F4C4460AA}.Debug|x86.ActiveCfg = Debug|iPhone
		{289DE9DA-6FFD-4827-86D2-7B5F4C4460AA}.Debug|x86.Build.0 = Debug|iPhone
		{289DE9DA-6FFD-4827-86D2-7B5F4C4460AA}.Release|Any CPU.ActiveCfg = Release|iPhone
		{289DE9DA-6FFD-4827-86D2-7B5F4C4460AA}.Release|Any CPU.Build.0 = Release|iPhone
		{289DE9DA-6FFD-4827-86D2-7B5F4C4460AA}.Release|ARM.ActiveCfg = Release|iPhone
		{289DE9DA-6FFD-4827-86D2-7B5F4C4460AA}.Release|ARM.Build.0 = Release|iPhone
		{289DE9DA-6FFD-4827-86D2-7B5F4C4460AA}.Release|iPhone.ActiveCfg = Release|iPhone
		{289DE9DA-6FFD-4827-86D2-7B5F4C4460AA}.Release|iPhone.Build.0 = Release|iPhone
		{289DE9DA-6FFD-4827-86D2-7B5F4C4460AA}.Release|iPhoneSimulator.ActiveCfg = Release|iPhoneSimulator
		{289DE9DA-6FFD-4827-86D2-7B5F4C4460AA}.Release|iPhoneSimulator.Build.0 = Release|iPhoneSimulator
		{289DE9DA-6FFD-4827-86D2-7B5F4C4460AA}.Release|x64.ActiveCfg = Release|iPhone
		{289DE9DA-6FFD-4827-86D2-7B5F4C4460AA}.Release|x64.Build.0 = Release|iPhone
		{289DE9DA-6FFD-4827-86D2-7B5F4C4460AA}.Release|x86.ActiveCfg = Release|iPhone
		{289DE9DA-6FFD-4827-86D2-7B5F4C4460AA}.Release|x86.Build.0 = Release|iPhone
		{CFC6E779-3EC7-4789-927D-C929E65F7E23}.Ad-Hoc|Any CPU.ActiveCfg = Release|Any CPU
		{CFC6E779-3EC7-4789-927D-C929E65F7E23}.Ad-Hoc|Any CPU.Build.0 = Release|Any CPU
		{CFC6E779-3EC7-4789-927D-C929E65F7E23}.Ad-Hoc|ARM.ActiveCfg = Release|Any CPU
		{CFC6E779-3EC7-4789-927D-C929E65F7E23}.Ad-Hoc|ARM.Build.0 = Release|Any CPU
		{CFC6E779-3EC7-4789-927D-C929E65F7E23}.Ad-Hoc|iPhone.ActiveCfg = Release|Any CPU
		{CFC6E779-3EC7-4789-927D-C929E65F7E23}.Ad-Hoc|iPhone.Build.0 = Release|Any CPU
		{CFC6E779-3EC7-4789-927D-C929E65F7E23}.Ad-Hoc|iPhoneSimulator.ActiveCfg = Release|Any CPU
		{CFC6E779-3EC7-4789-927D-C929E65F7E23}.Ad-Hoc|iPhoneSimulator.Build.0 = Release|Any CPU
		{CFC6E779-3EC7-4789-927D-C929E65F7E23}.Ad-Hoc|x64.ActiveCfg = Release|Any CPU
		{CFC6E779-3EC7-4789-927D-C929E65F7E23}.Ad-Hoc|x64.Build.0 = Release|Any CPU
		{CFC6E779-3EC7-4789-927D-C929E65F7E23}.Ad-Hoc|x86.ActiveCfg = Release|Any CPU
		{CFC6E779-3EC7-4789-927D-C929E65F7E23}.Ad-Hoc|x86.Build.0 = Release|Any CPU
		{CFC6E779-3EC7-4789-927D-C929E65F7E23}.AppStore|Any CPU.ActiveCfg = Release|Any CPU
		{CFC6E779-3EC7-4789-927D-C929E65F7E23}.AppStore|Any CPU.Build.0 = Release|Any CPU
		{CFC6E779-3EC7-4789-927D-C929E65F7E23}.AppStore|ARM.ActiveCfg = Release|Any CPU
		{CFC6E779-3EC7-4789-927D-C929E65F7E23}.AppStore|ARM.Build.0 = Release|Any CPU
		{CFC6E779-3EC7-4789-927D-C929E65F7E23}.AppStore|iPhone.ActiveCfg = Release|Any CPU
		{CFC6E779-3EC7-4789-927D-C929E65F7E23}.AppStore|iPhone.Build.0 = Release|Any CPU
		{CFC6E779-3EC7-4789-927D-C929E65F7E23}.AppStore|iPhoneSimulator.ActiveCfg = Release|Any CPU
		{CFC6E779-3EC7-4789-927D-C929E65F7E23}.AppStore|iPhoneSimulator.Build.0 = Release|Any CPU
		{CFC6E779-3EC7-4789-927D-C929E65F7E23}.AppStore|x64.ActiveCfg = Release|Any CPU
		{CFC6E779-3EC7-4789-927D-C929E65F7E23}.AppStore|x64.Build.0 = Release|Any CPU
		{CFC6E779-3EC7-4789-927D-C929E65F7E23}.AppStore|x86.ActiveCfg = Release|Any CPU
		{CFC6E779-3EC7-4789-927D-C929E65F7E23}.AppStore|x86.Build.0 = Release|Any CPU
		{CFC6E779-3EC7-4789-927D-C929E65F7E23}.Debug|Any CPU.ActiveCfg = Debug|Any CPU
		{CFC6E779-3EC7-4789-927D-C929E65F7E23}.Debug|Any CPU.Build.0 = Debug|Any CPU
		{CFC6E779-3EC7-4789-927D-C929E65F7E23}.Debug|ARM.ActiveCfg = Debug|Any CPU
		{CFC6E779-3EC7-4789-927D-C929E65F7E23}.Debug|ARM.Build.0 = Debug|Any CPU
		{CFC6E779-3EC7-4789-927D-C929E65F7E23}.Debug|iPhone.ActiveCfg = Debug|Any CPU
		{CFC6E779-3EC7-4789-927D-C929E65F7E23}.Debug|iPhone.Build.0 = Debug|Any CPU
		{CFC6E779-3EC7-4789-927D-C929E65F7E23}.Debug|iPhoneSimulator.ActiveCfg = Debug|Any CPU
		{CFC6E779-3EC7-4789-927D-C929E65F7E23}.Debug|iPhoneSimulator.Build.0 = Debug|Any CPU
		{CFC6E779-3EC7-4789-927D-C929E65F7E23}.Debug|x64.ActiveCfg = Debug|Any CPU
		{CFC6E779-3EC7-4789-927D-C929E65F7E23}.Debug|x64.Build.0 = Debug|Any CPU
		{CFC6E779-3EC7-4789-927D-C929E65F7E23}.Debug|x86.ActiveCfg = Debug|Any CPU
		{CFC6E779-3EC7-4789-927D-C929E65F7E23}.Debug|x86.Build.0 = Debug|Any CPU
		{CFC6E779-3EC7-4789-927D-C929E65F7E23}.Release|Any CPU.ActiveCfg = Release|Any CPU
		{CFC6E779-3EC7-4789-927D-C929E65F7E23}.Release|Any CPU.Build.0 = Release|Any CPU
		{CFC6E779-3EC7-4789-927D-C929E65F7E23}.Release|ARM.ActiveCfg = Release|Any CPU
		{CFC6E779-3EC7-4789-927D-C929E65F7E23}.Release|ARM.Build.0 = Release|Any CPU
		{CFC6E779-3EC7-4789-927D-C929E65F7E23}.Release|iPhone.ActiveCfg = Release|Any CPU
		{CFC6E779-3EC7-4789-927D-C929E65F7E23}.Release|iPhone.Build.0 = Release|Any CPU
		{CFC6E779-3EC7-4789-927D-C929E65F7E23}.Release|iPhoneSimulator.ActiveCfg = Release|Any CPU
		{CFC6E779-3EC7-4789-927D-C929E65F7E23}.Release|iPhoneSimulator.Build.0 = Release|Any CPU
		{CFC6E779-3EC7-4789-927D-C929E65F7E23}.Release|x64.ActiveCfg = Release|Any CPU
		{CFC6E779-3EC7-4789-927D-C929E65F7E23}.Release|x64.Build.0 = Release|Any CPU
		{CFC6E779-3EC7-4789-927D-C929E65F7E23}.Release|x86.ActiveCfg = Release|Any CPU
		{CFC6E779-3EC7-4789-927D-C929E65F7E23}.Release|x86.Build.0 = Release|Any CPU
		{51CE491C-E248-4C4B-B493-279EA854F66F}.Ad-Hoc|Any CPU.ActiveCfg = Release|Any CPU
		{51CE491C-E248-4C4B-B493-279EA854F66F}.Ad-Hoc|Any CPU.Build.0 = Release|Any CPU
		{51CE491C-E248-4C4B-B493-279EA854F66F}.Ad-Hoc|ARM.ActiveCfg = Release|Any CPU
		{51CE491C-E248-4C4B-B493-279EA854F66F}.Ad-Hoc|ARM.Build.0 = Release|Any CPU
		{51CE491C-E248-4C4B-B493-279EA854F66F}.Ad-Hoc|iPhone.ActiveCfg = Release|Any CPU
		{51CE491C-E248-4C4B-B493-279EA854F66F}.Ad-Hoc|iPhone.Build.0 = Release|Any CPU
		{51CE491C-E248-4C4B-B493-279EA854F66F}.Ad-Hoc|iPhoneSimulator.ActiveCfg = Release|Any CPU
		{51CE491C-E248-4C4B-B493-279EA854F66F}.Ad-Hoc|iPhoneSimulator.Build.0 = Release|Any CPU
		{51CE491C-E248-4C4B-B493-279EA854F66F}.Ad-Hoc|x64.ActiveCfg = Release|Any CPU
		{51CE491C-E248-4C4B-B493-279EA854F66F}.Ad-Hoc|x64.Build.0 = Release|Any CPU
		{51CE491C-E248-4C4B-B493-279EA854F66F}.Ad-Hoc|x86.ActiveCfg = Release|Any CPU
		{51CE491C-E248-4C4B-B493-279EA854F66F}.Ad-Hoc|x86.Build.0 = Release|Any CPU
		{51CE491C-E248-4C4B-B493-279EA854F66F}.AppStore|Any CPU.ActiveCfg = Release|Any CPU
		{51CE491C-E248-4C4B-B493-279EA854F66F}.AppStore|Any CPU.Build.0 = Release|Any CPU
		{51CE491C-E248-4C4B-B493-279EA854F66F}.AppStore|ARM.ActiveCfg = Release|Any CPU
		{51CE491C-E248-4C4B-B493-279EA854F66F}.AppStore|ARM.Build.0 = Release|Any CPU
		{51CE491C-E248-4C4B-B493-279EA854F66F}.AppStore|iPhone.ActiveCfg = Release|Any CPU
		{51CE491C-E248-4C4B-B493-279EA854F66F}.AppStore|iPhone.Build.0 = Release|Any CPU
		{51CE491C-E248-4C4B-B493-279EA854F66F}.AppStore|iPhoneSimulator.ActiveCfg = Release|Any CPU
		{51CE491C-E248-4C4B-B493-279EA854F66F}.AppStore|iPhoneSimulator.Build.0 = Release|Any CPU
		{51CE491C-E248-4C4B-B493-279EA854F66F}.AppStore|x64.ActiveCfg = Release|Any CPU
		{51CE491C-E248-4C4B-B493-279EA854F66F}.AppStore|x64.Build.0 = Release|Any CPU
		{51CE491C-E248-4C4B-B493-279EA854F66F}.AppStore|x86.ActiveCfg = Release|Any CPU
		{51CE491C-E248-4C4B-B493-279EA854F66F}.AppStore|x86.Build.0 = Release|Any CPU
		{51CE491C-E248-4C4B-B493-279EA854F66F}.Debug|Any CPU.ActiveCfg = Debug|Any CPU
		{51CE491C-E248-4C4B-B493-279EA854F66F}.Debug|Any CPU.Build.0 = Debug|Any CPU
		{51CE491C-E248-4C4B-B493-279EA854F66F}.Debug|ARM.ActiveCfg = Debug|Any CPU
		{51CE491C-E248-4C4B-B493-279EA854F66F}.Debug|ARM.Build.0 = Debug|Any CPU
		{51CE491C-E248-4C4B-B493-279EA854F66F}.Debug|iPhone.ActiveCfg = Debug|Any CPU
		{51CE491C-E248-4C4B-B493-279EA854F66F}.Debug|iPhone.Build.0 = Debug|Any CPU
		{51CE491C-E248-4C4B-B493-279EA854F66F}.Debug|iPhoneSimulator.ActiveCfg = Debug|Any CPU
		{51CE491C-E248-4C4B-B493-279EA854F66F}.Debug|iPhoneSimulator.Build.0 = Debug|Any CPU
		{51CE491C-E248-4C4B-B493-279EA854F66F}.Debug|x64.ActiveCfg = Debug|Any CPU
		{51CE491C-E248-4C4B-B493-279EA854F66F}.Debug|x64.Build.0 = Debug|Any CPU
		{51CE491C-E248-4C4B-B493-279EA854F66F}.Debug|x86.ActiveCfg = Debug|Any CPU
		{51CE491C-E248-4C4B-B493-279EA854F66F}.Debug|x86.Build.0 = Debug|Any CPU
		{51CE491C-E248-4C4B-B493-279EA854F66F}.Release|Any CPU.ActiveCfg = Release|Any CPU
		{51CE491C-E248-4C4B-B493-279EA854F66F}.Release|Any CPU.Build.0 = Release|Any CPU
		{51CE491C-E248-4C4B-B493-279EA854F66F}.Release|ARM.ActiveCfg = Release|Any CPU
		{51CE491C-E248-4C4B-B493-279EA854F66F}.Release|ARM.Build.0 = Release|Any CPU
		{51CE491C-E248-4C4B-B493-279EA854F66F}.Release|iPhone.ActiveCfg = Release|Any CPU
		{51CE491C-E248-4C4B-B493-279EA854F66F}.Release|iPhone.Build.0 = Release|Any CPU
		{51CE491C-E248-4C4B-B493-279EA854F66F}.Release|iPhoneSimulator.ActiveCfg = Release|Any CPU
		{51CE491C-E248-4C4B-B493-279EA854F66F}.Release|iPhoneSimulator.Build.0 = Release|Any CPU
		{51CE491C-E248-4C4B-B493-279EA854F66F}.Release|x64.ActiveCfg = Release|Any CPU
		{51CE491C-E248-4C4B-B493-279EA854F66F}.Release|x64.Build.0 = Release|Any CPU
		{51CE491C-E248-4C4B-B493-279EA854F66F}.Release|x86.ActiveCfg = Release|Any CPU
		{51CE491C-E248-4C4B-B493-279EA854F66F}.Release|x86.Build.0 = Release|Any CPU
		{C84E80C0-7035-4EC9-9C09-AA3E2D551DD4}.Ad-Hoc|Any CPU.ActiveCfg = Debug|Any CPU
		{C84E80C0-7035-4EC9-9C09-AA3E2D551DD4}.Ad-Hoc|Any CPU.Build.0 = Debug|Any CPU
		{C84E80C0-7035-4EC9-9C09-AA3E2D551DD4}.Ad-Hoc|Any CPU.Deploy.0 = Debug|Any CPU
		{C84E80C0-7035-4EC9-9C09-AA3E2D551DD4}.Ad-Hoc|ARM.ActiveCfg = Debug|Any CPU
		{C84E80C0-7035-4EC9-9C09-AA3E2D551DD4}.Ad-Hoc|ARM.Build.0 = Debug|Any CPU
		{C84E80C0-7035-4EC9-9C09-AA3E2D551DD4}.Ad-Hoc|ARM.Deploy.0 = Debug|Any CPU
		{C84E80C0-7035-4EC9-9C09-AA3E2D551DD4}.Ad-Hoc|iPhone.ActiveCfg = Debug|Any CPU
		{C84E80C0-7035-4EC9-9C09-AA3E2D551DD4}.Ad-Hoc|iPhone.Build.0 = Debug|Any CPU
		{C84E80C0-7035-4EC9-9C09-AA3E2D551DD4}.Ad-Hoc|iPhone.Deploy.0 = Debug|Any CPU
		{C84E80C0-7035-4EC9-9C09-AA3E2D551DD4}.Ad-Hoc|iPhoneSimulator.ActiveCfg = Debug|Any CPU
		{C84E80C0-7035-4EC9-9C09-AA3E2D551DD4}.Ad-Hoc|iPhoneSimulator.Build.0 = Debug|Any CPU
		{C84E80C0-7035-4EC9-9C09-AA3E2D551DD4}.Ad-Hoc|iPhoneSimulator.Deploy.0 = Debug|Any CPU
		{C84E80C0-7035-4EC9-9C09-AA3E2D551DD4}.Ad-Hoc|x64.ActiveCfg = Debug|Any CPU
		{C84E80C0-7035-4EC9-9C09-AA3E2D551DD4}.Ad-Hoc|x64.Build.0 = Debug|Any CPU
		{C84E80C0-7035-4EC9-9C09-AA3E2D551DD4}.Ad-Hoc|x64.Deploy.0 = Debug|Any CPU
		{C84E80C0-7035-4EC9-9C09-AA3E2D551DD4}.Ad-Hoc|x86.ActiveCfg = Debug|Any CPU
		{C84E80C0-7035-4EC9-9C09-AA3E2D551DD4}.Ad-Hoc|x86.Build.0 = Debug|Any CPU
		{C84E80C0-7035-4EC9-9C09-AA3E2D551DD4}.Ad-Hoc|x86.Deploy.0 = Debug|Any CPU
		{C84E80C0-7035-4EC9-9C09-AA3E2D551DD4}.AppStore|Any CPU.ActiveCfg = Debug|Any CPU
		{C84E80C0-7035-4EC9-9C09-AA3E2D551DD4}.AppStore|Any CPU.Build.0 = Debug|Any CPU
		{C84E80C0-7035-4EC9-9C09-AA3E2D551DD4}.AppStore|Any CPU.Deploy.0 = Debug|Any CPU
		{C84E80C0-7035-4EC9-9C09-AA3E2D551DD4}.AppStore|ARM.ActiveCfg = Debug|Any CPU
		{C84E80C0-7035-4EC9-9C09-AA3E2D551DD4}.AppStore|ARM.Build.0 = Debug|Any CPU
		{C84E80C0-7035-4EC9-9C09-AA3E2D551DD4}.AppStore|ARM.Deploy.0 = Debug|Any CPU
		{C84E80C0-7035-4EC9-9C09-AA3E2D551DD4}.AppStore|iPhone.ActiveCfg = Debug|Any CPU
		{C84E80C0-7035-4EC9-9C09-AA3E2D551DD4}.AppStore|iPhone.Build.0 = Debug|Any CPU
		{C84E80C0-7035-4EC9-9C09-AA3E2D551DD4}.AppStore|iPhone.Deploy.0 = Debug|Any CPU
		{C84E80C0-7035-4EC9-9C09-AA3E2D551DD4}.AppStore|iPhoneSimulator.ActiveCfg = Debug|Any CPU
		{C84E80C0-7035-4EC9-9C09-AA3E2D551DD4}.AppStore|iPhoneSimulator.Build.0 = Debug|Any CPU
		{C84E80C0-7035-4EC9-9C09-AA3E2D551DD4}.AppStore|iPhoneSimulator.Deploy.0 = Debug|Any CPU
		{C84E80C0-7035-4EC9-9C09-AA3E2D551DD4}.AppStore|x64.ActiveCfg = Debug|Any CPU
		{C84E80C0-7035-4EC9-9C09-AA3E2D551DD4}.AppStore|x64.Build.0 = Debug|Any CPU
		{C84E80C0-7035-4EC9-9C09-AA3E2D551DD4}.AppStore|x64.Deploy.0 = Debug|Any CPU
		{C84E80C0-7035-4EC9-9C09-AA3E2D551DD4}.AppStore|x86.ActiveCfg = Debug|Any CPU
		{C84E80C0-7035-4EC9-9C09-AA3E2D551DD4}.AppStore|x86.Build.0 = Debug|Any CPU
		{C84E80C0-7035-4EC9-9C09-AA3E2D551DD4}.AppStore|x86.Deploy.0 = Debug|Any CPU
		{C84E80C0-7035-4EC9-9C09-AA3E2D551DD4}.Debug|Any CPU.ActiveCfg = Debug|Any CPU
		{C84E80C0-7035-4EC9-9C09-AA3E2D551DD4}.Debug|Any CPU.Build.0 = Debug|Any CPU
		{C84E80C0-7035-4EC9-9C09-AA3E2D551DD4}.Debug|Any CPU.Deploy.0 = Debug|Any CPU
		{C84E80C0-7035-4EC9-9C09-AA3E2D551DD4}.Debug|ARM.ActiveCfg = Debug|Any CPU
		{C84E80C0-7035-4EC9-9C09-AA3E2D551DD4}.Debug|ARM.Build.0 = Debug|Any CPU
		{C84E80C0-7035-4EC9-9C09-AA3E2D551DD4}.Debug|ARM.Deploy.0 = Debug|Any CPU
		{C84E80C0-7035-4EC9-9C09-AA3E2D551DD4}.Debug|iPhone.ActiveCfg = Debug|Any CPU
		{C84E80C0-7035-4EC9-9C09-AA3E2D551DD4}.Debug|iPhone.Build.0 = Debug|Any CPU
		{C84E80C0-7035-4EC9-9C09-AA3E2D551DD4}.Debug|iPhone.Deploy.0 = Debug|Any CPU
		{C84E80C0-7035-4EC9-9C09-AA3E2D551DD4}.Debug|iPhoneSimulator.ActiveCfg = Debug|Any CPU
		{C84E80C0-7035-4EC9-9C09-AA3E2D551DD4}.Debug|iPhoneSimulator.Build.0 = Debug|Any CPU
		{C84E80C0-7035-4EC9-9C09-AA3E2D551DD4}.Debug|iPhoneSimulator.Deploy.0 = Debug|Any CPU
		{C84E80C0-7035-4EC9-9C09-AA3E2D551DD4}.Debug|x64.ActiveCfg = Debug|Any CPU
		{C84E80C0-7035-4EC9-9C09-AA3E2D551DD4}.Debug|x64.Build.0 = Debug|Any CPU
		{C84E80C0-7035-4EC9-9C09-AA3E2D551DD4}.Debug|x64.Deploy.0 = Debug|Any CPU
		{C84E80C0-7035-4EC9-9C09-AA3E2D551DD4}.Debug|x86.ActiveCfg = Debug|Any CPU
		{C84E80C0-7035-4EC9-9C09-AA3E2D551DD4}.Debug|x86.Build.0 = Debug|Any CPU
		{C84E80C0-7035-4EC9-9C09-AA3E2D551DD4}.Debug|x86.Deploy.0 = Debug|Any CPU
		{C84E80C0-7035-4EC9-9C09-AA3E2D551DD4}.Release|Any CPU.ActiveCfg = Release|Any CPU
		{C84E80C0-7035-4EC9-9C09-AA3E2D551DD4}.Release|Any CPU.Build.0 = Release|Any CPU
		{C84E80C0-7035-4EC9-9C09-AA3E2D551DD4}.Release|Any CPU.Deploy.0 = Release|Any CPU
		{C84E80C0-7035-4EC9-9C09-AA3E2D551DD4}.Release|ARM.ActiveCfg = Release|Any CPU
		{C84E80C0-7035-4EC9-9C09-AA3E2D551DD4}.Release|ARM.Build.0 = Release|Any CPU
		{C84E80C0-7035-4EC9-9C09-AA3E2D551DD4}.Release|ARM.Deploy.0 = Release|Any CPU
		{C84E80C0-7035-4EC9-9C09-AA3E2D551DD4}.Release|iPhone.ActiveCfg = Release|Any CPU
		{C84E80C0-7035-4EC9-9C09-AA3E2D551DD4}.Release|iPhone.Build.0 = Release|Any CPU
		{C84E80C0-7035-4EC9-9C09-AA3E2D551DD4}.Release|iPhone.Deploy.0 = Release|Any CPU
		{C84E80C0-7035-4EC9-9C09-AA3E2D551DD4}.Release|iPhoneSimulator.ActiveCfg = Release|Any CPU
		{C84E80C0-7035-4EC9-9C09-AA3E2D551DD4}.Release|iPhoneSimulator.Build.0 = Release|Any CPU
		{C84E80C0-7035-4EC9-9C09-AA3E2D551DD4}.Release|iPhoneSimulator.Deploy.0 = Release|Any CPU
		{C84E80C0-7035-4EC9-9C09-AA3E2D551DD4}.Release|x64.ActiveCfg = Release|Any CPU
		{C84E80C0-7035-4EC9-9C09-AA3E2D551DD4}.Release|x64.Build.0 = Release|Any CPU
		{C84E80C0-7035-4EC9-9C09-AA3E2D551DD4}.Release|x64.Deploy.0 = Release|Any CPU
		{C84E80C0-7035-4EC9-9C09-AA3E2D551DD4}.Release|x86.ActiveCfg = Release|Any CPU
		{C84E80C0-7035-4EC9-9C09-AA3E2D551DD4}.Release|x86.Build.0 = Release|Any CPU
		{C84E80C0-7035-4EC9-9C09-AA3E2D551DD4}.Release|x86.Deploy.0 = Release|Any CPU
	EndGlobalSection
	GlobalSection(SolutionProperties) = preSolution
		HideSolutionNode = FALSE
	EndGlobalSection
	GlobalSection(NestedProjects) = preSolution
		{7C5F116A-9F97-4C75-A75A-E6DC48C3D968} = {4958F175-82C8-487A-A19C-236B50FA7F0E}
		{A49B0CCF-626D-48AF-8638-933FFED3E4A6} = {B855EBA7-B3E9-4453-AF53-E0A035413810}
		{E6C06B90-AC81-4F16-8D2E-365BC40CBAAB} = {B855EBA7-B3E9-4453-AF53-E0A035413810}
		{C7FC42B4-D0D7-4201-AB84-678C6D46E503} = {B855EBA7-B3E9-4453-AF53-E0A035413810}
		{D875A62D-4784-4E1C-932E-B5A99652B45A} = {B855EBA7-B3E9-4453-AF53-E0A035413810}
		{11DFE9BA-73DC-4BF1-9AEC-33258E80AF06} = {4958F175-82C8-487A-A19C-236B50FA7F0E}
		{A721F12F-FEF0-4F6B-9353-65168A26F5A7} = {4958F175-82C8-487A-A19C-236B50FA7F0E}
		{289DE9DA-6FFD-4827-86D2-7B5F4C4460AA} = {4958F175-82C8-487A-A19C-236B50FA7F0E}
		{CFC6E779-3EC7-4789-927D-C929E65F7E23} = {A6260003-4FBC-4C12-BDDF-9A2D8A726A07}
		{51CE491C-E248-4C4B-B493-279EA854F66F} = {A6260003-4FBC-4C12-BDDF-9A2D8A726A07}
	EndGlobalSection
	GlobalSection(ExtensibilityGlobals) = postSolution
		SolutionGuid = {E8560F51-29F3-463E-8CBE-AA12F4B3E6DD}
	EndGlobalSection
EndGlobal
